lockfile_version: '1'
generated_at: '2026-07-11T15:12:29.772727+00:00'
apm_version: 0.23.1
dependencies:
- repo_url: mattpocock/skills
  name: skills
  host: github.com
  resolved_commit: 391a2701dd948f94f56a39f7533f8eea9a859c87
  version: unknown
  virtual_path: skills/productivity/grill-me
  is_virtual: true
  package_type: claude_skill
  deployed_files:
  - .agents/skills/grill-me
  - .agents/skills/grill-me/SKILL.md
  - .claude/skills/grill-me
  - .claude/skills/grill-me/SKILL.md
  deployed_file_hashes:
    .agents/skills/grill-me/SKILL.md: sha256:6189dfceb7304a6e5558f75d87e68fa3bc7fcf7ba120e44f21f8a61fe01eba54
    .claude/skills/grill-me/SKILL.md: sha256:6189dfceb7304a6e5558f75d87e68fa3bc7fcf7ba120e44f21f8a61fe01eba54
  content_hash: sha256:f321507f77702a54af1db66549ec1685fc625390d06c57d7949cdcda8eb1b5c7
- repo_url: mattpocock/skills
  name: skills
  host: github.com
  resolved_commit: 391a2701dd948f94f56a39f7533f8eea9a859c87
  version: unknown
  virtual_path: skills/productivity/grilling
  is_virtual: true
  package_type: claude_skill
  deployed_files:
  - .agents/skills/grilling
  - .agents/skills/grilling/SKILL.md
  - .claude/skills/grilling
  - .claude/skills/grilling/SKILL.md
  deployed_file_hashes:
    .agents/skills/grilling/SKILL.md: sha256:5a35925d03a391bcfa46940868b649b72dba89ec9c19525e785bbb6bd3a7f478
    .claude/skills/grilling/SKILL.md: sha256:5a35925d03a391bcfa46940868b649b72dba89ec9c19525e785bbb6bd3a7f478
  content_hash: sha256:1de9e777a60b184b29412fadacb7bbde8c14bb7037e5c4d9d086c941281d1742
- repo_url: mizchi/skills
  name: skills
  host: github.com
  resolved_commit: 5aaf2d126a04a8b079fd5184eb1860f232afffd3
  version: unknown
  virtual_path: meta/empirical-prompt-tuning
  is_virtual: true
  package_type: claude_skill
  deployed_files:
  - .agents/skills/empirical-prompt-tuning
  - .agents/skills/empirical-prompt-tuning/README.md
  - .agents/skills/empirical-prompt-tuning/SKILL-ja.md
  - .agents/skills/empirical-prompt-tuning/SKILL.md
  - .claude/skills/empirical-prompt-tuning
  - .claude/skills/empirical-prompt-tuning/README.md
  - .claude/skills/empirical-prompt-tuning/SKILL-ja.md
  - .claude/skills/empirical-prompt-tuning/SKILL.md
  deployed_file_hashes:
    .agents/skills/empirical-prompt-tuning/README.md: sha256:c7db7d27122bcffe416e5607700a7cd1778cad260d3e104c5bb6da7b7f976b3d
    .agents/skills/empirical-prompt-tuning/SKILL-ja.md: sha256:0a38d830802c2e08a7faca13928fedf6911e00b896946b4b03910d662de6dea5
    .agents/skills/empirical-prompt-tuning/SKILL.md: sha256:252418e7ef022981d2dda2e3ec57fa1c786d30af68c50b7e062edf1d7361b0cb
    .claude/skills/empirical-prompt-tuning/README.md: sha256:c7db7d27122bcffe416e5607700a7cd1778cad260d3e104c5bb6da7b7f976b3d
    .claude/skills/empirical-prompt-tuning/SKILL-ja.md: sha256:0a38d830802c2e08a7faca13928fedf6911e00b896946b4b03910d662de6dea5
    .claude/skills/empirical-prompt-tuning/SKILL.md: sha256:252418e7ef022981d2dda2e3ec57fa1c786d30af68c50b7e062edf1d7361b0cb
  content_hash: sha256:20e7fba93c7267ba6e3a7b27787ca49191b762dffcfb804b01da9183b1b0c891
- repo_url: refoundai/lenny-skills
  name: lenny-skills
  host: github.com
  resolved_commit: 280a57aa42fed3b6f35f51f0d9e71013b4c8ae74
  version: unknown
  package_type: skill_bundle
  deployed_files:
  - .agents/skills/running-decision-processes
  - .agents/skills/running-decision-processes/SKILL.md
  - .agents/skills/running-decision-processes/references/guest-insights.md
  - .claude/skills/running-decision-processes
  - .claude/skills/running-decision-processes/SKILL.md
  - .claude/skills/running-decision-processes/references/guest-insights.md
  deployed_file_hashes:
    .agents/skills/running-decision-processes/SKILL.md: sha256:402bf4041e8d780c0132440a26ad0d08ba78e4c2e75d3e229fea803f611c8355
    .agents/skills/running-decision-processes/references/guest-insights.md: sha256:8916d5e4afd592ded87c0488f24d5031c08c83a6872a0a955b80fdb6bbea0269
    .claude/skills/running-decision-processes/SKILL.md: sha256:402bf4041e8d780c0132440a26ad0d08ba78e4c2e75d3e229fea803f611c8355
    .claude/skills/running-decision-processes/references/guest-insights.md: sha256:8916d5e4afd592ded87c0488f24d5031c08c83a6872a0a955b80fdb6bbea0269
  content_hash: sha256:a7aba44b1d9284986d163e564306303271d581ab2624161993dfd2618b30030f
  skill_subset:
  - running-decision-processes
- repo_url: zawa-kyo/skills
  name: zawa-kyo-skills
  host: github.com
  resolved_commit: f23ee2b906ce0525949c63b0cdc797ff0b4ee54c
  version: 0.1.0
  package_type: apm_package
  content_hash: sha256:d80683ec089c4bd2e34c1b59513b721499a2ef5c80fcab9a3208fdf250ad75d4
- repo_url: zawa-kyo/skills
  name: bootstrap-repo-docs
  host: github.com
  resolved_commit: f23ee2b906ce0525949c63b0cdc797ff0b4ee54c
  version: 1.0.0
  virtual_path: dev/bootstrap-repo-docs
  is_virtual: true
  depth: 2
  resolved_by: zawa-kyo/skills
  package_type: claude_skill
  deployed_files:
  - .agents/skills/bootstrap-repo-docs
  - .agents/skills/bootstrap-repo-docs/SKILL-ja.md
  - .agents/skills/bootstrap-repo-docs/SKILL.md
  - .agents/skills/bootstrap-repo-docs/agents/openai.yaml
  - .claude/skills/bootstrap-repo-docs
  - .claude/skills/bootstrap-repo-docs/SKILL-ja.md
  - .claude/skills/bootstrap-repo-docs/SKILL.md
  - .claude/skills/bootstrap-repo-docs/agents/openai.yaml
  deployed_file_hashes:
    .agents/skills/bootstrap-repo-docs/SKILL-ja.md: sha256:015539233365ba8b9f2ca2bc25cb6969e26fa06b75f70853cc6a72158beb09f3
    .agents/skills/bootstrap-repo-docs/SKILL.md: sha256:31e7c0182157007e1914c74b8621d7d573ab2f6e7e6b09245c297169dc81b3d0
    .agents/skills/bootstrap-repo-docs/agents/openai.yaml: sha256:5a2c53ae45e0a8902d5767933b059c5a9fb8eb9c9a906b89fb353a3e8df9cbfe
    .claude/skills/bootstrap-repo-docs/SKILL-ja.md: sha256:015539233365ba8b9f2ca2bc25cb6969e26fa06b75f70853cc6a72158beb09f3
    .claude/skills/bootstrap-repo-docs/SKILL.md: sha256:31e7c0182157007e1914c74b8621d7d573ab2f6e7e6b09245c297169dc81b3d0
    .claude/skills/bootstrap-repo-docs/agents/openai.yaml: sha256:5a2c53ae45e0a8902d5767933b059c5a9fb8eb9c9a906b89fb353a3e8df9cbfe
  content_hash: sha256:d4e61b6c2bbe52d8aeb920bfd5fe4dfc2d37b00538450d814b715e33d976528d
- repo_url: zawa-kyo/skills
  name: guide-unit-tests
  host: github.com
  resolved_commit: f23ee2b906ce0525949c63b0cdc797ff0b4ee54c
  version: 1.0.0
  virtual_path: dev/guide-unit-tests
  is_virtual: true
  depth: 2
  resolved_by: zawa-kyo/skills
  package_type: claude_skill
  deployed_files:
  - .agents/skills/guide-unit-tests
  - .agents/skills/guide-unit-tests/SKILL-ja.md
  - .agents/skills/guide-unit-tests/SKILL.md
  - .agents/skills/guide-unit-tests/agents/openai.yaml
  - .agents/skills/guide-unit-tests/maintenance-ja/design.md
  - .agents/skills/guide-unit-tests/maintenance-ja/rule-index.md
  - .agents/skills/guide-unit-tests/maintenance-ja/sources.md
  - .agents/skills/guide-unit-tests/maintenance/design.md
  - .agents/skills/guide-unit-tests/maintenance/rule-index.md
  - .agents/skills/guide-unit-tests/maintenance/sources.md
  - .agents/skills/guide-unit-tests/references-ja/01-purpose.md
  - .agents/skills/guide-unit-tests/references-ja/02-context.md
  - .agents/skills/guide-unit-tests/references-ja/03-test-strategy.md
  - .agents/skills/guide-unit-tests/references-ja/04-test-design.md
  - .agents/skills/guide-unit-tests/references-ja/05-implementation.md
  - .agents/skills/guide-unit-tests/references-ja/06-self-review.md
  - .agents/skills/guide-unit-tests/references/01-purpose.md
  - .agents/skills/guide-unit-tests/references/02-context.md
  - .agents/skills/guide-unit-tests/references/03-test-strategy.md
  - .agents/skills/guide-unit-tests/references/04-test-design.md
  - .agents/skills/guide-unit-tests/references/05-implementation.md
  - .agents/skills/guide-unit-tests/references/06-self-review.md
  - .claude/skills/guide-unit-tests
  - .claude/skills/guide-unit-tests/SKILL-ja.md
  - .claude/skills/guide-unit-tests/SKILL.md
  - .claude/skills/guide-unit-tests/agents/openai.yaml
  - .claude/skills/guide-unit-tests/maintenance-ja/design.md
  - .claude/skills/guide-unit-tests/maintenance-ja/rule-index.md
  - .claude/skills/guide-unit-tests/maintenance-ja/sources.md
  - .claude/skills/guide-unit-tests/maintenance/design.md
  - .claude/skills/guide-unit-tests/maintenance/rule-index.md
  - .claude/skills/guide-unit-tests/maintenance/sources.md
  - .claude/skills/guide-unit-tests/references-ja/01-purpose.md
  - .claude/skills/guide-unit-tests/references-ja/02-context.md
  - .claude/skills/guide-unit-tests/references-ja/03-test-strategy.md
  - .claude/skills/guide-unit-tests/references-ja/04-test-design.md
  - .claude/skills/guide-unit-tests/references-ja/05-implementation.md
  - .claude/skills/guide-unit-tests/references-ja/06-self-review.md
  - .claude/skills/guide-unit-tests/references/01-purpose.md
  - .claude/skills/guide-unit-tests/references/02-context.md
  - .claude/skills/guide-unit-tests/references/03-test-strategy.md
  - .claude/skills/guide-unit-tests/references/04-test-design.md
  - .claude/skills/guide-unit-tests/references/05-implementation.md
  - .claude/skills/guide-unit-tests/references/06-self-review.md
  deployed_file_hashes:
    .agents/skills/guide-unit-tests/SKILL-ja.md: sha256:50d280c05c538150b91547b07e70b7e6fb67a2843100aa78e50afa81c056ee8d
    .agents/skills/guide-unit-tests/SKILL.md: sha256:48bbcdc4a37c2d6b18046ad4567498600081dad383de69b8f8bb07215b0022eb
    .agents/skills/guide-unit-tests/agents/openai.yaml: sha256:716887fb9e0f9283e94a31517a97794faaefa610363f9a6a0c80b759f8bb14b1
    .agents/skills/guide-unit-tests/maintenance-ja/design.md: sha256:4e8d0ec2ecb7290702022ef75166043a5de5e263f015d7a9df936926e1a45cdb
    .agents/skills/guide-unit-tests/maintenance-ja/rule-index.md: sha256:ae087d04514a37ccf33f07970422ee282a20dafea689892cc8badb6d2a7a46e2
    .agents/skills/guide-unit-tests/maintenance-ja/sources.md: sha256:4b0c09f1e7d532ea96109f10a7ef7baf22f079e10d1dedb3a000cc0411b16618
    .agents/skills/guide-unit-tests/maintenance/design.md: sha256:c039c67739d2999817017a2eea6f78820dd2c1ecedcde5be35b67dbea0c98ecd
    .agents/skills/guide-unit-tests/maintenance/rule-index.md: sha256:26acfda6ff7952cac1a3f849b7ed6f795838d8616b74901f187564c360e21ea0
    .agents/skills/guide-unit-tests/maintenance/sources.md: sha256:00547a66e8f5d5dd32172867771fc7f72777ea8eabbf8bb97e6953fb1857bb83
    .agents/skills/guide-unit-tests/references-ja/01-purpose.md: sha256:27ede96085d3fe0d8d9a7a5982ec782fcbadc50bed9004ca8c3ce71a321fa5bd
    .agents/skills/guide-unit-tests/references-ja/02-context.md: sha256:142010e60f0cb23fe6c75d4bda909d2cc7bf00d9a59ecf8f936f37641b1a1810
    .agents/skills/guide-unit-tests/references-ja/03-test-strategy.md: sha256:7a6d959f74972762d65b95cc9b88d4a0897e5533acf434c89da0f4bf31f56d05
    .agents/skills/guide-unit-tests/references-ja/04-test-design.md: sha256:57752907065f7ff391fc589e0b5ead612c45caed1eb438157ea564b3723efa4f
    .agents/skills/guide-unit-tests/references-ja/05-implementation.md: sha256:ca33dac5495c7dc49103f4e545de56560d0d2b294e6d652c7072dab8c54340cd
    .agents/skills/guide-unit-tests/references-ja/06-self-review.md: sha256:266b698346817a2dd2febbefdbc06ebc413469190377851c0140976e03afffc4
    .agents/skills/guide-unit-tests/references/01-purpose.md: sha256:fe5404f92564818954911c6d103adabc26f30fab310a9e598c5830d0e21a8f80
    .agents/skills/guide-unit-tests/references/02-context.md: sha256:e16954c98bd3ce2fbcd2d1036bce76d9f968ef3c51be66e24b073c16e923ebe4
    .agents/skills/guide-unit-tests/references/03-test-strategy.md: sha256:60aff121a6d1eac0f0fc38bfe79060737fb9dc88d38e75db912441c6cdfe4c08
    .agents/skills/guide-unit-tests/references/04-test-design.md: sha256:ff8b6ea0d1fbc903d48b3d4156858f9defe368c5d9585c7329cd82fb8dd0ae4f
    .agents/skills/guide-unit-tests/references/05-implementation.md: sha256:af3ba88930ff7aedcbe64ff4f2c7c53cded3e4f72c2ba7e820db6e76a6badcab
    .agents/skills/guide-unit-tests/references/06-self-review.md: sha256:93597c3e941ad615ee6c22e12d90f38dae841b3c0c756eb2ef530123a17326ab
    .claude/skills/guide-unit-tests/SKILL-ja.md: sha256:50d280c05c538150b91547b07e70b7e6fb67a2843100aa78e50afa81c056ee8d
    .claude/skills/guide-unit-tests/SKILL.md: sha256:48bbcdc4a37c2d6b18046ad4567498600081dad383de69b8f8bb07215b0022eb
    .claude/skills/guide-unit-tests/agents/openai.yaml: sha256:716887fb9e0f9283e94a31517a97794faaefa610363f9a6a0c80b759f8bb14b1
    .claude/skills/guide-unit-tests/maintenance-ja/design.md: sha256:4e8d0ec2ecb7290702022ef75166043a5de5e263f015d7a9df936926e1a45cdb
    .claude/skills/guide-unit-tests/maintenance-ja/rule-index.md: sha256:ae087d04514a37ccf33f07970422ee282a20dafea689892cc8badb6d2a7a46e2
    .claude/skills/guide-unit-tests/maintenance-ja/sources.md: sha256:4b0c09f1e7d532ea96109f10a7ef7baf22f079e10d1dedb3a000cc0411b16618
    .claude/skills/guide-unit-tests/maintenance/design.md: sha256:c039c67739d2999817017a2eea6f78820dd2c1ecedcde5be35b67dbea0c98ecd
    .claude/skills/guide-unit-tests/maintenance/rule-index.md: sha256:26acfda6ff7952cac1a3f849b7ed6f795838d8616b74901f187564c360e21ea0
    .claude/skills/guide-unit-tests/maintenance/sources.md: sha256:00547a66e8f5d5dd32172867771fc7f72777ea8eabbf8bb97e6953fb1857bb83
    .claude/skills/guide-unit-tests/references-ja/01-purpose.md: sha256:27ede96085d3fe0d8d9a7a5982ec782fcbadc50bed9004ca8c3ce71a321fa5bd
    .claude/skills/guide-unit-tests/references-ja/02-context.md: sha256:142010e60f0cb23fe6c75d4bda909d2cc7bf00d9a59ecf8f936f37641b1a1810
    .claude/skills/guide-unit-tests/references-ja/03-test-strategy.md: sha256:7a6d959f74972762d65b95cc9b88d4a0897e5533acf434c89da0f4bf31f56d05
    .claude/skills/guide-unit-tests/references-ja/04-test-design.md: sha256:57752907065f7ff391fc589e0b5ead612c45caed1eb438157ea564b3723efa4f
    .claude/skills/guide-unit-tests/references-ja/05-implementation.md: sha256:ca33dac5495c7dc49103f4e545de56560d0d2b294e6d652c7072dab8c54340cd
    .claude/skills/guide-unit-tests/references-ja/06-self-review.md: sha256:266b698346817a2dd2febbefdbc06ebc413469190377851c0140976e03afffc4
    .claude/skills/guide-unit-tests/references/01-purpose.md: sha256:fe5404f92564818954911c6d103adabc26f30fab310a9e598c5830d0e21a8f80
    .claude/skills/guide-unit-tests/references/02-context.md: sha256:e16954c98bd3ce2fbcd2d1036bce76d9f968ef3c51be66e24b073c16e923ebe4
    .claude/skills/guide-unit-tests/references/03-test-strategy.md: sha256:60aff121a6d1eac0f0fc38bfe79060737fb9dc88d38e75db912441c6cdfe4c08
    .claude/skills/guide-unit-tests/references/04-test-design.md: sha256:ff8b6ea0d1fbc903d48b3d4156858f9defe368c5d9585c7329cd82fb8dd0ae4f
    .claude/skills/guide-unit-tests/references/05-implementation.md: sha256:af3ba88930ff7aedcbe64ff4f2c7c53cded3e4f72c2ba7e820db6e76a6badcab
    .claude/skills/guide-unit-tests/references/06-self-review.md: sha256:93597c3e941ad615ee6c22e12d90f38dae841b3c0c756eb2ef530123a17326ab
  content_hash: sha256:1761361070452117d1a115b32463e74818fdac2644b3478700e2f2ffe3b915ef
- repo_url: zawa-kyo/skills
  name: review-essential-code
  host: github.com
  resolved_commit: f23ee2b906ce0525949c63b0cdc797ff0b4ee54c
  version: 0.1.0
  virtual_path: dev/review-essential-code
  is_virtual: true
  depth: 2
  resolved_by: zawa-kyo/skills
  package_type: hybrid
  deployed_files:
  - .agents/skills/review-essential-code
  - .agents/skills/review-essential-code/SKILL-ja.md
  - .agents/skills/review-essential-code/SKILL.md
  - .agents/skills/review-essential-code/agents/openai.yaml
  - .agents/skills/review-essential-code/apm.yml
  - .claude/skills/review-essential-code
  - .claude/skills/review-essential-code/SKILL-ja.md
  - .claude/skills/review-essential-code/SKILL.md
  - .claude/skills/review-essential-code/agents/openai.yaml
  - .claude/skills/review-essential-code/apm.yml
  deployed_file_hashes:
    .agents/skills/review-essential-code/SKILL-ja.md: sha256:2660e161779504b1b323835772a550f5ccba3e72b31ff820a5f30ea8538bca0c
    .agents/skills/review-essential-code/SKILL.md: sha256:a4b232434f35cf7d0ec0a405ead0cdde71969f0826eb2fb8d85ad635db3a9444
    .agents/skills/review-essential-code/agents/openai.yaml: sha256:efebbb0626d7b020b9c0c62f9a9809e4711183d7b731a6f75d130dcbecab3967
    .agents/skills/review-essential-code/apm.yml: sha256:2fe94ad35331d7e2711a320bad0f71e4ca6e91ee7b0698a4a487fa2a381e31fe
    .claude/skills/review-essential-code/SKILL-ja.md: sha256:2660e161779504b1b323835772a550f5ccba3e72b31ff820a5f30ea8538bca0c
    .claude/skills/review-essential-code/SKILL.md: sha256:a4b232434f35cf7d0ec0a405ead0cdde71969f0826eb2fb8d85ad635db3a9444
    .claude/skills/review-essential-code/agents/openai.yaml: sha256:efebbb0626d7b020b9c0c62f9a9809e4711183d7b731a6f75d130dcbecab3967
    .claude/skills/review-essential-code/apm.yml: sha256:2fe94ad35331d7e2711a320bad0f71e4ca6e91ee7b0698a4a487fa2a381e31fe
  content_hash: sha256:833bb408a470fe3a913075c7de35d9a40c39c28bb7049c927ca24e0c310d2746
  declared_license: MIT
- repo_url: zawa-kyo/skills
  name: suggest-commit-messages
  host: github.com
  resolved_commit: f23ee2b906ce0525949c63b0cdc797ff0b4ee54c
  version: 1.0.0
  virtual_path: dev/suggest-commit-messages
  is_virtual: true
  depth: 2
  resolved_by: zawa-kyo/skills
  package_type: claude_skill
  deployed_files:
  - .agents/skills/suggest-commit-messages
  - .agents/skills/suggest-commit-messages/SKILL-ja.md
  - .agents/skills/suggest-commit-messages/SKILL.md
  - .agents/skills/suggest-commit-messages/agents/openai.yaml
  - .claude/skills/suggest-commit-messages
  - .claude/skills/suggest-commit-messages/SKILL-ja.md
  - .claude/skills/suggest-commit-messages/SKILL.md
  - .claude/skills/suggest-commit-messages/agents/openai.yaml
  deployed_file_hashes:
    .agents/skills/suggest-commit-messages/SKILL-ja.md: sha256:9c3391a770f24fa7504ed846a42e942323855823fbed598c6dfea3d3df2533b2
    .agents/skills/suggest-commit-messages/SKILL.md: sha256:49d468a6a3b5fb54571cd448321524db54441b95ed6bcb10998a1f3469c38450
    .agents/skills/suggest-commit-messages/agents/openai.yaml: sha256:563387fbcbc5b827ffa36edc034be437a88b18f9e94713264fa29feca0d341be
    .claude/skills/suggest-commit-messages/SKILL-ja.md: sha256:9c3391a770f24fa7504ed846a42e942323855823fbed598c6dfea3d3df2533b2
    .claude/skills/suggest-commit-messages/SKILL.md: sha256:49d468a6a3b5fb54571cd448321524db54441b95ed6bcb10998a1f3469c38450
    .claude/skills/suggest-commit-messages/agents/openai.yaml: sha256:563387fbcbc5b827ffa36edc034be437a88b18f9e94713264fa29feca0d341be
  content_hash: sha256:75bf08f26a12ed865686e5ccc3bd352fc7c54891616e6d6288a897e244465a07
- repo_url: zawa-kyo/skills
  name: skills
  host: github.com
  resolved_commit: f23ee2b906ce0525949c63b0cdc797ff0b4ee54c
  version: unknown
  virtual_path: thinking/refine-reasoning-logic
  is_virtual: true
  depth: 2
  resolved_by: zawa-kyo/skills
  package_type: claude_skill
  deployed_files:
  - .agents/skills/refine-reasoning-logic
  - .agents/skills/refine-reasoning-logic/SKILL-ja.md
  - .agents/skills/refine-reasoning-logic/SKILL.md
  - .agents/skills/refine-reasoning-logic/agents/openai.yaml
  - .claude/skills/refine-reasoning-logic
  - .claude/skills/refine-reasoning-logic/SKILL-ja.md
  - .claude/skills/refine-reasoning-logic/SKILL.md
  - .claude/skills/refine-reasoning-logic/agents/openai.yaml
  deployed_file_hashes:
    .agents/skills/refine-reasoning-logic/SKILL-ja.md: sha256:ef42d24295a56efd711e66495d309d5a534bf187e134a47c4f92714dfc5189dc
    .agents/skills/refine-reasoning-logic/SKILL.md: sha256:2e0d160cdc0a4fbd58c5b9ecf573343e5ee133d58235bf76f351c306b2c5a381
    .agents/skills/refine-reasoning-logic/agents/openai.yaml: sha256:0f02a4a783a6db60c9a3b8b45967eb9bfc0748870377bc571af120f03b970ad2
    .claude/skills/refine-reasoning-logic/SKILL-ja.md: sha256:ef42d24295a56efd711e66495d309d5a534bf187e134a47c4f92714dfc5189dc
    .claude/skills/refine-reasoning-logic/SKILL.md: sha256:2e0d160cdc0a4fbd58c5b9ecf573343e5ee133d58235bf76f351c306b2c5a381
    .claude/skills/refine-reasoning-logic/agents/openai.yaml: sha256:0f02a4a783a6db60c9a3b8b45967eb9bfc0748870377bc571af120f03b970ad2
  content_hash: sha256:2873a9ca10f43794395cc20dc0bf9a4ef190579a5f04a088c268a291a23f85a4
- repo_url: zawa-kyo/skills
  name: edit-existing-document
  host: github.com
  resolved_commit: f23ee2b906ce0525949c63b0cdc797ff0b4ee54c
  version: 0.1.0
  virtual_path: writing/edit-existing-document
  is_virtual: true
  depth: 2
  resolved_by: zawa-kyo/skills
  package_type: hybrid
  deployed_files:
  - .agents/skills/edit-existing-document
  - .agents/skills/edit-existing-document/SKILL-ja.md
  - .agents/skills/edit-existing-document/SKILL.md
  - .agents/skills/edit-existing-document/agents/openai.yaml
  - .agents/skills/edit-existing-document/apm.yml
  - .claude/skills/edit-existing-document
  - .claude/skills/edit-existing-document/SKILL-ja.md
  - .claude/skills/edit-existing-document/SKILL.md
  - .claude/skills/edit-existing-document/agents/openai.yaml
  - .claude/skills/edit-existing-document/apm.yml
  deployed_file_hashes:
    .agents/skills/edit-existing-document/SKILL-ja.md: sha256:1254f1b1e6ae4e98fb4e75437c43e0620fe7e29eb8921ce8202aa3e675f8801b
    .agents/skills/edit-existing-document/SKILL.md: sha256:68babd570ee60c7d8a73db850426527c9a8f782513d9a17ceb6fad4224746699
    .agents/skills/edit-existing-document/agents/openai.yaml: sha256:8092cbbfa847cc068b9437f1a5a60909ec3f711b662bed438673daf477381ebc
    .agents/skills/edit-existing-document/apm.yml: sha256:cc46bd6f9fb10bd552a18952c387e927d419898e528bf4fe96f7bd0d369fc205
    .claude/skills/edit-existing-document/SKILL-ja.md: sha256:1254f1b1e6ae4e98fb4e75437c43e0620fe7e29eb8921ce8202aa3e675f8801b
    .claude/skills/edit-existing-document/SKILL.md: sha256:68babd570ee60c7d8a73db850426527c9a8f782513d9a17ceb6fad4224746699
    .claude/skills/edit-existing-document/agents/openai.yaml: sha256:8092cbbfa847cc068b9437f1a5a60909ec3f711b662bed438673daf477381ebc
    .claude/skills/edit-existing-document/apm.yml: sha256:cc46bd6f9fb10bd552a18952c387e927d419898e528bf4fe96f7bd0d369fc205
  content_hash: sha256:5373d2bcd0b158ebe9604be5cd9ec05b6cf249a1b7124e5890632ba14eab8446
- repo_url: zawa-kyo/skills
  name: revise-english-writing
  host: github.com
  resolved_commit: f23ee2b906ce0525949c63b0cdc797ff0b4ee54c
  version: 0.1.0
  virtual_path: writing/revise-english-writing
  is_virtual: true
  depth: 2
  resolved_by: zawa-kyo/skills
  package_type: hybrid
  deployed_files:
  - .agents/skills/revise-english-writing
  - .agents/skills/revise-english-writing/SKILL-ja.md
  - .agents/skills/revise-english-writing/SKILL.md
  - .agents/skills/revise-english-writing/agents/openai.yaml
  - .agents/skills/revise-english-writing/apm.yml
  - .claude/skills/revise-english-writing
  - .claude/skills/revise-english-writing/SKILL-ja.md
  - .claude/skills/revise-english-writing/SKILL.md
  - .claude/skills/revise-english-writing/agents/openai.yaml
  - .claude/skills/revise-english-writing/apm.yml
  deployed_file_hashes:
    .agents/skills/revise-english-writing/SKILL-ja.md: sha256:227231d701788c91088997904ed11bf7b5cbec3a4eb6d0032cb168f617d3ba1d
    .agents/skills/revise-english-writing/SKILL.md: sha256:8073e83e8aea65288a54d927d01d9c87f2db872612a79e84bed29bacd58f5789
    .agents/skills/revise-english-writing/agents/openai.yaml: sha256:c886479fec2bad3a4cd22f284e792d525b1f622e0d3496dbbf5db6ac4334c450
    .agents/skills/revise-english-writing/apm.yml: sha256:28d312b8f337423739aa5498601118d564d13321685ac7053624b9dc5b266ffb
    .claude/skills/revise-english-writing/SKILL-ja.md: sha256:227231d701788c91088997904ed11bf7b5cbec3a4eb6d0032cb168f617d3ba1d
    .claude/skills/revise-english-writing/SKILL.md: sha256:8073e83e8aea65288a54d927d01d9c87f2db872612a79e84bed29bacd58f5789
    .claude/skills/revise-english-writing/agents/openai.yaml: sha256:c886479fec2bad3a4cd22f284e792d525b1f622e0d3496dbbf5db6ac4334c450
    .claude/skills/revise-english-writing/apm.yml: sha256:28d312b8f337423739aa5498601118d564d13321685ac7053624b9dc5b266ffb
  content_hash: sha256:3c865da6d15d60a83658a826a3e6f088783bd9ecfbd8a573b34a059258005fae
- repo_url: zawa-kyo/skills
  name: revise-japanese-writing
  host: github.com
  resolved_commit: f23ee2b906ce0525949c63b0cdc797ff0b4ee54c
  version: 1.0.0
  virtual_path: writing/revise-japanese-writing
  is_virtual: true
  depth: 2
  resolved_by: zawa-kyo/skills
  package_type: claude_skill
  deployed_files:
  - .agents/skills/revise-japanese-writing
  - .agents/skills/revise-japanese-writing/SKILL-ja.md
  - .agents/skills/revise-japanese-writing/SKILL.md
  - .agents/skills/revise-japanese-writing/agents/openai.yaml
  - .agents/skills/revise-japanese-writing/references/idea.md
  - .claude/skills/revise-japanese-writing
  - .claude/skills/revise-japanese-writing/SKILL-ja.md
  - .claude/skills/revise-japanese-writing/SKILL.md
  - .claude/skills/revise-japanese-writing/agents/openai.yaml
  - .claude/skills/revise-japanese-writing/references/idea.md
  deployed_file_hashes:
    .agents/skills/revise-japanese-writing/SKILL-ja.md: sha256:5958cfb853b8c2a29ca5f8fcf1060f96164d00a303a559750127239c1ada8e73
    .agents/skills/revise-japanese-writing/SKILL.md: sha256:1692d91eeb94afb24bc4a7be4ded0c1a3b2feb5b2de4954f39615650e0d59c8a
    .agents/skills/revise-japanese-writing/agents/openai.yaml: sha256:9fb8551e2c4c25e3ffb25341614a263b9ac78fc78db208b92574cc0f89a4914d
    .agents/skills/revise-japanese-writing/references/idea.md: sha256:7ad6a17514dbc3ba21c0483cf68af57e00256b26bf717a15e10108f66530f04a
    .claude/skills/revise-japanese-writing/SKILL-ja.md: sha256:5958cfb853b8c2a29ca5f8fcf1060f96164d00a303a559750127239c1ada8e73
    .claude/skills/revise-japanese-writing/SKILL.md: sha256:1692d91eeb94afb24bc4a7be4ded0c1a3b2feb5b2de4954f39615650e0d59c8a
    .claude/skills/revise-japanese-writing/agents/openai.yaml: sha256:9fb8551e2c4c25e3ffb25341614a263b9ac78fc78db208b92574cc0f89a4914d
    .claude/skills/revise-japanese-writing/references/idea.md: sha256:7ad6a17514dbc3ba21c0483cf68af57e00256b26bf717a15e10108f66530f04a
  content_hash: sha256:a1c84c11f3c096aa85c2c822b42955363833a0f395a3e471a91a5ae219d5bfdd
- repo_url: zawa-kyo/skills
  name: summarize-discussion-coherently
  host: github.com
  resolved_commit: f23ee2b906ce0525949c63b0cdc797ff0b4ee54c
  version: 1.0.0
  virtual_path: writing/summarize-discussion-coherently
  is_virtual: true
  depth: 2
  resolved_by: zawa-kyo/skills
  package_type: claude_skill
  deployed_files:
  - .agents/skills/summarize-discussion-coherently
  - .agents/skills/summarize-discussion-coherently/SKILL-ja.md
  - .agents/skills/summarize-discussion-coherently/SKILL.md
  - .agents/skills/summarize-discussion-coherently/agents/openai.yaml
  - .claude/skills/summarize-discussion-coherently
  - .claude/skills/summarize-discussion-coherently/SKILL-ja.md
  - .claude/skills/summarize-discussion-coherently/SKILL.md
  - .claude/skills/summarize-discussion-coherently/agents/openai.yaml
  deployed_file_hashes:
    .agents/skills/summarize-discussion-coherently/SKILL-ja.md: sha256:dbef87d7ba102b990eeb2fa9de2cce1ac24870604d9983773927861683cb5280
    .agents/skills/summarize-discussion-coherently/SKILL.md: sha256:79e982651c71790cb11bb939284b7e0fe600427e2bd18eb7139fedbe55a483d9
    .agents/skills/summarize-discussion-coherently/agents/openai.yaml: sha256:1d14c160d7fdeb8cd2d39864643d1bfca7c898963c50845da78c1cb377ada756
    .claude/skills/summarize-discussion-coherently/SKILL-ja.md: sha256:dbef87d7ba102b990eeb2fa9de2cce1ac24870604d9983773927861683cb5280
    .claude/skills/summarize-discussion-coherently/SKILL.md: sha256:79e982651c71790cb11bb939284b7e0fe600427e2bd18eb7139fedbe55a483d9
    .claude/skills/summarize-discussion-coherently/agents/openai.yaml: sha256:1d14c160d7fdeb8cd2d39864643d1bfca7c898963c50845da78c1cb377ada756
  content_hash: sha256:1c5be899d2f145cd26fe67f120fef5f64d6753398816398d5f8b9c4307992045
- repo_url: hardikpandya/stop-slop
  name: stop-slop
  host: github.com
  resolved_commit: 8da1f030185bdfe8471220585162991eaeb970e9
  version: unknown
  depth: 3
  resolved_by: zawa-kyo/skills
  package_type: claude_skill
  deployed_files:
  - .agents/skills/stop-slop
  - .agents/skills/stop-slop/CHANGELOG.md
  - .agents/skills/stop-slop/LICENSE
  - .agents/skills/stop-slop/README.md
  - .agents/skills/stop-slop/SKILL.md
  - .agents/skills/stop-slop/references/examples.md
  - .agents/skills/stop-slop/references/phrases.md
  - .agents/skills/stop-slop/references/structures.md
  - .claude/skills/stop-slop
  - .claude/skills/stop-slop/CHANGELOG.md
  - .claude/skills/stop-slop/LICENSE
  - .claude/skills/stop-slop/README.md
  - .claude/skills/stop-slop/SKILL.md
  - .claude/skills/stop-slop/references/examples.md
  - .claude/skills/stop-slop/references/phrases.md
  - .claude/skills/stop-slop/references/structures.md
  deployed_file_hashes:
    .agents/skills/stop-slop/CHANGELOG.md: sha256:fe2f1484ef02abf22efc09def89bac186a2235831fd0da13d4895edb19cc6dd0
    .agents/skills/stop-slop/LICENSE: sha256:2e2b2beaf41cc0ce28485455a62aed81777cdcdf68702e142427aef1cd720f2c
    .agents/skills/stop-slop/README.md: sha256:d5c699e712e62d286aa4314e6b4ba02cde7a9da36ce56102660f98d1a8ceebba
    .agents/skills/stop-slop/SKILL.md: sha256:7432a1d9ebdd42b27666da8458af252edf549f723fb14bcd4791425103930310
    .agents/skills/stop-slop/references/examples.md: sha256:49c592899eb4457f95d0767e15e3143569e2cef50f2927c3174e62432984cd3d
    .agents/skills/stop-slop/references/phrases.md: sha256:4ca1b7e97123b5c67eff3dc97e5e977332e0b24021265c1553888a93ec33fa93
    .agents/skills/stop-slop/references/structures.md: sha256:ffbf1316c7fb5aaf552de005609a64a9639b546ecd76bfb0e482864d5bbe6f58
    .claude/skills/stop-slop/CHANGELOG.md: sha256:fe2f1484ef02abf22efc09def89bac186a2235831fd0da13d4895edb19cc6dd0
    .claude/skills/stop-slop/LICENSE: sha256:2e2b2beaf41cc0ce28485455a62aed81777cdcdf68702e142427aef1cd720f2c
    .claude/skills/stop-slop/README.md: sha256:d5c699e712e62d286aa4314e6b4ba02cde7a9da36ce56102660f98d1a8ceebba
    .claude/skills/stop-slop/SKILL.md: sha256:7432a1d9ebdd42b27666da8458af252edf549f723fb14bcd4791425103930310
    .claude/skills/stop-slop/references/examples.md: sha256:49c592899eb4457f95d0767e15e3143569e2cef50f2927c3174e62432984cd3d
    .claude/skills/stop-slop/references/phrases.md: sha256:4ca1b7e97123b5c67eff3dc97e5e977332e0b24021265c1553888a93ec33fa93
    .claude/skills/stop-slop/references/structures.md: sha256:ffbf1316c7fb5aaf552de005609a64a9639b546ecd76bfb0e482864d5bbe6f58
  content_hash: sha256:2e93df9fc59dbc268f98b75b51be8751f8db4e8c3943bb7f4beafa244a05785a
