{
  "lockfileVersion": 1,
  "configVersion": 1,
  "workspaces": {
    "": {
      "dependencies": {
        "@anthropic-ai/claude-code": "latest",
        "@google/gemini-cli": "latest",
        "@openai/codex": "latest",
        "typescript": "latest",
      },
    },
  },
  "packages": {
    "@anthropic-ai/claude-code": ["@anthropic-ai/claude-code@2.1.141", "", { "optionalDependencies": { "@anthropic-ai/claude-code-darwin-arm64": "2.1.141", "@anthropic-ai/claude-code-darwin-x64": "2.1.141", "@anthropic-ai/claude-code-linux-arm64": "2.1.141", "@anthropic-ai/claude-code-linux-arm64-musl": "2.1.141", "@anthropic-ai/claude-code-linux-x64": "2.1.141", "@anthropic-ai/claude-code-linux-x64-musl": "2.1.141", "@anthropic-ai/claude-code-win32-arm64": "2.1.141", "@anthropic-ai/claude-code-win32-x64": "2.1.141" }, "bin": { "claude": "bin/claude.exe" } }, "sha512-wd95eHKs5tVdDJZZfRqyhMaPKIjoLuC3KIBKEvFFDxbl3brZ3HZUdWZtN+m0iWqmUMrBTpqMubwqrStlC+86xQ=="],

    "@anthropic-ai/claude-code-darwin-arm64": ["@anthropic-ai/claude-code-darwin-arm64@2.1.141", "", { "os": "darwin", "cpu": "arm64" }, "sha512-JnRjN8rSkuihDkI5500UOJY0owrhbcRpf5l6IEFoQTsc+XZSmwuig4KFubrfuFbyqIl2RtQWRuJIp1aqx27NnQ=="],

    "@anthropic-ai/claude-code-darwin-x64": ["@anthropic-ai/claude-code-darwin-x64@2.1.141", "", { "os": "darwin", "cpu": "x64" }, "sha512-MzQkwAhUxyojXAEvuNKOQK7H58AIhIAarxztHksl2ofgRL3vk1xRzWwd+WDHVx8K+AloG+rCE0ePJ2xSN4MoeQ=="],

    "@anthropic-ai/claude-code-linux-arm64": ["@anthropic-ai/claude-code-linux-arm64@2.1.141", "", { "os": "linux", "cpu": "arm64" }, "sha512-LUiuieiIh6+YDpwzSHBo6FFeqC4eD+rtnuvMy3cZBoKRls9aYVnrqCBl4++jcEuInSwhrsPPQpc81pTW8QGOxg=="],

    "@anthropic-ai/claude-code-linux-arm64-musl": ["@anthropic-ai/claude-code-linux-arm64-musl@2.1.141", "", { "os": "linux", "cpu": "arm64" }, "sha512-V9QWmHMdRmr0Lu5k5hQ31onlZe3vAM7+TSwyUdT+hjBAWXBrs5apIemE6PojrlqGtLI44RkZNv43MF/X11i8OA=="],

    "@anthropic-ai/claude-code-linux-x64": ["@anthropic-ai/claude-code-linux-x64@2.1.141", "", { "os": "linux", "cpu": "x64" }, "sha512-Wr+2E5+E3iCsCRklJUzhgJ+wGL1gWIHnbWc5CHLC42Cop5BAEdlG3e4bX3LMzJLGzVX/bVZKIcZuulHgumqCMQ=="],

    "@anthropic-ai/claude-code-linux-x64-musl": ["@anthropic-ai/claude-code-linux-x64-musl@2.1.141", "", { "os": "linux", "cpu": "x64" }, "sha512-Jz/klPIEhEz4TV2p9njNmTHiy2o5FjMOtyOuI64+fJCi90r2iG7+GBLFnBuFAjN45jNQSMCqe7e79k+t82miFA=="],

    "@anthropic-ai/claude-code-win32-arm64": ["@anthropic-ai/claude-code-win32-arm64@2.1.141", "", { "os": "win32", "cpu": "arm64" }, "sha512-sVNGfGrVYmMWhpMVAiUBRg9HbwCVNA7f08bdXCQ13fIpX0mJocyjI8CFgRcktFsarYGvbcA+Uyh704aM0RnYWQ=="],

    "@anthropic-ai/claude-code-win32-x64": ["@anthropic-ai/claude-code-win32-x64@2.1.141", "", { "os": "win32", "cpu": "x64" }, "sha512-KkqDJuJlx4vsb1b996YB5hfmGhZ3TgOECtq12Yp2MC3ttg0wpwMT2E0ALF444rPB/Dr+LwsgRjoI2UHCCpyCHQ=="],

    "@github/keytar": ["@github/keytar@7.10.6", "", { "dependencies": { "node-addon-api": "^8.3.0" } }, "sha512-mRW6cUsSG+nj4jp5gp8e91zPySaT73r+2JM6VyMZfrEgksjPmjSMr+tPGNOK3HUHV+GUU9B1LAiiYy/wmAnIxA=="],

    "@google/gemini-cli": ["@google/gemini-cli@0.42.0", "", { "optionalDependencies": { "@github/keytar": "^7.10.6", "@lydell/node-pty": "1.1.0", "@lydell/node-pty-darwin-arm64": "1.1.0", "@lydell/node-pty-darwin-x64": "1.1.0", "@lydell/node-pty-linux-x64": "1.1.0", "@lydell/node-pty-win32-arm64": "1.1.0", "@lydell/node-pty-win32-x64": "1.1.0", "node-pty": "^1.0.0" }, "bin": { "gemini": "bundle/gemini.js" } }, "sha512-LfqKztXeB2hWRVWVmPQdmVnub04LDPoN4fAPep7zCQ84UzLUyFFGymY6Uh25Ffb130Yq20r+hoF/ePdJgz9tbw=="],

    "@lydell/node-pty": ["@lydell/node-pty@1.1.0", "", { "optionalDependencies": { "@lydell/node-pty-darwin-arm64": "1.1.0", "@lydell/node-pty-darwin-x64": "1.1.0", "@lydell/node-pty-linux-arm64": "1.1.0", "@lydell/node-pty-linux-x64": "1.1.0", "@lydell/node-pty-win32-arm64": "1.1.0", "@lydell/node-pty-win32-x64": "1.1.0" } }, "sha512-VDD8LtlMTOrPKWMXUAcB9+LTktzuunqrMwkYR1DMRBkS6LQrCt+0/Ws1o2rMml/n3guePpS7cxhHF7Nm5K4iMw=="],

    "@lydell/node-pty-darwin-arm64": ["@lydell/node-pty-darwin-arm64@1.1.0", "", { "os": "darwin", "cpu": "arm64" }, "sha512-7kFD+owAA61qmhJCtoMbqj3Uvff3YHDiU+4on5F2vQdcMI3MuwGi7dM6MkFG/yuzpw8LF2xULpL71tOPUfxs0w=="],

    "@lydell/node-pty-darwin-x64": ["@lydell/node-pty-darwin-x64@1.1.0", "", { "os": "darwin", "cpu": "x64" }, "sha512-XZdvqj5FjAMjH8bdp0YfaZjur5DrCIDD1VYiE9EkkYVMDQqRUPHYV3U8BVEQVT9hYfjmpr7dNaELF2KyISWSNA=="],

    "@lydell/node-pty-linux-arm64": ["@lydell/node-pty-linux-arm64@1.1.0", "", { "os": "linux", "cpu": "arm64" }, "sha512-yyDBmalCfHpLiQMT2zyLcqL2Fay4Xy7rIs8GH4dqKLnEviMvPGOK7LADVkKAsbsyXBSISL3Lt1m1MtxhPH6ckg=="],

    "@lydell/node-pty-linux-x64": ["@lydell/node-pty-linux-x64@1.1.0", "", { "os": "linux", "cpu": "x64" }, "sha512-NcNqRTD14QT+vXcEuqSSvmWY+0+WUBn2uRE8EN0zKtDpIEr9d+YiFj16Uqds6QfcLCHfZmC+Ls7YzwTaqDnanA=="],

    "@lydell/node-pty-win32-arm64": ["@lydell/node-pty-win32-arm64@1.1.0", "", { "os": "win32", "cpu": "arm64" }, "sha512-JOMbCou+0fA7d/m97faIIfIU0jOv8sn2OR7tI45u3AmldKoKoLP8zHY6SAvDDnI3fccO1R2HeR1doVjpS7HM0w=="],

    "@lydell/node-pty-win32-x64": ["@lydell/node-pty-win32-x64@1.1.0", "", { "os": "win32", "cpu": "x64" }, "sha512-3N56BZ+WDFnUMYRtsrr7Ky2mhWGl9xXcyqR6cexfuCqcz9RNWL+KoXRv/nZylY5dYaXkft4JaR1uVu+roiZDAw=="],

    "@openai/codex": ["@openai/codex@0.130.0", "", { "optionalDependencies": { "@openai/codex-darwin-arm64": "npm:@openai/codex@0.130.0-darwin-arm64", "@openai/codex-darwin-x64": "npm:@openai/codex@0.130.0-darwin-x64", "@openai/codex-linux-arm64": "npm:@openai/codex@0.130.0-linux-arm64", "@openai/codex-linux-x64": "npm:@openai/codex@0.130.0-linux-x64", "@openai/codex-win32-arm64": "npm:@openai/codex@0.130.0-win32-arm64", "@openai/codex-win32-x64": "npm:@openai/codex@0.130.0-win32-x64" }, "bin": { "codex": "bin/codex.js" } }, "sha512-WGDj+RZ3TXWC/7MlwprgLWOqzpwatPIINPhP3IRzHA0ni+o3QZ4i4xrS2uWwGmHUJ395J5JHwoZAAZYyfJyz6w=="],

    "@openai/codex-darwin-arm64": ["@openai/codex@0.130.0-darwin-arm64", "", { "os": "darwin", "cpu": "arm64" }, "sha512-R9pkGC7kwC8yQ8el5hvBlmugQlcsG/pHMEFgZluu03X9fD2TezGxdq3KqRDRCZuMYl07ILamVEoqknuJ0cq7MA=="],

    "@openai/codex-darwin-x64": ["@openai/codex@0.130.0-darwin-x64", "", { "os": "darwin", "cpu": "x64" }, "sha512-gJ+7J8djevgtdra+NgDAiQQPW+O3KTsgGfE3E5dpDfww3zS5OCeV0V2dhxqnJdlOjOSDw99o0P2LqBv19mhpRw=="],

    "@openai/codex-linux-arm64": ["@openai/codex@0.130.0-linux-arm64", "", { "os": "linux", "cpu": "arm64" }, "sha512-tFtH0V9/hEI3d9y7zP92BXI9FM4Z3+STNQaOR52Czv18TRtCFUp7CbIUYaToopuq6UBfnE1VKr8RLhwT5FcbmA=="],

    "@openai/codex-linux-x64": ["@openai/codex@0.130.0-linux-x64", "", { "os": "linux", "cpu": "x64" }, "sha512-3VcNlez99xdnEf+kB1IOpWv9fICYV9PiGj4sLCO4TCcShLnyxe+YBGa3poknkvXLnMG0qiN9SMnYS2FGrMxQcA=="],

    "@openai/codex-win32-arm64": ["@openai/codex@0.130.0-win32-arm64", "", { "os": "win32", "cpu": "arm64" }, "sha512-vdpmiNp57L/arZabltLXn8TyEtNa7W1meOEkr+3R6W/8ZyBt++wuqz1Orv134OT2grrcFJsIVCAIPiqUxCvBkA=="],

    "@openai/codex-win32-x64": ["@openai/codex@0.130.0-win32-x64", "", { "os": "win32", "cpu": "x64" }, "sha512-FzMznm7fr5/nbjZgOujZ9Y9AbdGm7ji1FOoWiY3U+srqauvZaTgn6o6aCheSL7kuymu7nTLOO/cAyWV6NuesqQ=="],

    "node-addon-api": ["node-addon-api@8.7.0", "", {}, "sha512-9MdFxmkKaOYVTV+XVRG8ArDwwQ77XIgIPyKASB1k3JPq3M8fGQQQE3YpMOrKm6g//Ktx8ivZr8xo1Qmtqub+GA=="],

    "node-pty": ["node-pty@1.1.0", "", { "dependencies": { "node-addon-api": "^7.1.0" } }, "sha512-20JqtutY6JPXTUnL0ij1uad7Qe1baT46lyolh2sSENDd4sTzKZ4nmAFkeAARDKwmlLjPx6XKRlwRUxwjOy+lUg=="],

    "typescript": ["typescript@6.0.3", "", { "bin": { "tsc": "bin/tsc", "tsserver": "bin/tsserver" } }, "sha512-y2TvuxSZPDyQakkFRPZHKFm+KKVqIisdg9/CZwm9ftvKXLP8NRWj38/ODjNbr43SsoXqNuAisEf1GdCxqWcdBw=="],

    "node-pty/node-addon-api": ["node-addon-api@7.1.1", "", {}, "sha512-5m3bsyrjFWE1xf7nz7YXdN4udnVtXK6/Yfgn5qnahL6bCkf2yKt4k3nuTKAtT4r3IG8JNR2ncsIMdZuAzJjHQQ=="],
  }
}
