{
  "lockfileVersion": 1,
  "configVersion": 1,
  "workspaces": {
    "": {
      "dependencies": {
        "@anthropic-ai/claude-code": "latest",
        "@google/gemini-cli": "latest",
        "@openai/codex": "latest",
        "typescript": "latest",
      },
    },
  },
  "packages": {
    "@anthropic-ai/claude-code": ["@anthropic-ai/claude-code@2.1.118", "", { "optionalDependencies": { "@anthropic-ai/claude-code-darwin-arm64": "2.1.118", "@anthropic-ai/claude-code-darwin-x64": "2.1.118", "@anthropic-ai/claude-code-linux-arm64": "2.1.118", "@anthropic-ai/claude-code-linux-arm64-musl": "2.1.118", "@anthropic-ai/claude-code-linux-x64": "2.1.118", "@anthropic-ai/claude-code-linux-x64-musl": "2.1.118", "@anthropic-ai/claude-code-win32-arm64": "2.1.118", "@anthropic-ai/claude-code-win32-x64": "2.1.118" }, "bin": { "claude": "bin/claude.exe" } }, "sha512-wQw3aWRmDc6+OB2JQ/FyIxyQOLbdX7doPEsmIRklB/N6hjFDDqquIG7y78yofHFx1YKbyrkfvmLWecwxNL8fZg=="],

    "@anthropic-ai/claude-code-darwin-arm64": ["@anthropic-ai/claude-code-darwin-arm64@2.1.118", "", { "os": "darwin", "cpu": "arm64" }, "sha512-Qg1LR1XfRUCUqoGUq5p8BlQ764F+7ReEFW1WATFoNsW6Gv7D39epzFYbHw59acdIICcOzRaUbSGNarssrv/y/Q=="],

    "@anthropic-ai/claude-code-darwin-x64": ["@anthropic-ai/claude-code-darwin-x64@2.1.118", "", { "os": "darwin", "cpu": "x64" }, "sha512-SgAvTCMnuLmD+LBqX8n+dBbSoED49GT5IioRD7z1P+JSBpIqCzE07TiBZ5mEOGssRNpsMw+GIHL6l1702ra5xg=="],

    "@anthropic-ai/claude-code-linux-arm64": ["@anthropic-ai/claude-code-linux-arm64@2.1.118", "", { "os": "linux", "cpu": "arm64" }, "sha512-XYVJwJulEKmlbaYZnYQiRaoZTdmBL+A94cRJO4J50txbHe9+T7TErgxFCLTd7AVZ8GX+PGulSBnKmiuzJhkcGg=="],

    "@anthropic-ai/claude-code-linux-arm64-musl": ["@anthropic-ai/claude-code-linux-arm64-musl@2.1.118", "", { "os": "linux", "cpu": "arm64" }, "sha512-eoALUO6vVEcwquLS2kiIvF1f8eCeX9gs8ZGkNUkiKp0pasC5l1BTDpxi+ww1Efuh8L6u2iVzhVp0YgYXVf1eVw=="],

    "@anthropic-ai/claude-code-linux-x64": ["@anthropic-ai/claude-code-linux-x64@2.1.118", "", { "os": "linux", "cpu": "x64" }, "sha512-t6aNIvNa1T+ZR5IkJARqjTy+U5LH59FuWok4QoXa/RpT4C0njeeE/SdUzvvhwmH3ji/Rh6EX4zgbx/v5yGtG8Q=="],

    "@anthropic-ai/claude-code-linux-x64-musl": ["@anthropic-ai/claude-code-linux-x64-musl@2.1.118", "", { "os": "linux", "cpu": "x64" }, "sha512-dGb2cVsruUY5HJNYdgVxitVN/pWZqLKqLr2bqBswZPlS8ieg1OQDaU5JaKtrMvjZzeyh33Vs4idhegDZJ84fhw=="],

    "@anthropic-ai/claude-code-win32-arm64": ["@anthropic-ai/claude-code-win32-arm64@2.1.118", "", { "os": "win32", "cpu": "arm64" }, "sha512-MWX6Fc8QnDaHin1dmQ9SEdOcW1XLTRJ9N+8i4CbB0awzpJ4yPz4MnxsBFWgO2QWV4NgCbMUHLWTFFAocjs3/2w=="],

    "@anthropic-ai/claude-code-win32-x64": ["@anthropic-ai/claude-code-win32-x64@2.1.118", "", { "os": "win32", "cpu": "x64" }, "sha512-xRR4ohswGXyE1QW2ZrhLrWjX0x9agMX0fotuQZ11g2pZtrmfjFr73BBhQM4QfGpJQf9qQ/lX5/L6Afmbe0DJPA=="],

    "@github/keytar": ["@github/keytar@7.10.6", "", { "dependencies": { "node-addon-api": "^8.3.0" } }, "sha512-mRW6cUsSG+nj4jp5gp8e91zPySaT73r+2JM6VyMZfrEgksjPmjSMr+tPGNOK3HUHV+GUU9B1LAiiYy/wmAnIxA=="],

    "@google/gemini-cli": ["@google/gemini-cli@0.39.0", "", { "optionalDependencies": { "@github/keytar": "^7.10.6", "@lydell/node-pty": "1.1.0", "@lydell/node-pty-darwin-arm64": "1.1.0", "@lydell/node-pty-darwin-x64": "1.1.0", "@lydell/node-pty-linux-x64": "1.1.0", "@lydell/node-pty-win32-arm64": "1.1.0", "@lydell/node-pty-win32-x64": "1.1.0", "node-pty": "^1.0.0" }, "bin": { "gemini": "bundle/gemini.js" } }, "sha512-ekIEIKxn768j46dlf9OSvuXix3aOmR5Hq8HXL21+UXBd8hvMlDfzQPYYb+lrhH0esjgjThavlDXxTRyNI0MqWw=="],

    "@lydell/node-pty": ["@lydell/node-pty@1.1.0", "", { "optionalDependencies": { "@lydell/node-pty-darwin-arm64": "1.1.0", "@lydell/node-pty-darwin-x64": "1.1.0", "@lydell/node-pty-linux-arm64": "1.1.0", "@lydell/node-pty-linux-x64": "1.1.0", "@lydell/node-pty-win32-arm64": "1.1.0", "@lydell/node-pty-win32-x64": "1.1.0" } }, "sha512-VDD8LtlMTOrPKWMXUAcB9+LTktzuunqrMwkYR1DMRBkS6LQrCt+0/Ws1o2rMml/n3guePpS7cxhHF7Nm5K4iMw=="],

    "@lydell/node-pty-darwin-arm64": ["@lydell/node-pty-darwin-arm64@1.1.0", "", { "os": "darwin", "cpu": "arm64" }, "sha512-7kFD+owAA61qmhJCtoMbqj3Uvff3YHDiU+4on5F2vQdcMI3MuwGi7dM6MkFG/yuzpw8LF2xULpL71tOPUfxs0w=="],

    "@lydell/node-pty-darwin-x64": ["@lydell/node-pty-darwin-x64@1.1.0", "", { "os": "darwin", "cpu": "x64" }, "sha512-XZdvqj5FjAMjH8bdp0YfaZjur5DrCIDD1VYiE9EkkYVMDQqRUPHYV3U8BVEQVT9hYfjmpr7dNaELF2KyISWSNA=="],

    "@lydell/node-pty-linux-arm64": ["@lydell/node-pty-linux-arm64@1.1.0", "", { "os": "linux", "cpu": "arm64" }, "sha512-yyDBmalCfHpLiQMT2zyLcqL2Fay4Xy7rIs8GH4dqKLnEviMvPGOK7LADVkKAsbsyXBSISL3Lt1m1MtxhPH6ckg=="],

    "@lydell/node-pty-linux-x64": ["@lydell/node-pty-linux-x64@1.1.0", "", { "os": "linux", "cpu": "x64" }, "sha512-NcNqRTD14QT+vXcEuqSSvmWY+0+WUBn2uRE8EN0zKtDpIEr9d+YiFj16Uqds6QfcLCHfZmC+Ls7YzwTaqDnanA=="],

    "@lydell/node-pty-win32-arm64": ["@lydell/node-pty-win32-arm64@1.1.0", "", { "os": "win32", "cpu": "arm64" }, "sha512-JOMbCou+0fA7d/m97faIIfIU0jOv8sn2OR7tI45u3AmldKoKoLP8zHY6SAvDDnI3fccO1R2HeR1doVjpS7HM0w=="],

    "@lydell/node-pty-win32-x64": ["@lydell/node-pty-win32-x64@1.1.0", "", { "os": "win32", "cpu": "x64" }, "sha512-3N56BZ+WDFnUMYRtsrr7Ky2mhWGl9xXcyqR6cexfuCqcz9RNWL+KoXRv/nZylY5dYaXkft4JaR1uVu+roiZDAw=="],

    "@openai/codex": ["@openai/codex@0.123.0", "", { "optionalDependencies": { "@openai/codex-darwin-arm64": "npm:@openai/codex@0.123.0-darwin-arm64", "@openai/codex-darwin-x64": "npm:@openai/codex@0.123.0-darwin-x64", "@openai/codex-linux-arm64": "npm:@openai/codex@0.123.0-linux-arm64", "@openai/codex-linux-x64": "npm:@openai/codex@0.123.0-linux-x64", "@openai/codex-win32-arm64": "npm:@openai/codex@0.123.0-win32-arm64", "@openai/codex-win32-x64": "npm:@openai/codex@0.123.0-win32-x64" }, "bin": { "codex": "bin/codex.js" } }, "sha512-2614Hx8etVCYaLL38s01DHJ+MZSjcQ5bJZVzkjyQIWk49s2um+7pJLmOWWVHOtBDVzsxjligtfn0U5Vm1G4qOg=="],

    "@openai/codex-darwin-arm64": ["@openai/codex@0.123.0-darwin-arm64", "", { "os": "darwin", "cpu": "arm64" }, "sha512-pc4SNzbOTQknTY6/9WNIuJcwYFEbObE//2Q9LAf3XmbPOOHEs/NdvTz/kY/QLGP8mMAbWRfs7FV6vVN7tM+tJg=="],

    "@openai/codex-darwin-x64": ["@openai/codex@0.123.0-darwin-x64", "", { "os": "darwin", "cpu": "x64" }, "sha512-qVJOS7PLXSL5tatUQ/EkM5kmmJVqepUpJKRtcx3gM8HfzBcMM+VSjUogMdU2fvGXsv2oY6hBoQBvagOMRCB+vQ=="],

    "@openai/codex-linux-arm64": ["@openai/codex@0.123.0-linux-arm64", "", { "os": "linux", "cpu": "arm64" }, "sha512-vpYC4dWG+0hwfyC4SeJayzdFAML3VK0qezgxMjMNt/8eUZlFOrWEijOdTh5h+rf9ylgIBNgVVJXwcnQC/XwhrA=="],

    "@openai/codex-linux-x64": ["@openai/codex@0.123.0-linux-x64", "", { "os": "linux", "cpu": "x64" }, "sha512-TtFmwDJggXVzSXNHVCu8PQorBBHAnrmAqa2sow+1v+Eb9eOZYrbls82rLgM1qqT31SBXh4nGIC7a/Tlv+tRzUw=="],

    "@openai/codex-win32-arm64": ["@openai/codex@0.123.0-win32-arm64", "", { "os": "win32", "cpu": "arm64" }, "sha512-4aWBTOrudrx07F7App+geSfWiCpjj6HwTUEILr+fdSFN9t76dtcC/7IEH4IoYwZcszJgPqfm9A7yH38ZwpYvRw=="],

    "@openai/codex-win32-x64": ["@openai/codex@0.123.0-win32-x64", "", { "os": "win32", "cpu": "x64" }, "sha512-5swKmvHtzTug+Zk8trFBO81Kw0OBAfOsv/OGiQg+moGBWGn/9WhugRHSoj9gfZwBxRZPb+n2cmz1nICxh4I6XQ=="],

    "node-addon-api": ["node-addon-api@8.7.0", "", {}, "sha512-9MdFxmkKaOYVTV+XVRG8ArDwwQ77XIgIPyKASB1k3JPq3M8fGQQQE3YpMOrKm6g//Ktx8ivZr8xo1Qmtqub+GA=="],

    "node-pty": ["node-pty@1.1.0", "", { "dependencies": { "node-addon-api": "^7.1.0" } }, "sha512-20JqtutY6JPXTUnL0ij1uad7Qe1baT46lyolh2sSENDd4sTzKZ4nmAFkeAARDKwmlLjPx6XKRlwRUxwjOy+lUg=="],

    "typescript": ["typescript@6.0.3", "", { "bin": { "tsc": "bin/tsc", "tsserver": "bin/tsserver" } }, "sha512-y2TvuxSZPDyQakkFRPZHKFm+KKVqIisdg9/CZwm9ftvKXLP8NRWj38/ODjNbr43SsoXqNuAisEf1GdCxqWcdBw=="],

    "node-pty/node-addon-api": ["node-addon-api@7.1.1", "", {}, "sha512-5m3bsyrjFWE1xf7nz7YXdN4udnVtXK6/Yfgn5qnahL6bCkf2yKt4k3nuTKAtT4r3IG8JNR2ncsIMdZuAzJjHQQ=="],
  }
}
