lockfile_version: '1'
generated_at: '2026-05-31T14:02:29.195253+00:00'
apm_version: 0.14.2
dependencies:
- repo_url: mizchi/skills
  host: github.com
  resolved_commit: 89c1b34018ba0d85a770c065ba22f83a8d004d34
  virtual_path: meta/empirical-prompt-tuning
  is_virtual: true
  package_type: claude_skill
  deployed_files:
  - .agents/skills/empirical-prompt-tuning
  - .claude/skills/empirical-prompt-tuning
  content_hash: sha256:0caa36857ba4e1f7193fa9ee3e22cac38d7e9787eda95e1726d4a39e40fb9479
- repo_url: zawa-kyo/skills
  host: github.com
  resolved_commit: a0d3a33f85c4b1046e697003f10f2843c9b64907
  virtual_path: meta/cleanup-english-writing
  is_virtual: true
  package_type: hybrid
  deployed_files:
  - .agents/skills/cleanup-english-writing
  - .claude/skills/cleanup-english-writing
  content_hash: sha256:5aac3bf55c6ab8be6e75f09c338bb8d2307feb3a45425d53d0b1a40d96677d21
- repo_url: zawa-kyo/skills
  host: github.com
  resolved_commit: a0d3a33f85c4b1046e697003f10f2843c9b64907
  virtual_path: meta/fluent-japanese-writing
  is_virtual: true
  package_type: claude_skill
  deployed_files:
  - .agents/skills/fluent-japanese-writing
  - .claude/skills/fluent-japanese-writing
  content_hash: sha256:a62343b9e89e267ae1096629cdeabc3a5229ba6ea5e3cc714918222f7a6299b1
- repo_url: zawa-kyo/skills
  host: github.com
  resolved_commit: a0d3a33f85c4b1046e697003f10f2843c9b64907
  virtual_path: meta/review-essential-code
  is_virtual: true
  package_type: claude_skill
  deployed_files:
  - .agents/skills/review-essential-code
  - .claude/skills/review-essential-code
  content_hash: sha256:9e743d91232ad5afb4e9ab8bfc39c1b6476bc2fc3b49e58009fd3ab8f8072c70
- repo_url: zawa-kyo/skills
  host: github.com
  resolved_commit: a0d3a33f85c4b1046e697003f10f2843c9b64907
  virtual_path: meta/suggest-commit-messages
  is_virtual: true
  package_type: claude_skill
  deployed_files:
  - .agents/skills/suggest-commit-messages
  - .claude/skills/suggest-commit-messages
  content_hash: sha256:9ab05ffc905160a063a2f9debed1cb1c1591236dd8cd83e104ed2be5e22864f8
- repo_url: hardikpandya/stop-slop
  host: github.com
  resolved_commit: 8da1f030185bdfe8471220585162991eaeb970e9
  depth: 2
  resolved_by: zawa-kyo/skills
  package_type: claude_skill
  deployed_files:
  - .agents/skills/stop-slop
  - .claude/skills/stop-slop
  content_hash: sha256:2e93df9fc59dbc268f98b75b51be8751f8db4e8c3943bb7f4beafa244a05785a
