# @generated - this file is auto-generated by `mise lock` https://mise.en.dev/dev-tools/mise-lock.html

[[tools.actionlint]]
version = "1.7.12"
backend = "aqua:rhysd/actionlint"

[tools.actionlint."platforms.linux-x64"]
checksum = "sha256:8aca8db96f1b94770f1b0d72b6dddcb1ebb8123cb3712530b08cc387b349a3d8"
url = "https://github.com/rhysd/actionlint/releases/download/v1.7.12/actionlint_1.7.12_linux_amd64.tar.gz"
provenance = "github-attestations"

[tools.actionlint."platforms.macos-arm64"]
checksum = "sha256:aba9ced2dee8d27fecca3dc7feb1a7f9a52caefa1eb46f3271ea66b6e0e6953f"
url = "https://github.com/rhysd/actionlint/releases/download/v1.7.12/actionlint_1.7.12_darwin_arm64.tar.gz"

[[tools.apm]]
version = "0.26.0"
backend = "github:microsoft/apm"

[tools.apm."platforms.linux-x64"]
checksum = "sha256:3afba455c5283852ba4c392f668be7c27b65bc4a0fa60a8b53a4626c52628431"
url = "https://github.com/microsoft/apm/releases/download/v0.26.0/apm-linux-x86_64.tar.gz"
url_api = "https://api.github.com/repos/microsoft/apm/releases/assets/481831780"

[tools.apm."platforms.macos-arm64"]
checksum = "sha256:febddd0a8beb4be7b411e708ed746937a14482d5e0935eb776b7f35e320654df"
url = "https://github.com/microsoft/apm/releases/download/v0.26.0/apm-darwin-arm64.tar.gz"
url_api = "https://api.github.com/repos/microsoft/apm/releases/assets/481831785"

[[tools.atuin]]
version = "18.18.1"
backend = "aqua:atuinsh/atuin"

[tools.atuin."platforms.linux-x64"]
checksum = "sha256:732bcb4cbb57fa3bb7c9eaf1d866eabd673ba5f5978dc87fc6697369c5e8b33b"
url = "https://github.com/atuinsh/atuin/releases/download/v18.18.1/atuin-x86_64-unknown-linux-musl.tar.gz"
url_api = "https://api.github.com/repos/atuinsh/atuin/releases/assets/492109525"
provenance = "github-attestations"

[tools.atuin."platforms.macos-arm64"]
checksum = "sha256:2c2bd7a4fb5a093cb222c5befb199bd09700f9b13b830c80a05dd5b2e7950457"
url = "https://github.com/atuinsh/atuin/releases/download/v18.18.1/atuin-aarch64-apple-darwin.tar.gz"
url_api = "https://api.github.com/repos/atuinsh/atuin/releases/assets/492109389"
provenance = "github-attestations"

[[tools.aws-cli]]
version = "2.36.17"
backend = "aqua:aws/aws-cli"

[tools.aws-cli."platforms.linux-x64"]
url = "https://awscli.amazonaws.com/awscli-exe-linux-x86_64-2.36.17.zip"

[tools.aws-cli."platforms.macos-arm64"]
checksum = "blake3:612cdf2f7208abee1f6c87816ab2c96cfa5dc03dd51dfe92516d33d838f61603"
url = "https://awscli.amazonaws.com/AWSCLIV2-2.36.17.pkg"

[[tools.bat]]
version = "0.26.1"
backend = "aqua:sharkdp/bat"

[tools.bat."platforms.linux-x64"]
checksum = "sha256:0dcd8ac79732c0d5b136f11f4ee00e581440e16a44eab5b3105b611bbf2cf191"
url = "https://github.com/sharkdp/bat/releases/download/v0.26.1/bat-v0.26.1-x86_64-unknown-linux-musl.tar.gz"

[tools.bat."platforms.macos-arm64"]
checksum = "sha256:e30beff26779c9bf60bb541e1d79046250cb74378f2757f8eb250afddb19e114"
url = "https://github.com/sharkdp/bat/releases/download/v0.26.1/bat-v0.26.1-aarch64-apple-darwin.tar.gz"

[[tools.bun]]
version = "1.3.14"
backend = "core:bun"

[tools.bun."platforms.linux-x64"]
checksum = "sha256:951ee2aee855f08595aeec6225226a298d3fea83a3dcd6465c09cbccdf7e848f"
url = "https://github.com/oven-sh/bun/releases/download/bun-v1.3.14/bun-linux-x64.zip"

[tools.bun."platforms.linux-x64-baseline"]
checksum = "sha256:a063908ae08b7852ca10939bbdc6ceed3ddabce8fb9402dce83d65d73b36e6c7"
url = "https://github.com/oven-sh/bun/releases/download/bun-v1.3.14/bun-linux-x64-baseline.zip"

[tools.bun."platforms.linux-x64-musl"]
checksum = "sha256:14bd9aedeebf1dba67e8def9531c89bc989ecfdf1de42e5bfcaf1b8cd9294719"
url = "https://github.com/oven-sh/bun/releases/download/bun-v1.3.14/bun-linux-x64-musl.zip"

[tools.bun."platforms.linux-x64-musl-baseline"]
checksum = "sha256:56a7d6806cf155536c0178f0ea5fbd098e684fa509ebdb4fc0a7e19fb65382dc"
url = "https://github.com/oven-sh/bun/releases/download/bun-v1.3.14/bun-linux-x64-musl-baseline.zip"

[tools.bun."platforms.macos-arm64"]
checksum = "sha256:d8b96221828ad6f97ac7ac0ab7e95872341af763001e8803e8267652c2652620"
url = "https://github.com/oven-sh/bun/releases/download/bun-v1.3.14/bun-darwin-aarch64.zip"

[[tools.ccsession]]
version = "1.1.0"
backend = "github:sorafujitani/ccsession"

[tools.ccsession."platforms.linux-x64"]
checksum = "sha256:4a71b6903c3bc9365a2c5940d925220297bad4eb457f8cabaae9a3d88ccf604f"
url = "https://github.com/sorafujitani/ccsession/releases/download/v1.1.0/ccsession_1.1.0_linux_amd64.tar.gz"
url_api = "https://api.github.com/repos/sorafujitani/ccsession/releases/assets/468889632"

[tools.ccsession."platforms.macos-arm64"]
checksum = "sha256:5a9aaeecd85ab1486afcf91409a1d11539b99b8252c3ce89fd2d73f8feb972c5"
url = "https://github.com/sorafujitani/ccsession/releases/download/v1.1.0/ccsession_1.1.0_darwin_arm64.tar.gz"
url_api = "https://api.github.com/repos/sorafujitani/ccsession/releases/assets/468889631"

[[tools.copilot]]
version = "1.0.77"
backend = "aqua:github/copilot-cli"

[tools.copilot."platforms.linux-x64"]
checksum = "sha256:c6414f99c5b29b049a3b0929ba824f0ff0ae88b85eb52559be45631b96b00f4c"
url = "https://github.com/github/copilot-cli/releases/download/v1.0.77/copilot-linux-x64.tar.gz"
url_api = "https://api.github.com/repos/github/copilot-cli/releases/assets/495997983"

[tools.copilot."platforms.macos-arm64"]
checksum = "sha256:3ab9366cd96c06e4d90c6e77d7a9ffa06e2502aa1196ba20c555306c0d7a9592"
url = "https://github.com/github/copilot-cli/releases/download/v1.0.77/copilot-darwin-arm64.tar.gz"
url_api = "https://api.github.com/repos/github/copilot-cli/releases/assets/495997905"

[[tools.delta]]
version = "0.19.2"
backend = "aqua:dandavison/delta"

[tools.delta."platforms.linux-x64"]
checksum = "sha256:f1ea01ca7728ce3462debc359f39dfc7cbbc1a63224b71fefabf92042864aa1b"
url = "https://github.com/dandavison/delta/releases/download/0.19.2/delta-0.19.2-x86_64-unknown-linux-musl.tar.gz"

[tools.delta."platforms.macos-arm64"]
checksum = "sha256:9be36612a5a13e9e386dc498fb8e50dc87c72ee42b63db0ea05b32f99a72a69a"
url = "https://github.com/dandavison/delta/releases/download/0.19.2/delta-0.19.2-aarch64-apple-darwin.tar.gz"

[[tools.deno]]
version = "2.9.4"
backend = "core:deno"

[tools.deno."platforms.linux-x64"]
checksum = "sha256:c24f955d9fbfe0ea5ae2b501c8e71ae76e31e4c9782390a54a284b3364fda725"
url = "https://dl.deno.land/release/v2.9.4/deno-x86_64-unknown-linux-gnu.zip"

[tools.deno."platforms.macos-arm64"]
checksum = "sha256:6d17647fdbf9c587a581dba205054c4ccf732dae0a196cc1e9b44c07589db412"
url = "https://dl.deno.land/release/v2.9.4/deno-aarch64-apple-darwin.zip"

[[tools.eza]]
version = "0.23.4"
backend = "asdf:eza"

[[tools.fastfetch]]
version = "2.66.0"
backend = "aqua:fastfetch-cli/fastfetch"

[tools.fastfetch."platforms.linux-x64"]
checksum = "sha256:89aed1a60547f4959300f571d478f2babd430f3e2702dcfc7731c7a623fea524"
url = "https://github.com/fastfetch-cli/fastfetch/releases/download/2.66.0/fastfetch-linux-amd64.tar.gz"
url_api = "https://api.github.com/repos/fastfetch-cli/fastfetch/releases/assets/472227155"

[tools.fastfetch."platforms.macos-arm64"]
checksum = "sha256:aca7dd5c97704573dc79399f963ea919b76443f642d924c020f0243da496a54c"
url = "https://github.com/fastfetch-cli/fastfetch/releases/download/2.66.0/fastfetch-macos-aarch64.tar.gz"
url_api = "https://api.github.com/repos/fastfetch-cli/fastfetch/releases/assets/472226641"

[[tools.fd]]
version = "10.4.2"
backend = "aqua:sharkdp/fd"

[tools.fd."platforms.linux-x64"]
checksum = "sha256:e3257d48e29a6be965187dbd24ce9af564e0fe67b3e73c9bdcd180f4ec11bdde"
url = "https://github.com/sharkdp/fd/releases/download/v10.4.2/fd-v10.4.2-x86_64-unknown-linux-musl.tar.gz"

[tools.fd."platforms.macos-arm64"]
checksum = "sha256:623dc0afc81b92e4d4606b380d7bc91916ba7b97814263e554d50923a39e480a"
url = "https://github.com/sharkdp/fd/releases/download/v10.4.2/fd-v10.4.2-aarch64-apple-darwin.tar.gz"

[[tools.ffmpeg]]
version = "8.1.2"
backend = "asdf:ffmpeg"

[[tools.flutter]]
version = "3.41.9-stable"
backend = "asdf:flutter"

[[tools.fvm]]
version = "4.1.2"
backend = "aqua:leoafarias/fvm"

[tools.fvm."platforms.linux-x64"]
checksum = "sha256:12b0656688450972750cb714fc5e44ed2dbdd6b1c6813ba6ba6fb71841c17fe4"
url = "https://github.com/leoafarias/fvm/releases/download/4.1.2/fvm-4.1.2-linux-x64.tar.gz"

[tools.fvm."platforms.macos-arm64"]
checksum = "sha256:0b2a146986c51f06331f135f0bdf2a202eb57f55d7edd420c9078e8520e4c033"
url = "https://github.com/leoafarias/fvm/releases/download/4.1.2/fvm-4.1.2-macos-arm64.tar.gz"

[[tools.fzf]]
version = "0.74.1"
backend = "aqua:junegunn/fzf"

[tools.fzf."platforms.linux-x64"]
checksum = "sha256:df53438be5f51e151bb4044d78fda72bdfe209e3ecd2baecae48e8dea370c81b"
url = "https://github.com/junegunn/fzf/releases/download/v0.74.1/fzf-0.74.1-linux_amd64.tar.gz"
url_api = "https://api.github.com/repos/junegunn/fzf/releases/assets/481468039"

[tools.fzf."platforms.macos-arm64"]
checksum = "sha256:849d1d33b050f04dd6b765665e417da151b0e4654dbed8f55c60fd8e23f3ba20"
url = "https://github.com/junegunn/fzf/releases/download/v0.74.1/fzf-0.74.1-darwin_arm64.tar.gz"
url_api = "https://api.github.com/repos/junegunn/fzf/releases/assets/481468061"

[[tools.gat]]
version = "0.30.2"
backend = "github:koki-develop/gat"

[tools.gat."platforms.linux-x64"]
checksum = "sha256:e5dd55992f4431e57bdb6eb671f63b7b127696e270a66ad42ea9502459e96a3f"
url = "https://github.com/koki-develop/gat/releases/download/v0.30.2/gat_Linux_x86_64.tar.gz"
url_api = "https://api.github.com/repos/koki-develop/gat/releases/assets/437258317"

[tools.gat."platforms.macos-arm64"]
checksum = "sha256:5e95249b5b26410876f1ca8643b4e0a2e0ffb0d25fb68fcd4d3522a894eba842"
url = "https://github.com/koki-develop/gat/releases/download/v0.30.2/gat_Darwin_arm64.tar.gz"
url_api = "https://api.github.com/repos/koki-develop/gat/releases/assets/437258315"

[[tools.gh]]
version = "2.96.0"
backend = "aqua:cli/cli"

[tools.gh."platforms.linux-x64"]
checksum = "sha256:83d5c2ccad5498f58bf6368acb1ab32588cf43ab3a4b1c301bf36328b1c8bd60"
url = "https://github.com/cli/cli/releases/download/v2.96.0/gh_2.96.0_linux_amd64.tar.gz"
url_api = "https://api.github.com/repos/cli/cli/releases/assets/464728543"
provenance = "github-attestations"

[tools.gh."platforms.macos-arm64"]
checksum = "sha256:f23a0c37d963aacc3bed703ccbd59b41c5ca22101fab7f00eb2b7cad23aba463"
url = "https://github.com/cli/cli/releases/download/v2.96.0/gh_2.96.0_macOS_arm64.zip"
url_api = "https://api.github.com/repos/cli/cli/releases/assets/464728562"
provenance = "github-attestations"

[[tools.ghq]]
version = "1.10.1"
backend = "aqua:x-motemen/ghq"

[tools.ghq."platforms.linux-x64"]
checksum = "sha256:32e380aa8ac76fdd58758cc06174d9ee5db7270bd0cbcc18138b5d36def91b6b"
url = "https://github.com/x-motemen/ghq/releases/download/v1.10.1/ghq_linux_amd64.zip"

[tools.ghq."platforms.macos-arm64"]
checksum = "sha256:5e3100de0c5a248eebe6ab176ad94d6e12386af70a58c535368a4301861b1398"
url = "https://github.com/x-motemen/ghq/releases/download/v1.10.1/ghq_darwin_arm64.zip"

[[tools.git-lfs]]
version = "3.7.1"
backend = "aqua:git-lfs/git-lfs"

[tools.git-lfs."platforms.linux-x64"]
checksum = "sha256:1c0b6ee5200ca708c5cebebb18fdeb0e1c98f1af5c1a9cba205a4c0ab5a5ec08"
url = "https://github.com/git-lfs/git-lfs/releases/download/v3.7.1/git-lfs-linux-amd64-v3.7.1.tar.gz"

[tools.git-lfs."platforms.macos-arm64"]
checksum = "sha256:76260fb34f4ee622ff0a66b857e5954aa49c7e343a92e57a1ec4a760618c94b2"
url = "https://github.com/git-lfs/git-lfs/releases/download/v3.7.1/git-lfs-darwin-arm64-v3.7.1.zip"

[[tools.gitleaks]]
version = "8.30.1"
backend = "aqua:gitleaks/gitleaks"

[tools.gitleaks."platforms.linux-x64"]
checksum = "sha256:551f6fc83ea457d62a0d98237cbad105af8d557003051f41f3e7ca7b3f2470eb"
url = "https://github.com/gitleaks/gitleaks/releases/download/v8.30.1/gitleaks_8.30.1_linux_x64.tar.gz"

[tools.gitleaks."platforms.macos-arm64"]
checksum = "sha256:b40ab0ae55c505963e365f271a8d3846efbc170aa17f2607f13df610a9aeb6a5"
url = "https://github.com/gitleaks/gitleaks/releases/download/v8.30.1/gitleaks_8.30.1_darwin_arm64.tar.gz"

[[tools.go]]
version = "1.26.5"
backend = "core:go"

[tools.go."platforms.linux-x64"]
checksum = "sha256:5c2c3b16caefa1d968a94c1daca04a7ca301a496d9b086e17ad77bb81393f053"
url = "https://dl.google.com/go/go1.26.5.linux-amd64.tar.gz"

[tools.go."platforms.macos-arm64"]
checksum = "sha256:efb87ff28af9a188d0536ef5d42e63dd52ba8263cd7344a993cc48dd11dedb6a"
url = "https://dl.google.com/go/go1.26.5.darwin-arm64.tar.gz"

[[tools.gping]]
version = "1.20.4"
backend = "aqua:orf/gping"

[tools.gping."platforms.linux-x64"]
checksum = "sha256:91dbcc0a2e279f7c91d9155f846fa5ad2626406f3306138ed2495744aaa9bc84"
url = "https://github.com/orf/gping/releases/download/gping-v1.20.4/gping-Linux-gnu-x86_64.tar.gz"

[tools.gping."platforms.macos-arm64"]
checksum = "sha256:124e5c44dd05abd8f2019bb23e31cc32d700e7f2f15f74692afde53b8c30a24f"
url = "https://github.com/orf/gping/releases/download/gping-v1.20.4/gping-macOS-arm64.tar.gz"

[[tools.java]]
version = "26.0.2"
backend = "core:java"

[tools.java.options]
shorthand_vendor = "openjdk"

[tools.java."platforms.linux-x64"]
checksum = "sha256:2da09e9db53e5c4f9eeec045f49e7d8fbcd8e4153edbf0c269f520ff82fd4198"
url = "https://download.java.net/java/GA/jdk26.0.2/818d462d89b645c7a1aad49066c454e5/10/GPL/openjdk-26.0.2_linux-x64_bin.tar.gz"

[tools.java."platforms.macos-arm64"]
checksum = "sha256:c99b35ad3063ef555361a243c44280b048e24e3cbbc4a59ee3b368e5a8958f3a"
url = "https://download.java.net/java/GA/jdk26.0.2/818d462d89b645c7a1aad49066c454e5/10/GPL/openjdk-26.0.2_macos-aarch64_bin.tar.gz"

[[tools.jq]]
version = "1.8.2"
backend = "aqua:jqlang/jq"

[tools.jq."platforms.linux-x64"]
checksum = "sha256:b1c22172dd303f3be49e935aa56aa48a8b7a46e0bc838b4997d3bb451495870f"
url = "https://github.com/jqlang/jq/releases/download/jq-1.8.2/jq-linux-amd64"
provenance = "github-attestations"

[tools.jq."platforms.macos-arm64"]
checksum = "sha256:2d75340ba57a4b4b4c8708a21c2dc8e958a48aaa8bba13b27f77f6e4c0eca07e"
url = "https://github.com/jqlang/jq/releases/download/jq-1.8.2/jq-macos-arm64"
provenance = "github-attestations"

[[tools.lazygit]]
version = "0.63.1"
backend = "aqua:jesseduffield/lazygit"

[tools.lazygit."platforms.linux-x64"]
checksum = "sha256:8e033bc78c8e192dee9510e951f6c9e154289b7198d22c924ed1d0a951b0dac1"
url = "https://github.com/jesseduffield/lazygit/releases/download/v0.63.1/lazygit_0.63.1_linux_x86_64.tar.gz"
url_api = "https://api.github.com/repos/jesseduffield/lazygit/releases/assets/477867706"

[tools.lazygit."platforms.macos-arm64"]
checksum = "sha256:b963e9d0a1f4649708c594ac6c999cdcd435f8e679e220e78e87c4642badedd6"
url = "https://github.com/jesseduffield/lazygit/releases/download/v0.63.1/lazygit_0.63.1_darwin_arm64.tar.gz"
url_api = "https://api.github.com/repos/jesseduffield/lazygit/releases/assets/477867701"

[[tools.lua]]
version = "5.5.0"
backend = "vfox:mise-plugins/vfox-lua"

[tools.lua."platforms.linux-x64"]
url = "https://www.lua.org/ftp/lua-5.5.0.tar.gz"

[tools.lua."platforms.macos-arm64"]
url = "https://www.lua.org/ftp/lua-5.5.0.tar.gz"

[[tools.maestro]]
version = "cli-2.7.0"
backend = "github:mobile-dev-inc/maestro"

[tools.maestro."platforms.linux-x64"]
checksum = "sha256:a4ccab6b604617e7aef6db4f885666056eabe5cfa32befaa3bc994041b8fcbb5"
url = "https://github.com/mobile-dev-inc/Maestro/releases/download/cli-2.7.0/maestro.zip"
url_api = "https://api.github.com/repos/mobile-dev-inc/Maestro/releases/assets/483681911"

[tools.maestro."platforms.macos-arm64"]
checksum = "sha256:a4ccab6b604617e7aef6db4f885666056eabe5cfa32befaa3bc994041b8fcbb5"
url = "https://github.com/mobile-dev-inc/Maestro/releases/download/cli-2.7.0/maestro.zip"
url_api = "https://api.github.com/repos/mobile-dev-inc/Maestro/releases/assets/483681911"

[[tools.neovim]]
version = "0.12.4"
backend = "vfox:mise-plugins/vfox-neovim"

[tools.neovim."platforms.linux-x64"]
url = "https://github.com/neovim/neovim/releases/download/v0.12.4/nvim-linux-x86_64.tar.gz"

[tools.neovim."platforms.macos-arm64"]
url = "https://github.com/neovim/neovim/releases/download/v0.12.4/nvim-macos-arm64.tar.gz"

[[tools.node]]
version = "24.18.1"
backend = "core:node"

[tools.node."platforms.linux-x64"]
checksum = "sha256:9f5eb6ac21845a66c493c91a253b1da32fd684e89e9b7202d4936982336be4ca"
url = "https://nodejs.org/dist/v24.18.1/node-v24.18.1-linux-x64.tar.gz"

[tools.node."platforms.macos-arm64"]
checksum = "sha256:eb02f7fab96d3d67de40c5ec8566096fcb4c2026728787683ae5a97eb612b941"
url = "https://nodejs.org/dist/v24.18.1/node-v24.18.1-darwin-arm64.tar.gz"

[[tools.pouch]]
version = "0.4.2"
backend = "github:zawa-kyo/pouch"

[tools.pouch."platforms.linux-x64"]
checksum = "sha256:14bb600d01d220317a6131dce4a991939b360d19be8bcb29082930cf091a05db"
url = "https://github.com/zawa-kyo/pouch/releases/download/v0.4.2/pouch_linux_amd64.tar.gz"
url_api = "https://api.github.com/repos/zawa-kyo/pouch/releases/assets/466778947"

[tools.pouch."platforms.macos-arm64"]
checksum = "sha256:5491f97c80d0a173cd55d57f2fd8b94f3a81a2c62d91780cd23881ba741979ef"
url = "https://github.com/zawa-kyo/pouch/releases/download/v0.4.2/pouch_darwin_arm64.tar.gz"
url_api = "https://api.github.com/repos/zawa-kyo/pouch/releases/assets/466778978"

[[tools.procs]]
version = "0.14.12"
backend = "aqua:dalance/procs"

[tools.procs."platforms.linux-x64"]
checksum = "sha256:81964faf9d5cd0e9f399d5d0954fb6fe4d4d9f7d3cbec4507633df5a45b11713"
url = "https://github.com/dalance/procs/releases/download/v0.14.12/procs-v0.14.12-x86_64-linux.zip"

[tools.procs."platforms.macos-arm64"]
checksum = "sha256:2c276f40c99051984942a5b135b74ce4bc9184984a1543dddfcf275bde71d8d4"
url = "https://github.com/dalance/procs/releases/download/v0.14.12/procs-v0.14.12-x86_64-mac.zip"

[[tools.python]]
version = "3.14.6"
backend = "core:python"

[tools.python."platforms.linux-x64"]
checksum = "sha256:0881fbde2c78605720fb2e240d1a6df38652a896e40a5fce2e10908dbee5f5b7"
url = "https://github.com/astral-sh/python-build-standalone/releases/download/20260610/cpython-3.14.6+20260610-x86_64-unknown-linux-gnu-install_only_stripped.tar.gz"
provenance = "github-attestations"

[tools.python."platforms.macos-arm64"]
checksum = "blake3:0677b851c7d6b3f89667b4ac7a49a48b960eba913a74c34724a2decc3c56367a"
url = "https://github.com/astral-sh/python-build-standalone/releases/download/20260610/cpython-3.14.6+20260610-aarch64-apple-darwin-install_only_stripped.tar.gz"
provenance = "github-attestations"

[[tools.ripgrep]]
version = "15.2.0"
backend = "aqua:BurntSushi/ripgrep"

[tools.ripgrep."platforms.linux-x64"]
checksum = "sha256:33e15bcf1624b25cdd2a55813a47a2f95dbe126268203e76aa6a585d1e7b149c"
url = "https://github.com/BurntSushi/ripgrep/releases/download/15.2.0/ripgrep-15.2.0-x86_64-unknown-linux-musl.tar.gz"
url_api = "https://api.github.com/repos/BurntSushi/ripgrep/releases/assets/478120097"

[tools.ripgrep."platforms.macos-arm64"]
checksum = "sha256:3750b2e93f37e0c692657da574d7019a101c0084da05a790c83fd335bad973e4"
url = "https://github.com/BurntSushi/ripgrep/releases/download/15.2.0/ripgrep-15.2.0-aarch64-apple-darwin.tar.gz"
url_api = "https://api.github.com/repos/BurntSushi/ripgrep/releases/assets/478118851"

[[tools.ruby]]
version = "3.4.10"
backend = "core:ruby"

[tools.ruby.options]
compile = "false"
precompiled_url = "jdx/ruby"
ruby_build_repo = "https://github.com/rbenv/ruby-build.git"
ruby_install = "false"

[tools.ruby."platforms.linux-x64"]
checksum = "sha256:81ce58b056ee2765e46785b4c6befb9852d9c3e50ff9385e7eb1cf3e0314d0bd"
url = "https://github.com/jdx/ruby/releases/download/3.4.10-2/ruby-3.4.10.x86_64_linux.tar.gz"
provenance = "github-attestations"

[tools.ruby."platforms.macos-arm64"]
checksum = "sha256:5aac8b6e16b0938a14f6d23346b5487020d1fea6b5856a33392e5eb37fa1ef62"
url = "https://github.com/jdx/ruby/releases/download/3.4.10-2/ruby-3.4.10.macos.tar.gz"
provenance = "github-attestations"

[[tools.rust]]
version = "1"
backend = "asdf:rust"

[[tools.sheldon]]
version = "0.8.5"
backend = "aqua:rossmacarthur/sheldon"

[tools.sheldon."platforms.linux-x64"]
checksum = "sha256:80aa0be617072c278d67fd6c5fbce4903d3801d78b6abf8f058f0648d2242c78"
url = "https://github.com/rossmacarthur/sheldon/releases/download/0.8.5/sheldon-0.8.5-x86_64-unknown-linux-musl.tar.gz"

[tools.sheldon."platforms.macos-arm64"]
checksum = "sha256:6e47f10a25f165b095eb2bde1ab617d4d34ad6f3ff2ca984167ca94fadd52730"
url = "https://github.com/rossmacarthur/sheldon/releases/download/0.8.5/sheldon-0.8.5-aarch64-apple-darwin.tar.gz"

[[tools.shellcheck]]
version = "0.11.0"
backend = "aqua:koalaman/shellcheck"

[tools.shellcheck."platforms.linux-x64"]
checksum = "sha256:8c3be12b05d5c177a04c29e3c78ce89ac86f1595681cab149b65b97c4e227198"
url = "https://github.com/koalaman/shellcheck/releases/download/v0.11.0/shellcheck-v0.11.0.linux.x86_64.tar.xz"

[tools.shellcheck."platforms.macos-arm64"]
checksum = "sha256:56affdd8de5527894dca6dc3d7e0a99a873b0f004d7aabc30ae407d3f48b0a79"
url = "https://github.com/koalaman/shellcheck/releases/download/v0.11.0/shellcheck-v0.11.0.darwin.aarch64.tar.xz"

[[tools.starship]]
version = "1.26.0"
backend = "aqua:starship/starship"

[tools.starship."platforms.linux-x64"]
checksum = "sha256:b7c232b0e8249d8e55a40beb79c5c43a7d370f3f9408bd215deb0170daeaadf3"
url = "https://github.com/starship/starship/releases/download/v1.26.0/starship-x86_64-unknown-linux-musl.tar.gz"
url_api = "https://api.github.com/repos/starship/starship/releases/assets/460374630"

[tools.starship."platforms.macos-arm64"]
checksum = "sha256:c40b27b11f580411e068f2fa6c1be7830a387c0bc47a94d1d37f32b054c5361d"
url = "https://github.com/starship/starship/releases/download/v1.26.0/starship-aarch64-apple-darwin.tar.gz"
url_api = "https://api.github.com/repos/starship/starship/releases/assets/460374577"

[[tools.tmux]]
version = "3.7b"
backend = "aqua:tmux/tmux-builds"

[tools.tmux."platforms.linux-x64"]
checksum = "sha256:f85e6c1c412750a774eb3f370f33bad05fc726fb8b6a0b174ad6f0b6d954df58"
url = "https://github.com/tmux/tmux-builds/releases/download/v3.7b/tmux-3.7b-linux-x86_64.tar.gz"

[tools.tmux."platforms.macos-arm64"]
checksum = "sha256:ee66dbcd49613eb41dc6b2f3abc5cd39d9135d67b7dfef1fdb180a3dbdc01f1e"
url = "https://github.com/tmux/tmux-builds/releases/download/v3.7b/tmux-3.7b-macos-arm64.tar.gz"

[[tools.tree-sitter]]
version = "0.26.11"
backend = "aqua:tree-sitter/tree-sitter"

[tools.tree-sitter."platforms.linux-x64"]
checksum = "sha256:8dac3c89bb632eece700ea7a261ad963b251f2228c4aef3b58458ebea8dbe4eb"
url = "https://github.com/tree-sitter/tree-sitter/releases/download/v0.26.11/tree-sitter-linux-x64.gz"
url_api = "https://api.github.com/repos/tree-sitter/tree-sitter/releases/assets/474306995"
provenance = "github-attestations"

[tools.tree-sitter."platforms.macos-arm64"]
checksum = "sha256:0bb646b2a29007233bd44855f00d0b8e238084d5b442f097d841b476318c2c90"
url = "https://github.com/tree-sitter/tree-sitter/releases/download/v0.26.11/tree-sitter-macos-arm64.gz"
url_api = "https://api.github.com/repos/tree-sitter/tree-sitter/releases/assets/474307011"
provenance = "github-attestations"

[[tools.ttyd]]
version = "1.7.7"
backend = "github:tsl0922/ttyd"

[tools.ttyd."platforms.linux-x64"]
checksum = "sha256:8a217c968aba172e0dbf3f34447218dc015bc4d5e59bf51db2f2cd12b7be4f55"
url = "https://github.com/tsl0922/ttyd/releases/download/1.7.7/ttyd.x86_64"
url_api = "https://api.github.com/repos/tsl0922/ttyd/releases/assets/159377628"

[tools.ttyd."platforms.macos-arm64"]
checksum = "sha256:b38acadd89d1d396a0f5649aa52c539edbad07f4bc7348b27b4f4b7219dd4165"
url = "https://github.com/tsl0922/ttyd/releases/download/1.7.7/ttyd.aarch64"
url_api = "https://api.github.com/repos/tsl0922/ttyd/releases/assets/159377644"

[[tools.uv]]
version = "0.12.2"
backend = "asdf:uv"

[[tools.vhs]]
version = "0.11.0"
backend = "github:charmbracelet/vhs"

[tools.vhs."platforms.linux-x64"]
checksum = "sha256:99cb634587eaae0473c1ea377db80c3a048c27f99fe0a7febb1a1e8cb7ee5009"
url = "https://github.com/charmbracelet/vhs/releases/download/v0.11.0/vhs_0.11.0_Linux_x86_64.tar.gz"
url_api = "https://api.github.com/repos/charmbracelet/vhs/releases/assets/370996187"

[tools.vhs."platforms.macos-arm64"]
checksum = "sha256:eec91ee450ba50b6d4fce2800593b2ac5fdd88a73056367d2c3b870ee44de3f7"
url = "https://github.com/charmbracelet/vhs/releases/download/v0.11.0/vhs_0.11.0_Darwin_arm64.tar.gz"
url_api = "https://api.github.com/repos/charmbracelet/vhs/releases/assets/370996182"

[[tools.yazi]]
version = "26.5.6"
backend = "aqua:sxyazi/yazi"

[tools.yazi."platforms.linux-x64"]
checksum = "sha256:1031a02560d053301537195a6661d227c15cb4ce5c30481050b31e2b88681bff"
url = "https://github.com/sxyazi/yazi/releases/download/v26.5.6/yazi-x86_64-unknown-linux-musl.zip"

[tools.yazi."platforms.macos-arm64"]
checksum = "sha256:7abd71725e2fe27bed036becbf6ce79fa17964eb68491d34190011c94b8c7ca8"
url = "https://github.com/sxyazi/yazi/releases/download/v26.5.6/yazi-aarch64-apple-darwin.zip"

[[tools.zellij]]
version = "0.44.3"
backend = "aqua:zellij-org/zellij"

[tools.zellij."platforms.linux-x64"]
checksum = "sha256:0f7c346788627f506c0a28296517768633cff24fc822a739f8264b640ecad751"
url = "https://github.com/zellij-org/zellij/releases/download/v0.44.3/zellij-x86_64-unknown-linux-musl.tar.gz"

[tools.zellij."platforms.macos-arm64"]
checksum = "sha256:b6acf83a7739cf5f0f4e9bd47709642d4d98acbbf8c34d4a12c6e706f531da61"
url = "https://github.com/zellij-org/zellij/releases/download/v0.44.3/zellij-aarch64-apple-darwin.tar.gz"

[[tools.zoxide]]
version = "0.10.0"
backend = "aqua:ajeetdsouza/zoxide"

[tools.zoxide."platforms.linux-x64"]
checksum = "sha256:2d93385b99f3e82cf2701609a1bffcad863fbeb75aa3fe7eb6be4d29be68b1ae"
url = "https://github.com/ajeetdsouza/zoxide/releases/download/v0.10.0/zoxide-0.10.0-x86_64-unknown-linux-musl.tar.gz"
url_api = "https://api.github.com/repos/ajeetdsouza/zoxide/releases/assets/466316293"

[tools.zoxide."platforms.macos-arm64"]
checksum = "sha256:b55ae6f2f5f23d0a6ccb3bd4eeb2af9c7e0a6556e5255c82100e40305129bbb0"
url = "https://github.com/ajeetdsouza/zoxide/releases/download/v0.10.0/zoxide-0.10.0-aarch64-apple-darwin.tar.gz"
url_api = "https://api.github.com/repos/ajeetdsouza/zoxide/releases/assets/466316174"
