# @generated - this file is auto-generated by `mise lock` https://mise.en.dev/dev-tools/mise-lock.html

[[tools.actionlint]]
version = "1.7.12"
backend = "aqua:rhysd/actionlint"

[tools.actionlint."platforms.linux-x64"]
checksum = "sha256:8aca8db96f1b94770f1b0d72b6dddcb1ebb8123cb3712530b08cc387b349a3d8"
url = "https://github.com/rhysd/actionlint/releases/download/v1.7.12/actionlint_1.7.12_linux_amd64.tar.gz"
provenance = "github-attestations"

[tools.actionlint."platforms.macos-arm64"]
checksum = "sha256:aba9ced2dee8d27fecca3dc7feb1a7f9a52caefa1eb46f3271ea66b6e0e6953f"
url = "https://github.com/rhysd/actionlint/releases/download/v1.7.12/actionlint_1.7.12_darwin_arm64.tar.gz"

[[tools.apm]]
version = "0.16.0"
backend = "github:microsoft/apm"

[tools.apm."platforms.linux-x64"]
checksum = "sha256:2b6ace79257328a9599b2569f4751e5e372e21aeada9e90b423d51df95f24f4d"
url = "https://github.com/microsoft/apm/releases/download/v0.16.0/apm-linux-x86_64.tar.gz"
url_api = "https://api.github.com/repos/microsoft/apm/releases/assets/432088197"

[tools.apm."platforms.macos-arm64"]
checksum = "sha256:f990cca0396658807622e03f23c4e801b1f9dfbf9c06503e0ae77516c514c701"
url = "https://github.com/microsoft/apm/releases/download/v0.16.0/apm-darwin-arm64.tar.gz"
url_api = "https://api.github.com/repos/microsoft/apm/releases/assets/432088191"

[[tools.atuin]]
version = "18.16.1"
backend = "aqua:atuinsh/atuin"

[tools.atuin."platforms.linux-x64"]
checksum = "sha256:aeee16faab126d2f11658ad4920c73fa8479b25fbd3e26570450af7310aac70a"
url = "https://github.com/atuinsh/atuin/releases/download/v18.16.1/atuin-x86_64-unknown-linux-musl.tar.gz"
provenance = "github-attestations"

[tools.atuin."platforms.macos-arm64"]
checksum = "sha256:0a3fdc4cfa18758d6a872950625f2042233df0412a0c10d0dadf30bfc3bc6d6b"
url = "https://github.com/atuinsh/atuin/releases/download/v18.16.1/atuin-aarch64-apple-darwin.tar.gz"
provenance = "github-attestations"

[[tools.aws-cli]]
version = "2.34.63"
backend = "aqua:aws/aws-cli"

[tools.aws-cli."platforms.linux-x64"]
url = "https://awscli.amazonaws.com/awscli-exe-linux-x86_64-2.34.63.zip"

[tools.aws-cli."platforms.macos-arm64"]
checksum = "blake3:053fb2a30a00f5b19168c6b008d7a1c7d1493e51f744b001dbce3bc4b5516b9b"
url = "https://awscli.amazonaws.com/AWSCLIV2-2.34.63.pkg"

[[tools.bat]]
version = "0.26.1"
backend = "aqua:sharkdp/bat"

[tools.bat."platforms.linux-x64"]
checksum = "sha256:0dcd8ac79732c0d5b136f11f4ee00e581440e16a44eab5b3105b611bbf2cf191"
url = "https://github.com/sharkdp/bat/releases/download/v0.26.1/bat-v0.26.1-x86_64-unknown-linux-musl.tar.gz"

[tools.bat."platforms.macos-arm64"]
checksum = "sha256:e30beff26779c9bf60bb541e1d79046250cb74378f2757f8eb250afddb19e114"
url = "https://github.com/sharkdp/bat/releases/download/v0.26.1/bat-v0.26.1-aarch64-apple-darwin.tar.gz"

[[tools.bun]]
version = "1.3.14"
backend = "core:bun"

[tools.bun."platforms.linux-x64"]
checksum = "sha256:951ee2aee855f08595aeec6225226a298d3fea83a3dcd6465c09cbccdf7e848f"
url = "https://github.com/oven-sh/bun/releases/download/bun-v1.3.14/bun-linux-x64.zip"

[tools.bun."platforms.linux-x64-baseline"]
checksum = "sha256:a063908ae08b7852ca10939bbdc6ceed3ddabce8fb9402dce83d65d73b36e6c7"
url = "https://github.com/oven-sh/bun/releases/download/bun-v1.3.14/bun-linux-x64-baseline.zip"

[tools.bun."platforms.linux-x64-musl"]
checksum = "sha256:14bd9aedeebf1dba67e8def9531c89bc989ecfdf1de42e5bfcaf1b8cd9294719"
url = "https://github.com/oven-sh/bun/releases/download/bun-v1.3.14/bun-linux-x64-musl.zip"

[tools.bun."platforms.linux-x64-musl-baseline"]
checksum = "sha256:56a7d6806cf155536c0178f0ea5fbd098e684fa509ebdb4fc0a7e19fb65382dc"
url = "https://github.com/oven-sh/bun/releases/download/bun-v1.3.14/bun-linux-x64-musl-baseline.zip"

[tools.bun."platforms.macos-arm64"]
checksum = "sha256:d8b96221828ad6f97ac7ac0ab7e95872341af763001e8803e8267652c2652620"
url = "https://github.com/oven-sh/bun/releases/download/bun-v1.3.14/bun-darwin-aarch64.zip"

[[tools.copilot]]
version = "1.0.57"
backend = "aqua:github/copilot-cli"

[tools.copilot."platforms.linux-x64"]
checksum = "sha256:d0d0d64ba259d07ce7bfe9a12cbd9a30d1dfa30bd1a20323bf7e9ea712a940f9"
url = "https://github.com/github/copilot-cli/releases/download/v1.0.57/copilot-linux-x64.tar.gz"

[tools.copilot."platforms.macos-arm64"]
checksum = "sha256:6e83dbd6e0c4738d9e784b89cd1db07ecb711349b66fecdf92dbbd2d4e6de9bb"
url = "https://github.com/github/copilot-cli/releases/download/v1.0.57/copilot-darwin-arm64.tar.gz"

[[tools.delta]]
version = "0.19.2"
backend = "aqua:dandavison/delta"

[tools.delta."platforms.linux-x64"]
checksum = "sha256:f1ea01ca7728ce3462debc359f39dfc7cbbc1a63224b71fefabf92042864aa1b"
url = "https://github.com/dandavison/delta/releases/download/0.19.2/delta-0.19.2-x86_64-unknown-linux-musl.tar.gz"

[tools.delta."platforms.macos-arm64"]
checksum = "sha256:9be36612a5a13e9e386dc498fb8e50dc87c72ee42b63db0ea05b32f99a72a69a"
url = "https://github.com/dandavison/delta/releases/download/0.19.2/delta-0.19.2-aarch64-apple-darwin.tar.gz"

[[tools.deno]]
version = "2.8.1"
backend = "core:deno"

[tools.deno."platforms.linux-x64"]
checksum = "sha256:2d7bb6195226ac832e0bf7109a115f0af65ee69ac797a4bbde5b27a06cc242d9"
url = "https://dl.deno.land/release/v2.8.1/deno-x86_64-unknown-linux-gnu.zip"

[tools.deno."platforms.macos-arm64"]
checksum = "sha256:8154e2de0ee8c1cae31fa88e078724aaef0295fab9fd2ad6f8520389cee908f6"
url = "https://dl.deno.land/release/v2.8.1/deno-aarch64-apple-darwin.zip"

[[tools.eza]]
version = "0.23.4"
backend = "asdf:eza"

[[tools.fastfetch]]
version = "2.63.1"
backend = "aqua:fastfetch-cli/fastfetch"

[tools.fastfetch."platforms.linux-x64"]
checksum = "sha256:75dcbcf5dbe51a6c3785767085bda00f5253af46a1292a6444746b33215d4199"
url = "https://github.com/fastfetch-cli/fastfetch/releases/download/2.63.1/fastfetch-linux-amd64.tar.gz"

[tools.fastfetch."platforms.macos-arm64"]
checksum = "sha256:19a6635e237f93bdc8ea7921eaa5dd72b2584eebb7bdaec91956f895033f1efb"
url = "https://github.com/fastfetch-cli/fastfetch/releases/download/2.63.1/fastfetch-macos-aarch64.tar.gz"

[[tools.fd]]
version = "10.4.2"
backend = "aqua:sharkdp/fd"

[tools.fd."platforms.linux-x64"]
checksum = "sha256:e3257d48e29a6be965187dbd24ce9af564e0fe67b3e73c9bdcd180f4ec11bdde"
url = "https://github.com/sharkdp/fd/releases/download/v10.4.2/fd-v10.4.2-x86_64-unknown-linux-musl.tar.gz"

[tools.fd."platforms.macos-arm64"]
checksum = "sha256:623dc0afc81b92e4d4606b380d7bc91916ba7b97814263e554d50923a39e480a"
url = "https://github.com/sharkdp/fd/releases/download/v10.4.2/fd-v10.4.2-aarch64-apple-darwin.tar.gz"

[[tools.ffmpeg]]
version = "8.1.1"
backend = "asdf:ffmpeg"

[[tools.flutter]]
version = "3.41.9-stable"
backend = "asdf:flutter"

[[tools.fvm]]
version = "4.1.0"
backend = "aqua:leoafarias/fvm"

[tools.fvm."platforms.linux-x64"]
checksum = "sha256:fc3965eacb67ea8e326503cf79cad35cc6534ab8aca22f352ece3eddeaec8829"
url = "https://github.com/leoafarias/fvm/releases/download/4.1.0/fvm-4.1.0-linux-x64.tar.gz"

[tools.fvm."platforms.macos-arm64"]
checksum = "sha256:68c10c490efbf3b845c3c997fdf978dcc7fd16a8cbb81b5ae1828bb7faa233bc"
url = "https://github.com/leoafarias/fvm/releases/download/4.1.0/fvm-4.1.0-macos-arm64.tar.gz"

[[tools.fzf]]
version = "0.73.1"
backend = "aqua:junegunn/fzf"

[tools.fzf."platforms.linux-x64"]
checksum = "sha256:f3252c2c366bc1700d3c85781ec8c9695998927ac127870eb049ceea2d540f8a"
url = "https://github.com/junegunn/fzf/releases/download/v0.73.1/fzf-0.73.1-linux_amd64.tar.gz"

[tools.fzf."platforms.macos-arm64"]
checksum = "sha256:d27fd68c04fb9b42f7c73a3f7d38069a74d308e40174f64a072c747213e97286"
url = "https://github.com/junegunn/fzf/releases/download/v0.73.1/fzf-0.73.1-darwin_arm64.tar.gz"

[[tools.gat]]
version = "0.29.0"
backend = "github:koki-develop/gat"

[tools.gat."platforms.linux-x64"]
checksum = "sha256:f208b8147a08a5cb89e4129b0681aa0dfecb8765cb22d52d7c5e459f52ee9021"
url = "https://github.com/koki-develop/gat/releases/download/v0.29.0/gat_Linux_x86_64.tar.gz"
url_api = "https://api.github.com/repos/koki-develop/gat/releases/assets/434333518"

[tools.gat."platforms.macos-arm64"]
checksum = "sha256:bf4f23154a4ae16883555719d1652f956543f83a6405d757c66852d4d02c7a8a"
url = "https://github.com/koki-develop/gat/releases/download/v0.29.0/gat_Darwin_arm64.tar.gz"
url_api = "https://api.github.com/repos/koki-develop/gat/releases/assets/434333516"

[[tools.gh]]
version = "2.93.0"
backend = "aqua:cli/cli"

[tools.gh."platforms.linux-x64"]
checksum = "sha256:02d1290eba130e0b896f3709ffff22e1c75a51475ddb70476a85abc6b5807af0"
url = "https://github.com/cli/cli/releases/download/v2.93.0/gh_2.93.0_linux_amd64.tar.gz"
provenance = "github-attestations"

[tools.gh."platforms.macos-arm64"]
checksum = "sha256:a86be4e0a86c26456cf71177d6572d6f1165cf1679e532b72f7f15918ee51fd2"
url = "https://github.com/cli/cli/releases/download/v2.93.0/gh_2.93.0_macOS_arm64.zip"
provenance = "github-attestations"

[[tools.ghq]]
version = "1.10.1"
backend = "aqua:x-motemen/ghq"

[tools.ghq."platforms.linux-x64"]
checksum = "sha256:32e380aa8ac76fdd58758cc06174d9ee5db7270bd0cbcc18138b5d36def91b6b"
url = "https://github.com/x-motemen/ghq/releases/download/v1.10.1/ghq_linux_amd64.zip"

[tools.ghq."platforms.macos-arm64"]
checksum = "sha256:5e3100de0c5a248eebe6ab176ad94d6e12386af70a58c535368a4301861b1398"
url = "https://github.com/x-motemen/ghq/releases/download/v1.10.1/ghq_darwin_arm64.zip"

[[tools.git-lfs]]
version = "3.7.1"
backend = "aqua:git-lfs/git-lfs"

[tools.git-lfs."platforms.linux-x64"]
checksum = "sha256:1c0b6ee5200ca708c5cebebb18fdeb0e1c98f1af5c1a9cba205a4c0ab5a5ec08"
url = "https://github.com/git-lfs/git-lfs/releases/download/v3.7.1/git-lfs-linux-amd64-v3.7.1.tar.gz"

[tools.git-lfs."platforms.macos-arm64"]
checksum = "sha256:76260fb34f4ee622ff0a66b857e5954aa49c7e343a92e57a1ec4a760618c94b2"
url = "https://github.com/git-lfs/git-lfs/releases/download/v3.7.1/git-lfs-darwin-arm64-v3.7.1.zip"

[[tools.gitleaks]]
version = "8.30.1"
backend = "aqua:gitleaks/gitleaks"

[tools.gitleaks."platforms.linux-x64"]
checksum = "sha256:551f6fc83ea457d62a0d98237cbad105af8d557003051f41f3e7ca7b3f2470eb"
url = "https://github.com/gitleaks/gitleaks/releases/download/v8.30.1/gitleaks_8.30.1_linux_x64.tar.gz"

[tools.gitleaks."platforms.macos-arm64"]
checksum = "sha256:b40ab0ae55c505963e365f271a8d3846efbc170aa17f2607f13df610a9aeb6a5"
url = "https://github.com/gitleaks/gitleaks/releases/download/v8.30.1/gitleaks_8.30.1_darwin_arm64.tar.gz"

[[tools.go]]
version = "1.26.3"
backend = "core:go"

[tools.go."platforms.linux-x64"]
checksum = "sha256:2b2cfc7148493da5e73981bffbf3353af381d5f93e789c82c79aff64962eb556"
url = "https://dl.google.com/go/go1.26.3.linux-amd64.tar.gz"

[tools.go."platforms.macos-arm64"]
checksum = "sha256:875cf54a15311eee2c99b9dd67c68c4a49351d489ab622bf2cfd28c8f2078d3c"
url = "https://dl.google.com/go/go1.26.3.darwin-arm64.tar.gz"

[[tools.gping]]
version = "1.20.1"
backend = "aqua:orf/gping"

[tools.gping."platforms.linux-x64"]
checksum = "sha256:793a27f578e86d5358ec67fb82a1251741cd3a8ce576ccc9589891380e6c72b0"
url = "https://github.com/orf/gping/releases/download/gping-v1.20.1/gping-Linux-gnu-x86_64.tar.gz"

[tools.gping."platforms.macos-arm64"]
checksum = "sha256:3cbfdd3653853cb4770542af7a9f259ddf93c08c507883320e4a00dfaaabca2b"
url = "https://github.com/orf/gping/releases/download/gping-v1.20.1/gping-macOS-arm64.tar.gz"

[[tools.java]]
version = "26.0.1"
backend = "core:java"

[[tools.jq]]
version = "1.8.1"
backend = "aqua:jqlang/jq"

[tools.jq."platforms.linux-x64"]
checksum = "sha256:020468de7539ce70ef1bceaf7cde2e8c4f2ca6c3afb84642aabc5c97d9fc2a0d"
url = "https://github.com/jqlang/jq/releases/download/jq-1.8.1/jq-linux-amd64"
provenance = "github-attestations"

[tools.jq."platforms.macos-arm64"]
checksum = "sha256:a9fe3ea2f86dfc72f6728417521ec9067b343277152b114f4e98d8cb0e263603"
url = "https://github.com/jqlang/jq/releases/download/jq-1.8.1/jq-macos-arm64"

[[tools.lazygit]]
version = "0.62.1"
backend = "aqua:jesseduffield/lazygit"

[tools.lazygit."platforms.linux-x64"]
checksum = "sha256:99d78cce8883b24150c2f4ba151f6a0443644f63f63794f18d6643e99f75be09"
url = "https://github.com/jesseduffield/lazygit/releases/download/v0.62.1/lazygit_0.62.1_linux_x86_64.tar.gz"

[tools.lazygit."platforms.macos-arm64"]
checksum = "sha256:878697eb72157915f5bff4d4a40f7ea896f096b308190a1a1b20fe17576cfd0d"
url = "https://github.com/jesseduffield/lazygit/releases/download/v0.62.1/lazygit_0.62.1_darwin_arm64.tar.gz"

[[tools.lua]]
version = "5.5.0"
backend = "vfox:mise-plugins/vfox-lua"

[tools.lua."platforms.linux-x64"]
url = "https://www.lua.org/ftp/lua-5.5.0.tar.gz"

[tools.lua."platforms.macos-arm64"]
url = "https://www.lua.org/ftp/lua-5.5.0.tar.gz"

[[tools.maestro]]
version = "cli-2.6.0"
backend = "github:mobile-dev-inc/maestro"

[tools.maestro."platforms.linux-x64"]
checksum = "sha256:80185105a5d7e227e3b3fbcf225f45b312508ea676a9fc8e1b1aa1cac8b9ff6e"
url = "https://github.com/mobile-dev-inc/Maestro/releases/download/cli-2.6.0/maestro.zip"
url_api = "https://api.github.com/repos/mobile-dev-inc/Maestro/releases/assets/426144631"

[tools.maestro."platforms.macos-arm64"]
checksum = "sha256:80185105a5d7e227e3b3fbcf225f45b312508ea676a9fc8e1b1aa1cac8b9ff6e"
url = "https://github.com/mobile-dev-inc/Maestro/releases/download/cli-2.6.0/maestro.zip"
url_api = "https://api.github.com/repos/mobile-dev-inc/Maestro/releases/assets/426144631"

[[tools.neovim]]
version = "0.12.2"
backend = "vfox:mise-plugins/vfox-neovim"

[[tools.node]]
version = "24.16.0"
backend = "core:node"

[tools.node."platforms.linux-x64"]
checksum = "sha256:2faf6a387e9b62b888e21c54f01249fb27537ffecf1842f29f4c919d0a59a0ff"
url = "https://nodejs.org/dist/v24.16.0/node-v24.16.0-linux-x64.tar.gz"

[tools.node."platforms.macos-arm64"]
checksum = "sha256:39189dab4eeb15706c424af0ac08a3044c9e48f7db12a7d77f6b7aafc7dd5df6"
url = "https://nodejs.org/dist/v24.16.0/node-v24.16.0-darwin-arm64.tar.gz"

[[tools.procs]]
version = "0.14.11"
backend = "aqua:dalance/procs"

[[tools.python]]
version = "3.14.5"
backend = "core:python"

[tools.python."platforms.linux-x64"]
checksum = "sha256:dc10977b0db3bef1ee2275107fde6fe9c148135b556fa352e83c6baa67d17ed6"
url = "https://github.com/astral-sh/python-build-standalone/releases/download/20260510/cpython-3.14.5+20260510-x86_64-unknown-linux-gnu-install_only_stripped.tar.gz"
provenance = "github-attestations"

[tools.python."platforms.macos-arm64"]
checksum = "blake3:8e7fb40cb57142654daad85c704e742080f2de52394006cf91db55572498ed37"
url = "https://github.com/astral-sh/python-build-standalone/releases/download/20260510/cpython-3.14.5+20260510-aarch64-apple-darwin-install_only_stripped.tar.gz"
provenance = "github-attestations"

[[tools.ripgrep]]
version = "15.1.0"
backend = "aqua:BurntSushi/ripgrep"

[tools.ripgrep."platforms.linux-x64"]
checksum = "sha256:1c9297be4a084eea7ecaedf93eb03d058d6faae29bbc57ecdaf5063921491599"
url = "https://github.com/BurntSushi/ripgrep/releases/download/15.1.0/ripgrep-15.1.0-x86_64-unknown-linux-musl.tar.gz"

[tools.ripgrep."platforms.macos-arm64"]
checksum = "sha256:378e973289176ca0c6054054ee7f631a065874a352bf43f0fa60ef079b6ba715"
url = "https://github.com/BurntSushi/ripgrep/releases/download/15.1.0/ripgrep-15.1.0-aarch64-apple-darwin.tar.gz"

[[tools.ruby]]
version = "3.4.9"
backend = "core:ruby"

[tools.ruby.options]
compile = "true"
ruby_build_repo = "https://github.com/rbenv/ruby-build.git"
ruby_install = "false"

[[tools.rust]]
version = "1.96.0"
backend = "asdf:rust"

[[tools.sheldon]]
version = "0.8.5"
backend = "aqua:rossmacarthur/sheldon"

[tools.sheldon."platforms.linux-x64"]
checksum = "sha256:80aa0be617072c278d67fd6c5fbce4903d3801d78b6abf8f058f0648d2242c78"
url = "https://github.com/rossmacarthur/sheldon/releases/download/0.8.5/sheldon-0.8.5-x86_64-unknown-linux-musl.tar.gz"

[tools.sheldon."platforms.macos-arm64"]
checksum = "sha256:6e47f10a25f165b095eb2bde1ab617d4d34ad6f3ff2ca984167ca94fadd52730"
url = "https://github.com/rossmacarthur/sheldon/releases/download/0.8.5/sheldon-0.8.5-aarch64-apple-darwin.tar.gz"

[[tools.shellcheck]]
version = "0.11.0"
backend = "aqua:koalaman/shellcheck"

[tools.shellcheck."platforms.linux-x64"]
checksum = "sha256:8c3be12b05d5c177a04c29e3c78ce89ac86f1595681cab149b65b97c4e227198"
url = "https://github.com/koalaman/shellcheck/releases/download/v0.11.0/shellcheck-v0.11.0.linux.x86_64.tar.xz"

[tools.shellcheck."platforms.macos-arm64"]
checksum = "sha256:56affdd8de5527894dca6dc3d7e0a99a873b0f004d7aabc30ae407d3f48b0a79"
url = "https://github.com/koalaman/shellcheck/releases/download/v0.11.0/shellcheck-v0.11.0.darwin.aarch64.tar.xz"

[[tools.starship]]
version = "1.25.1"
backend = "aqua:starship/starship"

[tools.starship."platforms.linux-x64"]
checksum = "sha256:c6ddd3ecb9c0071a2ad38d98cee748160066b7c4f197421268058f4a5d6f8504"
url = "https://github.com/starship/starship/releases/download/v1.25.1/starship-x86_64-unknown-linux-musl.tar.gz"

[tools.starship."platforms.macos-arm64"]
checksum = "sha256:1062a2363489b9335529b83204472f02633c08fc3609f1b325be5eba36feb631"
url = "https://github.com/starship/starship/releases/download/v1.25.1/starship-aarch64-apple-darwin.tar.gz"

[[tools.tree-sitter]]
version = "0.26.9"
backend = "aqua:tree-sitter/tree-sitter"

[tools.tree-sitter."platforms.linux-x64"]
checksum = "sha256:9ce82137caa65864e7ca8b869fd391cef88c9bd2a01c4371b9c4dd26c2585efb"
url = "https://github.com/tree-sitter/tree-sitter/releases/download/v0.26.9/tree-sitter-linux-x64.gz"
provenance = "github-attestations"

[tools.tree-sitter."platforms.macos-arm64"]
checksum = "sha256:e46725b2417c085b0761948abc0cc240bff6a3ab5d2128e3ad0de467ded3388d"
url = "https://github.com/tree-sitter/tree-sitter/releases/download/v0.26.9/tree-sitter-macos-arm64.gz"
provenance = "github-attestations"

[[tools.uv]]
version = "0.11.19"
backend = "asdf:uv"

[[tools.yazi]]
version = "26.5.6"
backend = "aqua:sxyazi/yazi"

[tools.yazi."platforms.linux-x64"]
checksum = "sha256:1031a02560d053301537195a6661d227c15cb4ce5c30481050b31e2b88681bff"
url = "https://github.com/sxyazi/yazi/releases/download/v26.5.6/yazi-x86_64-unknown-linux-musl.zip"

[tools.yazi."platforms.macos-arm64"]
checksum = "sha256:7abd71725e2fe27bed036becbf6ce79fa17964eb68491d34190011c94b8c7ca8"
url = "https://github.com/sxyazi/yazi/releases/download/v26.5.6/yazi-aarch64-apple-darwin.zip"

[[tools.zellij]]
version = "0.44.3"
backend = "aqua:zellij-org/zellij"

[tools.zellij."platforms.linux-x64"]
checksum = "sha256:0f7c346788627f506c0a28296517768633cff24fc822a739f8264b640ecad751"
url = "https://github.com/zellij-org/zellij/releases/download/v0.44.3/zellij-x86_64-unknown-linux-musl.tar.gz"

[tools.zellij."platforms.macos-arm64"]
checksum = "sha256:b6acf83a7739cf5f0f4e9bd47709642d4d98acbbf8c34d4a12c6e706f531da61"
url = "https://github.com/zellij-org/zellij/releases/download/v0.44.3/zellij-aarch64-apple-darwin.tar.gz"

[[tools.zoxide]]
version = "0.9.9"
backend = "aqua:ajeetdsouza/zoxide"

[tools.zoxide."platforms.linux-x64"]
checksum = "sha256:4ff057d3c4d957946937274c2b8be7af2a9bbae7f90a1b5e9baaa7cb65a20caa"
url = "https://github.com/ajeetdsouza/zoxide/releases/download/v0.9.9/zoxide-0.9.9-x86_64-unknown-linux-musl.tar.gz"

[tools.zoxide."platforms.macos-arm64"]
checksum = "sha256:57e733d0436309dae2ed97e46bba43937209395298e1d88812d4e893900cb40a"
url = "https://github.com/ajeetdsouza/zoxide/releases/download/v0.9.9/zoxide-0.9.9-aarch64-apple-darwin.tar.gz"
