{
  "lockfileVersion": 1,
  "configVersion": 1,
  "workspaces": {
    "": {
      "dependencies": {
        "@anthropic-ai/claude-code": "latest",
        "@google/gemini-cli": "latest",
        "@openai/codex": "latest",
        "typescript": "latest",
      },
    },
  },
  "packages": {
    "@anthropic-ai/claude-code": ["@anthropic-ai/claude-code@2.1.152", "", { "optionalDependencies": { "@anthropic-ai/claude-code-darwin-arm64": "2.1.152", "@anthropic-ai/claude-code-darwin-x64": "2.1.152", "@anthropic-ai/claude-code-linux-arm64": "2.1.152", "@anthropic-ai/claude-code-linux-arm64-musl": "2.1.152", "@anthropic-ai/claude-code-linux-x64": "2.1.152", "@anthropic-ai/claude-code-linux-x64-musl": "2.1.152", "@anthropic-ai/claude-code-win32-arm64": "2.1.152", "@anthropic-ai/claude-code-win32-x64": "2.1.152" }, "bin": { "claude": "bin/claude.exe" } }, "sha512-pIw2rF+L++yBsrByBTJeA5yKFT/SLT3yXy2aXAPFHiMWJ1n+dV2f+nnkXPa/P8ojOWHEs5H63TNdqlnW9tiJNA=="],

    "@anthropic-ai/claude-code-darwin-arm64": ["@anthropic-ai/claude-code-darwin-arm64@2.1.152", "", { "os": "darwin", "cpu": "arm64" }, "sha512-xs5jv9N62R9Mtwyhl7GADr+fYxMPvKW0cjTApxahOc/pn2+iw/R8Eh++YWGPLDjsIe1TFox2+cbnWgSnOONRmg=="],

    "@anthropic-ai/claude-code-darwin-x64": ["@anthropic-ai/claude-code-darwin-x64@2.1.152", "", { "os": "darwin", "cpu": "x64" }, "sha512-wGo+CCjLe1ijhwSiuIa4kXf/xGw6nGddM0ufpV3HoJsUfrwn/ASEMykXTh/7sWQ4FJodVYTKgdGEq+GvMDRkzg=="],

    "@anthropic-ai/claude-code-linux-arm64": ["@anthropic-ai/claude-code-linux-arm64@2.1.152", "", { "os": "linux", "cpu": "arm64" }, "sha512-VXwtyzerTqZC9NNcyFLPrluDtN9fJFpsbaBssKzAeMiV1P1woVKeBGUXcvX6iCLFEcRuQEQNVyd6dycZ/4Zt8A=="],

    "@anthropic-ai/claude-code-linux-arm64-musl": ["@anthropic-ai/claude-code-linux-arm64-musl@2.1.152", "", { "os": "linux", "cpu": "arm64" }, "sha512-tGxIDFCMiyDOYrCQooQbTNuyJulFN4RL8wYeVyrKjYbmToyoYre6C6a4ljy57vUezmBfA1Ul4cuoj1iPb0IHCw=="],

    "@anthropic-ai/claude-code-linux-x64": ["@anthropic-ai/claude-code-linux-x64@2.1.152", "", { "os": "linux", "cpu": "x64" }, "sha512-TOGJ6lM1ZBWoiVg1lxdPK8cPFuz8T0oPERVQoiS/WJkejYcNHGsNVj/XpZhYoXI6uhhMuDsVVVbBBuKtGB34oQ=="],

    "@anthropic-ai/claude-code-linux-x64-musl": ["@anthropic-ai/claude-code-linux-x64-musl@2.1.152", "", { "os": "linux", "cpu": "x64" }, "sha512-14O8q3zDm1QMmOlMiPwrw1Hru2M2t0V7a0v63ROYWY2rlHw/a7rDY/wgr2GsydAf2dY5KpKt8mBTHebNK91akg=="],

    "@anthropic-ai/claude-code-win32-arm64": ["@anthropic-ai/claude-code-win32-arm64@2.1.152", "", { "os": "win32", "cpu": "arm64" }, "sha512-KMZVqluVrxMJnTsm+rjywnd9cI7vzw3DIixThXvKv/ePF4SVg4mPBx/7C64McRbE7IuXPpgzcf6PDMSMZjh7Nw=="],

    "@anthropic-ai/claude-code-win32-x64": ["@anthropic-ai/claude-code-win32-x64@2.1.152", "", { "os": "win32", "cpu": "x64" }, "sha512-97SuCn99ctCA/tMPt255DQVUfJQkdwT6ynaaFXoc2GVLI/9Geq79PuunN/ZAEni+66q6S7dYDajVa0bYhGwXcw=="],

    "@github/keytar": ["@github/keytar@7.10.6", "", { "dependencies": { "node-addon-api": "^8.3.0" } }, "sha512-mRW6cUsSG+nj4jp5gp8e91zPySaT73r+2JM6VyMZfrEgksjPmjSMr+tPGNOK3HUHV+GUU9B1LAiiYy/wmAnIxA=="],

    "@google/gemini-cli": ["@google/gemini-cli@0.43.0", "", { "optionalDependencies": { "@github/keytar": "^7.10.6", "@lydell/node-pty": "1.1.0", "@lydell/node-pty-darwin-arm64": "1.1.0", "@lydell/node-pty-darwin-x64": "1.1.0", "@lydell/node-pty-linux-x64": "1.1.0", "@lydell/node-pty-win32-arm64": "1.1.0", "@lydell/node-pty-win32-x64": "1.1.0", "node-pty": "^1.0.0" }, "bin": { "gemini": "bundle/gemini.js" } }, "sha512-NORRWHrI4xMUeiPmLjXV0lH/n+H5Osmjj/2awX7sb1IlHmOYO0WoXnYLrC3+Xyjh7otm0ZHJX8pzaOlGofiZYQ=="],

    "@lydell/node-pty": ["@lydell/node-pty@1.1.0", "", { "optionalDependencies": { "@lydell/node-pty-darwin-arm64": "1.1.0", "@lydell/node-pty-darwin-x64": "1.1.0", "@lydell/node-pty-linux-arm64": "1.1.0", "@lydell/node-pty-linux-x64": "1.1.0", "@lydell/node-pty-win32-arm64": "1.1.0", "@lydell/node-pty-win32-x64": "1.1.0" } }, "sha512-VDD8LtlMTOrPKWMXUAcB9+LTktzuunqrMwkYR1DMRBkS6LQrCt+0/Ws1o2rMml/n3guePpS7cxhHF7Nm5K4iMw=="],

    "@lydell/node-pty-darwin-arm64": ["@lydell/node-pty-darwin-arm64@1.1.0", "", { "os": "darwin", "cpu": "arm64" }, "sha512-7kFD+owAA61qmhJCtoMbqj3Uvff3YHDiU+4on5F2vQdcMI3MuwGi7dM6MkFG/yuzpw8LF2xULpL71tOPUfxs0w=="],

    "@lydell/node-pty-darwin-x64": ["@lydell/node-pty-darwin-x64@1.1.0", "", { "os": "darwin", "cpu": "x64" }, "sha512-XZdvqj5FjAMjH8bdp0YfaZjur5DrCIDD1VYiE9EkkYVMDQqRUPHYV3U8BVEQVT9hYfjmpr7dNaELF2KyISWSNA=="],

    "@lydell/node-pty-linux-arm64": ["@lydell/node-pty-linux-arm64@1.1.0", "", { "os": "linux", "cpu": "arm64" }, "sha512-yyDBmalCfHpLiQMT2zyLcqL2Fay4Xy7rIs8GH4dqKLnEviMvPGOK7LADVkKAsbsyXBSISL3Lt1m1MtxhPH6ckg=="],

    "@lydell/node-pty-linux-x64": ["@lydell/node-pty-linux-x64@1.1.0", "", { "os": "linux", "cpu": "x64" }, "sha512-NcNqRTD14QT+vXcEuqSSvmWY+0+WUBn2uRE8EN0zKtDpIEr9d+YiFj16Uqds6QfcLCHfZmC+Ls7YzwTaqDnanA=="],

    "@lydell/node-pty-win32-arm64": ["@lydell/node-pty-win32-arm64@1.1.0", "", { "os": "win32", "cpu": "arm64" }, "sha512-JOMbCou+0fA7d/m97faIIfIU0jOv8sn2OR7tI45u3AmldKoKoLP8zHY6SAvDDnI3fccO1R2HeR1doVjpS7HM0w=="],

    "@lydell/node-pty-win32-x64": ["@lydell/node-pty-win32-x64@1.1.0", "", { "os": "win32", "cpu": "x64" }, "sha512-3N56BZ+WDFnUMYRtsrr7Ky2mhWGl9xXcyqR6cexfuCqcz9RNWL+KoXRv/nZylY5dYaXkft4JaR1uVu+roiZDAw=="],

    "@openai/codex": ["@openai/codex@0.134.0", "", { "optionalDependencies": { "@openai/codex-darwin-arm64": "npm:@openai/codex@0.134.0-darwin-arm64", "@openai/codex-darwin-x64": "npm:@openai/codex@0.134.0-darwin-x64", "@openai/codex-linux-arm64": "npm:@openai/codex@0.134.0-linux-arm64", "@openai/codex-linux-x64": "npm:@openai/codex@0.134.0-linux-x64", "@openai/codex-win32-arm64": "npm:@openai/codex@0.134.0-win32-arm64", "@openai/codex-win32-x64": "npm:@openai/codex@0.134.0-win32-x64" }, "bin": { "codex": "bin/codex.js" } }, "sha512-N0vmdTXl/rglZjgd3PaMe9oRrqjO6zZ//uAvUhCDRnJNAUT3LrpYvCK3y9B/ev7QcChfXR43IGUh3ssqWRvMmA=="],

    "@openai/codex-darwin-arm64": ["@openai/codex@0.134.0-darwin-arm64", "", { "os": "darwin", "cpu": "arm64" }, "sha512-pOxwQjb1HHtY6KG66+g/rX7uP4yBvchfCrQw22ddYy64s7fJqnD6UV/Ur60j6MWXt71jcaWLEkV1pJthQy9CFQ=="],

    "@openai/codex-darwin-x64": ["@openai/codex@0.134.0-darwin-x64", "", { "os": "darwin", "cpu": "x64" }, "sha512-XjRtq8PB9dtpxQ5QU6TrzR/z8EVlLLk55oonsyRp3VkMOsKjJWXvLxAnmzUm1MuVZqz90Ua7CJbr+8BG+ZUWpA=="],

    "@openai/codex-linux-arm64": ["@openai/codex@0.134.0-linux-arm64", "", { "os": "linux", "cpu": "arm64" }, "sha512-fqI8iClQGvrANFx/dJwZK8KNQlqlQKo7A/UB5G7IaeTAAJ+y/CG2R33Bbd9GboH/8ormY39ureNk27eqt++51g=="],

    "@openai/codex-linux-x64": ["@openai/codex@0.134.0-linux-x64", "", { "os": "linux", "cpu": "x64" }, "sha512-d/o1AVAniQU2oSEq7ZV0hVwzmk6Dj2IWeNPLnX/KXyv1DfIMJbY+qEg/xhfRmuVW4VPhrhQLBITwrkAYviy1MA=="],

    "@openai/codex-win32-arm64": ["@openai/codex@0.134.0-win32-arm64", "", { "os": "win32", "cpu": "arm64" }, "sha512-8OdRmbCcyLLMF3Bg6945PW6INZ7bZVygYo2lusnC0Q2KZ3MRYrMnXRJ6mfvkDc8kPpFE+djMFnQ70gt/jBLVCA=="],

    "@openai/codex-win32-x64": ["@openai/codex@0.134.0-win32-x64", "", { "os": "win32", "cpu": "x64" }, "sha512-hW1omBcN1jKeVUVnTqWlpc42nF2qAwCEN6l1IFeKFJegYoZ39YrE7pdh56gAmaZTyT5Eexx7cgNpaEK3JElxvA=="],

    "node-addon-api": ["node-addon-api@8.7.0", "", {}, "sha512-9MdFxmkKaOYVTV+XVRG8ArDwwQ77XIgIPyKASB1k3JPq3M8fGQQQE3YpMOrKm6g//Ktx8ivZr8xo1Qmtqub+GA=="],

    "node-pty": ["node-pty@1.1.0", "", { "dependencies": { "node-addon-api": "^7.1.0" } }, "sha512-20JqtutY6JPXTUnL0ij1uad7Qe1baT46lyolh2sSENDd4sTzKZ4nmAFkeAARDKwmlLjPx6XKRlwRUxwjOy+lUg=="],

    "typescript": ["typescript@6.0.3", "", { "bin": { "tsc": "bin/tsc", "tsserver": "bin/tsserver" } }, "sha512-y2TvuxSZPDyQakkFRPZHKFm+KKVqIisdg9/CZwm9ftvKXLP8NRWj38/ODjNbr43SsoXqNuAisEf1GdCxqWcdBw=="],

    "node-pty/node-addon-api": ["node-addon-api@7.1.1", "", {}, "sha512-5m3bsyrjFWE1xf7nz7YXdN4udnVtXK6/Yfgn5qnahL6bCkf2yKt4k3nuTKAtT4r3IG8JNR2ncsIMdZuAzJjHQQ=="],
  }
}
