{
  "lockfileVersion": 1,
  "configVersion": 1,
  "workspaces": {
    "": {
      "dependencies": {
        "@anthropic-ai/claude-code": "latest",
        "@google/gemini-cli": "latest",
        "@openai/codex": "latest",
        "typescript": "latest",
      },
    },
  },
  "packages": {
    "@anthropic-ai/claude-code": ["@anthropic-ai/claude-code@2.1.170", "", { "optionalDependencies": { "@anthropic-ai/claude-code-darwin-arm64": "2.1.170", "@anthropic-ai/claude-code-darwin-x64": "2.1.170", "@anthropic-ai/claude-code-linux-arm64": "2.1.170", "@anthropic-ai/claude-code-linux-arm64-musl": "2.1.170", "@anthropic-ai/claude-code-linux-x64": "2.1.170", "@anthropic-ai/claude-code-linux-x64-musl": "2.1.170", "@anthropic-ai/claude-code-win32-arm64": "2.1.170", "@anthropic-ai/claude-code-win32-x64": "2.1.170" }, "bin": { "claude": "bin/claude.exe" } }, "sha512-/kMpp+fz72boi8KvAW4EZ1G8FWtPAR3vH1uKGlYpoZ2O9SU5XdaYCTvw5tPyYGDoB+eFiOnolfTiKPUK8vnP7g=="],

    "@anthropic-ai/claude-code-darwin-arm64": ["@anthropic-ai/claude-code-darwin-arm64@2.1.170", "", { "os": "darwin", "cpu": "arm64" }, "sha512-lnBfVVTO+Wk31IAh5KDOY+Cuu1vIHC3N3UjHY9SEroDat8XKqjFtckY50jPi50m5x0oWkeQiyDl4nPstgdkNwQ=="],

    "@anthropic-ai/claude-code-darwin-x64": ["@anthropic-ai/claude-code-darwin-x64@2.1.170", "", { "os": "darwin", "cpu": "x64" }, "sha512-w2lZwSsKDVqrY8O6N65SSP309JJleWrUx9tltW2SIGaPRLybtrZf7q6KxDz3I/gEMBhpwnC2MHXYMU0sw6JXzg=="],

    "@anthropic-ai/claude-code-linux-arm64": ["@anthropic-ai/claude-code-linux-arm64@2.1.170", "", { "os": "linux", "cpu": "arm64" }, "sha512-J2682NcqJbDouDcmR8VeVDAB4UxWryDMUZfPYdvbwiG3sM6SyupBHPuXgwIEcaT1M1jlpBiWRdJ4ActHF5Drng=="],

    "@anthropic-ai/claude-code-linux-arm64-musl": ["@anthropic-ai/claude-code-linux-arm64-musl@2.1.170", "", { "os": "linux", "cpu": "arm64" }, "sha512-ClnCeAnKuOqyuEqU4jiEZSsdQfA8gzuEoiTCQtGEEYHWSwu341aZa35EmNl90JIXqIl5i8sNbA+ZMD+GEKGfUQ=="],

    "@anthropic-ai/claude-code-linux-x64": ["@anthropic-ai/claude-code-linux-x64@2.1.170", "", { "os": "linux", "cpu": "x64" }, "sha512-SSQ6TsGbZJSC1s6R5pxlTZPq1bilSpoTR8JANOq8ALUkbRVhgVSl0PiSSNSnc3zNdDCA1iA3ywLmAuISuhlvKA=="],

    "@anthropic-ai/claude-code-linux-x64-musl": ["@anthropic-ai/claude-code-linux-x64-musl@2.1.170", "", { "os": "linux", "cpu": "x64" }, "sha512-mPwe4thBIj8nAbhzkKGmCLnqWuFxUI1wvrFai7TttlPMMeM2gelXaJnfgo9LEgEkp5KqqBFZRNeYQREiJsEqUQ=="],

    "@anthropic-ai/claude-code-win32-arm64": ["@anthropic-ai/claude-code-win32-arm64@2.1.170", "", { "os": "win32", "cpu": "arm64" }, "sha512-c3coVcbv6Ea8UBM4EYPbW341AC691Z9bCMEIWn/7YogLzRbBrhBQiMfPXN0qnapUMF8Osii093239PmdgXAHrA=="],

    "@anthropic-ai/claude-code-win32-x64": ["@anthropic-ai/claude-code-win32-x64@2.1.170", "", { "os": "win32", "cpu": "x64" }, "sha512-wUcLJQuxirInc9mOqIY/z9i7eXxJFy7ShXtN+PZJpZRJJR8Evbx2ZbBwT/zcUNN1nyhHao34gwLp6LXHd3G9lg=="],

    "@github/keytar": ["@github/keytar@7.10.6", "", { "dependencies": { "node-addon-api": "^8.3.0" } }, "sha512-mRW6cUsSG+nj4jp5gp8e91zPySaT73r+2JM6VyMZfrEgksjPmjSMr+tPGNOK3HUHV+GUU9B1LAiiYy/wmAnIxA=="],

    "@google/gemini-cli": ["@google/gemini-cli@0.46.0", "", { "optionalDependencies": { "@github/keytar": "^7.10.6", "@lydell/node-pty": "1.1.0", "@lydell/node-pty-darwin-arm64": "1.1.0", "@lydell/node-pty-darwin-x64": "1.1.0", "@lydell/node-pty-linux-x64": "1.1.0", "@lydell/node-pty-win32-arm64": "1.1.0", "@lydell/node-pty-win32-x64": "1.1.0", "node-pty": "^1.0.0" }, "bin": { "gemini": "bundle/gemini.js" } }, "sha512-+HZtuuDKsL8mvOUWgK08GkrL1BQM4IplaSzxIjAM262FmJFp3Jo/zlHUq9ulRKcvx0agZ4KAzuj7jG9yIAxFBw=="],

    "@lydell/node-pty": ["@lydell/node-pty@1.1.0", "", { "optionalDependencies": { "@lydell/node-pty-darwin-arm64": "1.1.0", "@lydell/node-pty-darwin-x64": "1.1.0", "@lydell/node-pty-linux-arm64": "1.1.0", "@lydell/node-pty-linux-x64": "1.1.0", "@lydell/node-pty-win32-arm64": "1.1.0", "@lydell/node-pty-win32-x64": "1.1.0" } }, "sha512-VDD8LtlMTOrPKWMXUAcB9+LTktzuunqrMwkYR1DMRBkS6LQrCt+0/Ws1o2rMml/n3guePpS7cxhHF7Nm5K4iMw=="],

    "@lydell/node-pty-darwin-arm64": ["@lydell/node-pty-darwin-arm64@1.1.0", "", { "os": "darwin", "cpu": "arm64" }, "sha512-7kFD+owAA61qmhJCtoMbqj3Uvff3YHDiU+4on5F2vQdcMI3MuwGi7dM6MkFG/yuzpw8LF2xULpL71tOPUfxs0w=="],

    "@lydell/node-pty-darwin-x64": ["@lydell/node-pty-darwin-x64@1.1.0", "", { "os": "darwin", "cpu": "x64" }, "sha512-XZdvqj5FjAMjH8bdp0YfaZjur5DrCIDD1VYiE9EkkYVMDQqRUPHYV3U8BVEQVT9hYfjmpr7dNaELF2KyISWSNA=="],

    "@lydell/node-pty-linux-arm64": ["@lydell/node-pty-linux-arm64@1.1.0", "", { "os": "linux", "cpu": "arm64" }, "sha512-yyDBmalCfHpLiQMT2zyLcqL2Fay4Xy7rIs8GH4dqKLnEviMvPGOK7LADVkKAsbsyXBSISL3Lt1m1MtxhPH6ckg=="],

    "@lydell/node-pty-linux-x64": ["@lydell/node-pty-linux-x64@1.1.0", "", { "os": "linux", "cpu": "x64" }, "sha512-NcNqRTD14QT+vXcEuqSSvmWY+0+WUBn2uRE8EN0zKtDpIEr9d+YiFj16Uqds6QfcLCHfZmC+Ls7YzwTaqDnanA=="],

    "@lydell/node-pty-win32-arm64": ["@lydell/node-pty-win32-arm64@1.1.0", "", { "os": "win32", "cpu": "arm64" }, "sha512-JOMbCou+0fA7d/m97faIIfIU0jOv8sn2OR7tI45u3AmldKoKoLP8zHY6SAvDDnI3fccO1R2HeR1doVjpS7HM0w=="],

    "@lydell/node-pty-win32-x64": ["@lydell/node-pty-win32-x64@1.1.0", "", { "os": "win32", "cpu": "x64" }, "sha512-3N56BZ+WDFnUMYRtsrr7Ky2mhWGl9xXcyqR6cexfuCqcz9RNWL+KoXRv/nZylY5dYaXkft4JaR1uVu+roiZDAw=="],

    "@openai/codex": ["@openai/codex@0.139.0", "", { "optionalDependencies": { "@openai/codex-darwin-arm64": "npm:@openai/codex@0.139.0-darwin-arm64", "@openai/codex-darwin-x64": "npm:@openai/codex@0.139.0-darwin-x64", "@openai/codex-linux-arm64": "npm:@openai/codex@0.139.0-linux-arm64", "@openai/codex-linux-x64": "npm:@openai/codex@0.139.0-linux-x64", "@openai/codex-win32-arm64": "npm:@openai/codex@0.139.0-win32-arm64", "@openai/codex-win32-x64": "npm:@openai/codex@0.139.0-win32-x64" }, "bin": { "codex": "bin/codex.js" } }, "sha512-wr2fRE+fzW0CjEbfFsLh1ftarVEcw0CMLWS7QyA0nyOz5qacQPVq3cq2+/U7oEbwm1TOqoi0Fm1nxniB5FkpmA=="],

    "@openai/codex-darwin-arm64": ["@openai/codex@0.139.0-darwin-arm64", "", { "os": "darwin", "cpu": "arm64" }, "sha512-o+0ZKWwgDFMMLO7rwinzO0PQsgK+Vme1pMN2GeAxsX29ZgGZcyPICfpJbeGSUO1mb2a36Skjx6nfdRnxMY0r7w=="],

    "@openai/codex-darwin-x64": ["@openai/codex@0.139.0-darwin-x64", "", { "os": "darwin", "cpu": "x64" }, "sha512-9gkBWzu6DB2rqU4DbpxD3DE5bofGpsK46Lp0h0I+bKWc2IIcxvSi8K2utKmBLoJCbKrn4JQu7dFNGRqEfENung=="],

    "@openai/codex-linux-arm64": ["@openai/codex@0.139.0-linux-arm64", "", { "os": "linux", "cpu": "arm64" }, "sha512-tBQE5lZciRHeWZGuURgjP9S717MvTIpQMc593+DNxY2LQxozkngOkzFSQd1+/UmQKGrCqdFLu5irIwPXpSZyEw=="],

    "@openai/codex-linux-x64": ["@openai/codex@0.139.0-linux-x64", "", { "os": "linux", "cpu": "x64" }, "sha512-14UgzDS+X4crkvdt6S02A/ZZOrS8ZyWiuTRpguCtnhNamb7unSuDxy86BWgpAl3sqiTaN2CP8VLyp2ohQ8Nbzw=="],

    "@openai/codex-win32-arm64": ["@openai/codex@0.139.0-win32-arm64", "", { "os": "win32", "cpu": "arm64" }, "sha512-nlwRjsYotH1Rtqu/Q0VwQbIeO2UX1mkHK84Ov9qn/hl29QqqoBtno0tRyqIPbkXFIVQuWiAYXlV3ugLwH5fTrQ=="],

    "@openai/codex-win32-x64": ["@openai/codex@0.139.0-win32-x64", "", { "os": "win32", "cpu": "x64" }, "sha512-lQrVLNz+90wdvWVNFDvCkHQRiAK9ZllmkTka3c8eqSDqdJk35Gpgppfv9Xtw5M2ZBtTq0sBdWBiCMyzGDBSpmQ=="],

    "node-addon-api": ["node-addon-api@8.7.0", "", {}, "sha512-9MdFxmkKaOYVTV+XVRG8ArDwwQ77XIgIPyKASB1k3JPq3M8fGQQQE3YpMOrKm6g//Ktx8ivZr8xo1Qmtqub+GA=="],

    "node-pty": ["node-pty@1.1.0", "", { "dependencies": { "node-addon-api": "^7.1.0" } }, "sha512-20JqtutY6JPXTUnL0ij1uad7Qe1baT46lyolh2sSENDd4sTzKZ4nmAFkeAARDKwmlLjPx6XKRlwRUxwjOy+lUg=="],

    "typescript": ["typescript@6.0.3", "", { "bin": { "tsc": "bin/tsc", "tsserver": "bin/tsserver" } }, "sha512-y2TvuxSZPDyQakkFRPZHKFm+KKVqIisdg9/CZwm9ftvKXLP8NRWj38/ODjNbr43SsoXqNuAisEf1GdCxqWcdBw=="],

    "node-pty/node-addon-api": ["node-addon-api@7.1.1", "", {}, "sha512-5m3bsyrjFWE1xf7nz7YXdN4udnVtXK6/Yfgn5qnahL6bCkf2yKt4k3nuTKAtT4r3IG8JNR2ncsIMdZuAzJjHQQ=="],
  }
}
