# @generated - this file is auto-generated by `mise lock` https://mise.en.dev/dev-tools/mise-lock.html

[[tools.actionlint]]
version = "1.7.12"
backend = "aqua:rhysd/actionlint"

[tools.actionlint."platforms.linux-arm64"]
checksum = "sha256:325e971b6ba9bfa504672e29be93c24981eeb1c07576d730e9f7c8805afff0c6"
url = "https://github.com/rhysd/actionlint/releases/download/v1.7.12/actionlint_1.7.12_linux_arm64.tar.gz"
url_api = "https://api.github.com/repos/rhysd/actionlint/releases/assets/384924897"
provenance = "github-attestations"

[tools.actionlint."platforms.linux-x64"]
checksum = "sha256:8aca8db96f1b94770f1b0d72b6dddcb1ebb8123cb3712530b08cc387b349a3d8"
url = "https://github.com/rhysd/actionlint/releases/download/v1.7.12/actionlint_1.7.12_linux_amd64.tar.gz"
url_api = "https://api.github.com/repos/rhysd/actionlint/releases/assets/384924896"
provenance = "github-attestations"

[tools.actionlint."platforms.macos-arm64"]
checksum = "sha256:aba9ced2dee8d27fecca3dc7feb1a7f9a52caefa1eb46f3271ea66b6e0e6953f"
url = "https://github.com/rhysd/actionlint/releases/download/v1.7.12/actionlint_1.7.12_darwin_arm64.tar.gz"
url_api = "https://api.github.com/repos/rhysd/actionlint/releases/assets/384924893"
provenance = "github-attestations"

[[tools.apm]]
version = "0.28.0"
backend = "github:microsoft/apm"

[tools.apm."platforms.linux-arm64"]
checksum = "sha256:0b3a644d6073106d1a06623e0baa0c4d75a5ae5ffe55c30eed927bba48600119"
url = "https://github.com/microsoft/apm/releases/download/v0.28.0/apm-linux-arm64.tar.gz"
url_api = "https://api.github.com/repos/microsoft/apm/releases/assets/503748777"

[tools.apm."platforms.linux-x64"]
checksum = "sha256:7edab3baba96658a20120fc8f3012e3223da7924937a8cbf169bf9805853b8d7"
url = "https://github.com/microsoft/apm/releases/download/v0.28.0/apm-linux-x86_64.tar.gz"
url_api = "https://api.github.com/repos/microsoft/apm/releases/assets/503748776"

[tools.apm."platforms.macos-arm64"]
checksum = "sha256:9676a6e7bf2bcb3966538a7130faea14ba030baa45f678597cc3fa15c902cb0a"
url = "https://github.com/microsoft/apm/releases/download/v0.28.0/apm-darwin-arm64.tar.gz"
url_api = "https://api.github.com/repos/microsoft/apm/releases/assets/503748770"

[[tools.ast-grep]]
version = "0.45.2"
backend = "aqua:ast-grep/ast-grep"

[tools.ast-grep."platforms.linux-arm64"]
checksum = "sha256:e67ee2f5928b4d77a472114edf6e227d90fefe22fa47e7a78db187c55d206564"
url = "https://github.com/ast-grep/ast-grep/releases/download/0.45.2/app-aarch64-unknown-linux-gnu.zip"
url_api = "https://api.github.com/repos/ast-grep/ast-grep/releases/assets/526582046"

[tools.ast-grep."platforms.linux-x64"]
checksum = "sha256:67aff72dd2994bf152fcc3a8a09cf93b13193abe59f39393095167c729af2015"
url = "https://github.com/ast-grep/ast-grep/releases/download/0.45.2/app-x86_64-unknown-linux-gnu.zip"
url_api = "https://api.github.com/repos/ast-grep/ast-grep/releases/assets/526581269"

[tools.ast-grep."platforms.macos-arm64"]
checksum = "sha256:1fc21214234bf6f5a3f841d5b2493a4fc4b6087f69b055c9ad5f94f77c0ab76e"
url = "https://github.com/ast-grep/ast-grep/releases/download/0.45.2/app-aarch64-apple-darwin.zip"
url_api = "https://api.github.com/repos/ast-grep/ast-grep/releases/assets/526581149"

[[tools.atuin]]
version = "18.20.1"
backend = "aqua:atuinsh/atuin"

[tools.atuin."platforms.linux-arm64"]
checksum = "sha256:95e465ab3d9c328732b3e129f7bdd3864d32948afb6c18f306101ee11ba57177"
url = "https://github.com/atuinsh/atuin/releases/download/v18.20.1/atuin-aarch64-unknown-linux-gnu.tar.gz"
url_api = "https://api.github.com/repos/atuinsh/atuin/releases/assets/531543785"
provenance = "github-attestations"

[tools.atuin."platforms.linux-x64"]
checksum = "sha256:f2dc7cd19fba87efdea37d80695f7d29364bd66384098fa5bdbc3e0654be4e33"
url = "https://github.com/atuinsh/atuin/releases/download/v18.20.1/atuin-x86_64-unknown-linux-gnu.tar.gz"
url_api = "https://api.github.com/repos/atuinsh/atuin/releases/assets/531543852"
provenance = "github-attestations"

[tools.atuin."platforms.macos-arm64"]
checksum = "sha256:690281d1b907973856ddc4430461f880530cc3f52398a331c284b2f9371f5025"
url = "https://github.com/atuinsh/atuin/releases/download/v18.20.1/atuin-aarch64-apple-darwin.tar.gz"
url_api = "https://api.github.com/repos/atuinsh/atuin/releases/assets/531543786"
provenance = "github-attestations"

[[tools.aws-cli]]
version = "2.36.39"
backend = "aqua:aws/aws-cli"

[tools.aws-cli."platforms.linux-arm64"]
url = "https://awscli.amazonaws.com/awscli-exe-linux-aarch64-2.36.39.zip"

[tools.aws-cli."platforms.linux-x64"]
url = "https://awscli.amazonaws.com/awscli-exe-linux-x86_64-2.36.39.zip"

[tools.aws-cli."platforms.macos-arm64"]
checksum = "blake3:415fdb08ed66b7edd2c0284c19d0d6c51ec8e6f53d1f8068ca1b0e7aa1074119"
url = "https://awscli.amazonaws.com/AWSCLIV2-2.36.39.pkg"

[[tools.bat]]
version = "0.26.1"
backend = "aqua:sharkdp/bat"

[tools.bat."platforms.linux-arm64"]
checksum = "sha256:6369242c584065f195fb20cb36fbd7cb63ae690605bbe89868a7596b596c2c23"
url = "https://github.com/sharkdp/bat/releases/download/v0.26.1/bat-v0.26.1-aarch64-unknown-linux-musl.tar.gz"
url_api = "https://api.github.com/repos/sharkdp/bat/releases/assets/323548153"

[tools.bat."platforms.linux-x64"]
checksum = "sha256:0dcd8ac79732c0d5b136f11f4ee00e581440e16a44eab5b3105b611bbf2cf191"
url = "https://github.com/sharkdp/bat/releases/download/v0.26.1/bat-v0.26.1-x86_64-unknown-linux-musl.tar.gz"
url_api = "https://api.github.com/repos/sharkdp/bat/releases/assets/323549429"

[tools.bat."platforms.macos-arm64"]
checksum = "sha256:e30beff26779c9bf60bb541e1d79046250cb74378f2757f8eb250afddb19e114"
url = "https://github.com/sharkdp/bat/releases/download/v0.26.1/bat-v0.26.1-aarch64-apple-darwin.tar.gz"
url_api = "https://api.github.com/repos/sharkdp/bat/releases/assets/323548442"

[[tools.bun]]
version = "1.4.0"
backend = "core:bun"

[tools.bun."platforms.linux-arm64"]
checksum = "sha256:4b1a332ee861983eb93bcfe6f770fff94e3e31b2c388bdaea3c8ed35e58eed0e"
url = "https://github.com/oven-sh/bun/releases/download/bun-v1.4.0/bun-linux-aarch64.zip"

[tools.bun."platforms.linux-arm64-musl"]
checksum = "sha256:576300ce33ff16ffcd455bf178c2f095f9df845c6cc3d0284ba1c96ca0e80473"
url = "https://github.com/oven-sh/bun/releases/download/bun-v1.4.0/bun-linux-aarch64-musl.zip"

[tools.bun."platforms.linux-x64"]
checksum = "sha256:2d03fb5fb83ac8b567aca0a281b2ce1a1a19d488f56c2968d88c3f25e92fe452"
url = "https://github.com/oven-sh/bun/releases/download/bun-v1.4.0/bun-linux-x64.zip"

[tools.bun."platforms.linux-x64-baseline"]
checksum = "sha256:184fb4595f0d401a217cf7c78c1bc430ba83314dab7a8b94805babbf7fa7097f"
url = "https://github.com/oven-sh/bun/releases/download/bun-v1.4.0/bun-linux-x64-baseline.zip"

[tools.bun."platforms.linux-x64-musl"]
checksum = "sha256:83b5f12fd258dd8d4fdcaea65ede954366aa717dab399e20093ecab280d54e7a"
url = "https://github.com/oven-sh/bun/releases/download/bun-v1.4.0/bun-linux-x64-musl.zip"

[tools.bun."platforms.linux-x64-musl-baseline"]
checksum = "sha256:618c4bc1f94b02337ee210003c0b7c066f11548a8cdc5109df10db043dc47ca2"
url = "https://github.com/oven-sh/bun/releases/download/bun-v1.4.0/bun-linux-x64-musl-baseline.zip"

[tools.bun."platforms.macos-arm64"]
checksum = "sha256:c669e97f6164e1c96e0701748db98dfa77492908cbd8394c7557134a735de381"
url = "https://github.com/oven-sh/bun/releases/download/bun-v1.4.0/bun-darwin-aarch64.zip"

[[tools.ccsession]]
version = "1.2.0"
backend = "github:sorafujitani/ccsession"

[tools.ccsession."platforms.linux-arm64"]
checksum = "sha256:d096b16c767bc0e32c73ea84ac046380dd1847152e37ff6b29b63e3f4207d247"
url = "https://github.com/sorafujitani/ccsession/releases/download/v1.2.0/ccsession_1.2.0_linux_arm64.tar.gz"
url_api = "https://api.github.com/repos/sorafujitani/ccsession/releases/assets/500992894"

[tools.ccsession."platforms.linux-x64"]
checksum = "sha256:75408a48d166bfa55de87468e9de448c11aaadd0076187ce53223bea38c34de6"
url = "https://github.com/sorafujitani/ccsession/releases/download/v1.2.0/ccsession_1.2.0_linux_amd64.tar.gz"
url_api = "https://api.github.com/repos/sorafujitani/ccsession/releases/assets/500992892"

[tools.ccsession."platforms.macos-arm64"]
checksum = "sha256:9e875381b34ee0849a8a4c1c3e5c38dcd4b82329eab0d9c643e7b0384ad85aa6"
url = "https://github.com/sorafujitani/ccsession/releases/download/v1.2.0/ccsession_1.2.0_darwin_arm64.tar.gz"
url_api = "https://api.github.com/repos/sorafujitani/ccsession/releases/assets/500992891"

[[tools.container]]
version = "1.3.0"
backend = "aqua:apple/container"

[tools.container."platforms.macos-arm64"]
checksum = "sha256:bd156250cb84061367ed4b0eeef52211b6a825c6e0728a9426e57602ddb089c1"
url = "https://github.com/apple/container/releases/download/1.3.0/container-1.3.0-installer-signed.pkg"
url_api = "https://api.github.com/repos/apple/container/releases/assets/528358110"

[[tools.copilot]]
version = "1.0.81"
backend = "aqua:github/copilot-cli"

[tools.copilot."platforms.linux-arm64"]
checksum = "sha256:f0e621e6793b14e04c0f651cd46d818a5bf0bf54d74c9566c9424744b41a279c"
url = "https://github.com/github/copilot-cli/releases/download/v1.0.81/copilot-linux-arm64.tar.gz"
url_api = "https://api.github.com/repos/github/copilot-cli/releases/assets/532619535"

[tools.copilot."platforms.linux-x64"]
checksum = "sha256:3082c4a27aa683def52e48397c02606dc7f8267dcef1c93949f3f58de4a5cde3"
url = "https://github.com/github/copilot-cli/releases/download/v1.0.81/copilot-linux-x64.tar.gz"
url_api = "https://api.github.com/repos/github/copilot-cli/releases/assets/532619693"

[tools.copilot."platforms.macos-arm64"]
checksum = "sha256:568b0d6fe88d573c171ab95887d33276802dda2c5ca3cee7d0fe438df2343be4"
url = "https://github.com/github/copilot-cli/releases/download/v1.0.81/copilot-darwin-arm64.tar.gz"
url_api = "https://api.github.com/repos/github/copilot-cli/releases/assets/532619533"

[[tools.delta]]
version = "0.19.2"
backend = "aqua:dandavison/delta"

[tools.delta."platforms.linux-arm64"]
checksum = "sha256:0bfce159a5cddd5feb3d6db4a616d883ff51253ce08ac7ec11cb1d208cfaab9e"
url = "https://github.com/dandavison/delta/releases/download/0.19.2/delta-0.19.2-aarch64-unknown-linux-gnu.tar.gz"
url_api = "https://api.github.com/repos/dandavison/delta/releases/assets/383662337"

[tools.delta."platforms.linux-x64"]
checksum = "sha256:f1ea01ca7728ce3462debc359f39dfc7cbbc1a63224b71fefabf92042864aa1b"
url = "https://github.com/dandavison/delta/releases/download/0.19.2/delta-0.19.2-x86_64-unknown-linux-musl.tar.gz"
url_api = "https://api.github.com/repos/dandavison/delta/releases/assets/383662298"

[tools.delta."platforms.macos-arm64"]
checksum = "sha256:9be36612a5a13e9e386dc498fb8e50dc87c72ee42b63db0ea05b32f99a72a69a"
url = "https://github.com/dandavison/delta/releases/download/0.19.2/delta-0.19.2-aarch64-apple-darwin.tar.gz"
url_api = "https://api.github.com/repos/dandavison/delta/releases/assets/383662310"

[[tools.deno]]
version = "2.9.6"
backend = "core:deno"

[tools.deno."platforms.linux-arm64"]
checksum = "sha256:9a46afc6c392c7cd2ff71a31558935545b46408d0e87f7a86908c712721c046e"
url = "https://dl.deno.land/release/v2.9.6/deno-aarch64-unknown-linux-gnu.zip"

[tools.deno."platforms.linux-x64"]
checksum = "sha256:394f07f4da2bebe6ce6f1e7ce0fa16429b29b08c35e3fac3fe25972676dff4b2"
url = "https://dl.deno.land/release/v2.9.6/deno-x86_64-unknown-linux-gnu.zip"

[tools.deno."platforms.macos-arm64"]
checksum = "sha256:213a2f304f04d3c9cb5220669afad138f60a5aab1fe80962abdeb8f35807a472"
url = "https://dl.deno.land/release/v2.9.6/deno-aarch64-apple-darwin.zip"

[[tools.eza]]
version = "0.23.4"
backend = "asdf:eza"

[[tools.fastfetch]]
version = "2.67.1"
backend = "aqua:fastfetch-cli/fastfetch"

[tools.fastfetch."platforms.linux-arm64"]
checksum = "sha256:b974b76e3d8df90311440a2250c83561aa0a863f129925285f2789d932b4cbaa"
url = "https://github.com/fastfetch-cli/fastfetch/releases/download/2.67.1/fastfetch-linux-aarch64.tar.gz"
url_api = "https://api.github.com/repos/fastfetch-cli/fastfetch/releases/assets/514064958"

[tools.fastfetch."platforms.linux-x64"]
checksum = "sha256:adc8a9eb64eccef267e50bb1e6f9a767bb608da5ee4a3b652ef36a10d9105d4d"
url = "https://github.com/fastfetch-cli/fastfetch/releases/download/2.67.1/fastfetch-linux-amd64.tar.gz"
url_api = "https://api.github.com/repos/fastfetch-cli/fastfetch/releases/assets/514064883"

[tools.fastfetch."platforms.macos-arm64"]
checksum = "sha256:4a9b6847ec600ee1adb222ec5e1df60bf0e43768f9a21fbf20b14eaef9fecb0b"
url = "https://github.com/fastfetch-cli/fastfetch/releases/download/2.67.1/fastfetch-macos-aarch64.tar.gz"
url_api = "https://api.github.com/repos/fastfetch-cli/fastfetch/releases/assets/514064584"

[[tools.fd]]
version = "10.5.0"
backend = "aqua:sharkdp/fd"

[tools.fd."platforms.linux-arm64"]
checksum = "sha256:c0ee43802e3313a317c5af2f4eabd6ba13eeedd595af9775f05e18a13ac4f52c"
url = "https://github.com/sharkdp/fd/releases/download/v10.5.0/fd-v10.5.0-aarch64-unknown-linux-gnu.tar.gz"
url_api = "https://api.github.com/repos/sharkdp/fd/releases/assets/530482307"

[tools.fd."platforms.linux-x64"]
checksum = "sha256:a1259cd129636efbc3fef123525c1b49e88fe5088c012630983c310e52fdfa95"
url = "https://github.com/sharkdp/fd/releases/download/v10.5.0/fd-v10.5.0-x86_64-unknown-linux-gnu.tar.gz"
url_api = "https://api.github.com/repos/sharkdp/fd/releases/assets/530481615"

[tools.fd."platforms.macos-arm64"]
checksum = "sha256:b67e1836c468e42e411984b56e52fa7abec08c2bd22c867398e7cc134aac5e12"
url = "https://github.com/sharkdp/fd/releases/download/v10.5.0/fd-v10.5.0-aarch64-apple-darwin.tar.gz"
url_api = "https://api.github.com/repos/sharkdp/fd/releases/assets/530481346"

[[tools.ffmpeg]]
version = "9.0.1"
backend = "asdf:ffmpeg"

[[tools.flutter]]
version = "3.41.9-stable"
backend = "asdf:flutter"

[[tools.fvm]]
version = "4.3.0"
backend = "aqua:leoafarias/fvm"

[tools.fvm."platforms.linux-arm64"]
checksum = "sha256:64050f133cf24fca467af1302d092a8d39429fd1c82261816f7406cf882782ec"
url = "https://github.com/leoafarias/fvm/releases/download/4.3.0/fvm-4.3.0-linux-arm64.tar.gz"
url_api = "https://api.github.com/repos/leoafarias/fvm/releases/assets/527840464"

[tools.fvm."platforms.linux-x64"]
checksum = "sha256:33a65e75845c51177f2783e3972edc07dccfa3a6dee0dfa68a518002dec67af3"
url = "https://github.com/leoafarias/fvm/releases/download/4.3.0/fvm-4.3.0-linux-x64.tar.gz"
url_api = "https://api.github.com/repos/leoafarias/fvm/releases/assets/527840897"

[tools.fvm."platforms.macos-arm64"]
checksum = "sha256:b06dcb414f10d1749dd5ab1a053c037825f52eca021029b31debd6cf6bae98ab"
url = "https://github.com/leoafarias/fvm/releases/download/4.3.0/fvm-4.3.0-macos-arm64.tar.gz"
url_api = "https://api.github.com/repos/leoafarias/fvm/releases/assets/527843809"

[[tools.fzf]]
version = "0.74.3"
backend = "aqua:junegunn/fzf"

[tools.fzf."platforms.linux-arm64"]
checksum = "sha256:4a17a17b46bd0c4873e995533de508995c11572c0be0664a5dbcf13f60463046"
url = "https://github.com/junegunn/fzf/releases/download/v0.74.3/fzf-0.74.3-linux_arm64.tar.gz"
url_api = "https://api.github.com/repos/junegunn/fzf/releases/assets/517537065"

[tools.fzf."platforms.linux-x64"]
checksum = "sha256:3501a595e4b5c40a6b047340a0e8f805c46fd4e61ef95ef8a136ba8c61cf6f22"
url = "https://github.com/junegunn/fzf/releases/download/v0.74.3/fzf-0.74.3-linux_amd64.tar.gz"
url_api = "https://api.github.com/repos/junegunn/fzf/releases/assets/517537066"

[tools.fzf."platforms.macos-arm64"]
checksum = "sha256:1f8501cea4f9c0c2d6110d0ff75d0ec9451cd9d7524d9a26244a154ea89f3bd5"
url = "https://github.com/junegunn/fzf/releases/download/v0.74.3/fzf-0.74.3-darwin_arm64.tar.gz"
url_api = "https://api.github.com/repos/junegunn/fzf/releases/assets/517537091"

[[tools.gat]]
version = "0.30.2"
backend = "github:koki-develop/gat"

[tools.gat."platforms.linux-arm64"]
checksum = "sha256:9df4443375436fcb2332f8a62ff2b850f727d81960a9e69378b763d4c36fc1d5"
url = "https://github.com/koki-develop/gat/releases/download/v0.30.2/gat_Linux_arm64.tar.gz"
url_api = "https://api.github.com/repos/koki-develop/gat/releases/assets/437258330"

[tools.gat."platforms.linux-x64"]
checksum = "sha256:e5dd55992f4431e57bdb6eb671f63b7b127696e270a66ad42ea9502459e96a3f"
url = "https://github.com/koki-develop/gat/releases/download/v0.30.2/gat_Linux_x86_64.tar.gz"
url_api = "https://api.github.com/repos/koki-develop/gat/releases/assets/437258317"

[tools.gat."platforms.macos-arm64"]
checksum = "sha256:5e95249b5b26410876f1ca8643b4e0a2e0ffb0d25fb68fcd4d3522a894eba842"
url = "https://github.com/koki-develop/gat/releases/download/v0.30.2/gat_Darwin_arm64.tar.gz"
url_api = "https://api.github.com/repos/koki-develop/gat/releases/assets/437258315"

[[tools.gh]]
version = "2.98.0"
backend = "aqua:cli/cli"

[tools.gh."platforms.linux-arm64"]
checksum = "sha256:cf689084f3a3618f7eae4a2420d335d74626d65f5e594b9828d125d69f800d86"
url = "https://github.com/cli/cli/releases/download/v2.98.0/gh_2.98.0_linux_arm64.tar.gz"
url_api = "https://api.github.com/repos/cli/cli/releases/assets/522857902"
provenance = "github-attestations"

[tools.gh."platforms.linux-x64"]
checksum = "sha256:3b8ac6b30336802fc1a858d7c084e11cdf24ac1a761ca90b68022d7d729208de"
url = "https://github.com/cli/cli/releases/download/v2.98.0/gh_2.98.0_linux_amd64.tar.gz"
url_api = "https://api.github.com/repos/cli/cli/releases/assets/522857901"
provenance = "github-attestations"

[tools.gh."platforms.macos-arm64"]
checksum = "sha256:8cfb027cc5310675f2b830eac8f9865c1155a45ffcf9757f699fdd5a22046ca4"
url = "https://github.com/cli/cli/releases/download/v2.98.0/gh_2.98.0_macOS_arm64.zip"
url_api = "https://api.github.com/repos/cli/cli/releases/assets/522857972"
provenance = "github-attestations"

[[tools.ghq]]
version = "1.10.1"
backend = "aqua:x-motemen/ghq"

[tools.ghq."platforms.linux-arm64"]
checksum = "sha256:7ed154f62751e91c8a2d415280caeeba3d114050d01e39f3d0f4aa1be15f3954"
url = "https://github.com/x-motemen/ghq/releases/download/v1.10.1/ghq_linux_arm64.zip"
url_api = "https://api.github.com/repos/x-motemen/ghq/releases/assets/394135805"

[tools.ghq."platforms.linux-x64"]
checksum = "sha256:32e380aa8ac76fdd58758cc06174d9ee5db7270bd0cbcc18138b5d36def91b6b"
url = "https://github.com/x-motemen/ghq/releases/download/v1.10.1/ghq_linux_amd64.zip"
url_api = "https://api.github.com/repos/x-motemen/ghq/releases/assets/394135802"

[tools.ghq."platforms.macos-arm64"]
checksum = "sha256:5e3100de0c5a248eebe6ab176ad94d6e12386af70a58c535368a4301861b1398"
url = "https://github.com/x-motemen/ghq/releases/download/v1.10.1/ghq_darwin_arm64.zip"
url_api = "https://api.github.com/repos/x-motemen/ghq/releases/assets/394135804"

[[tools.git-lfs]]
version = "3.8.0"
backend = "aqua:git-lfs/git-lfs"

[tools.git-lfs."platforms.linux-arm64"]
checksum = "sha256:ac9c8efac980bb0505ead384d087e2acb6486fd8498691a2165fa174ec6118c2"
url = "https://github.com/git-lfs/git-lfs/releases/download/v3.8.0/git-lfs-linux-arm64-v3.8.0.tar.gz"
url_api = "https://api.github.com/repos/git-lfs/git-lfs/releases/assets/532993825"

[tools.git-lfs."platforms.linux-x64"]
checksum = "sha256:e455e00f15d9b95661b8d53498ffb0c3367962cf1ec73c31ab7369516cd6ab8d"
url = "https://github.com/git-lfs/git-lfs/releases/download/v3.8.0/git-lfs-linux-amd64-v3.8.0.tar.gz"
url_api = "https://api.github.com/repos/git-lfs/git-lfs/releases/assets/532993734"

[tools.git-lfs."platforms.macos-arm64"]
checksum = "sha256:caff76a7d070d8160c89bc39b6e85d98f24135b6fed038a3b4de2590d25102d8"
url = "https://github.com/git-lfs/git-lfs/releases/download/v3.8.0/git-lfs-darwin-arm64-v3.8.0.zip"
url_api = "https://api.github.com/repos/git-lfs/git-lfs/releases/assets/532993595"

[[tools.gitleaks]]
version = "8.30.1"
backend = "aqua:gitleaks/gitleaks"

[tools.gitleaks."platforms.linux-arm64"]
checksum = "sha256:e4a487ee7ccd7d3a7f7ec08657610aa3606637dab924210b3aee62570fb4b080"
url = "https://github.com/gitleaks/gitleaks/releases/download/v8.30.1/gitleaks_8.30.1_linux_arm64.tar.gz"
url_api = "https://api.github.com/repos/gitleaks/gitleaks/releases/assets/378332057"

[tools.gitleaks."platforms.linux-x64"]
checksum = "sha256:551f6fc83ea457d62a0d98237cbad105af8d557003051f41f3e7ca7b3f2470eb"
url = "https://github.com/gitleaks/gitleaks/releases/download/v8.30.1/gitleaks_8.30.1_linux_x64.tar.gz"
url_api = "https://api.github.com/repos/gitleaks/gitleaks/releases/assets/378332058"

[tools.gitleaks."platforms.macos-arm64"]
checksum = "sha256:b40ab0ae55c505963e365f271a8d3846efbc170aa17f2607f13df610a9aeb6a5"
url = "https://github.com/gitleaks/gitleaks/releases/download/v8.30.1/gitleaks_8.30.1_darwin_arm64.tar.gz"
url_api = "https://api.github.com/repos/gitleaks/gitleaks/releases/assets/378332059"

[[tools.go]]
version = "1.27.0"
backend = "core:go"

[tools.go."platforms.linux-arm64"]
checksum = "sha256:51798d2c42d0e1c6ed7fd9f48728b4193abac9e8aad6dbac2fe96a81f5909bda"
url = "https://dl.google.com/go/go1.27.0.linux-arm64.tar.gz"

[tools.go."platforms.linux-x64"]
checksum = "sha256:675c26c449cbb18fc24b74650de1eabbae6e16f64326fd85a283fb3b58280685"
url = "https://dl.google.com/go/go1.27.0.linux-amd64.tar.gz"

[tools.go."platforms.macos-arm64"]
checksum = "sha256:90493b3bbd5e10f91d12153198bf1994fd756399b4fec93b49b0c6e2acdeeb3e"
url = "https://dl.google.com/go/go1.27.0.darwin-arm64.tar.gz"

[[tools.gping]]
version = "1.20.4"
backend = "aqua:orf/gping"

[tools.gping."platforms.linux-arm64"]
checksum = "sha256:a912b76238bf73d4ae6a4a2ada7f6dd42c25da37e8f0044f72543323656f7631"
url = "https://github.com/orf/gping/releases/download/gping-v1.20.4/gping-Linux-gnu-arm64.tar.gz"
url_api = "https://api.github.com/repos/orf/gping/releases/assets/456988042"

[tools.gping."platforms.linux-x64"]
checksum = "sha256:91dbcc0a2e279f7c91d9155f846fa5ad2626406f3306138ed2495744aaa9bc84"
url = "https://github.com/orf/gping/releases/download/gping-v1.20.4/gping-Linux-gnu-x86_64.tar.gz"
url_api = "https://api.github.com/repos/orf/gping/releases/assets/456988045"

[tools.gping."platforms.macos-arm64"]
checksum = "sha256:124e5c44dd05abd8f2019bb23e31cc32d700e7f2f15f74692afde53b8c30a24f"
url = "https://github.com/orf/gping/releases/download/gping-v1.20.4/gping-macOS-arm64.tar.gz"
url_api = "https://api.github.com/repos/orf/gping/releases/assets/456988041"

[[tools.gws]]
version = "0.22.5"
backend = "github:googleworkspace/cli"

[tools.gws."platforms.linux-arm64"]
checksum = "sha256:94490295d9580e1e88574e715a0a162991747d12d62f8c7b8dcc8268b6c1cea0"
url = "https://github.com/googleworkspace/cli/releases/download/v0.22.5/google-workspace-cli-aarch64-unknown-linux-gnu.tar.gz"
url_api = "https://api.github.com/repos/googleworkspace/cli/releases/assets/385726970"
provenance = "github-attestations"

[tools.gws."platforms.linux-x64"]
checksum = "sha256:de78ecdbd2f1a84cca0063a7ecbc440240fc14b6ebccbb17f4646b792a8c5c1f"
url = "https://github.com/googleworkspace/cli/releases/download/v0.22.5/google-workspace-cli-x86_64-unknown-linux-gnu.tar.gz"
url_api = "https://api.github.com/repos/googleworkspace/cli/releases/assets/385726985"
provenance = "github-attestations"

[tools.gws."platforms.macos-arm64"]
checksum = "sha256:1d2a9ffd5bc9b2c2c4b48630daf082fad13d9e57d741988a2c248eed562f7dac"
url = "https://github.com/googleworkspace/cli/releases/download/v0.22.5/google-workspace-cli-aarch64-apple-darwin.tar.gz"
url_api = "https://api.github.com/repos/googleworkspace/cli/releases/assets/385726972"
provenance = "github-attestations"
provenance_verified = true

[[tools.java]]
version = "26.0.2.1"
backend = "core:java"

[tools.java.options]
shorthand_vendor = "openjdk"

[tools.java."platforms.linux-arm64"]
checksum = "sha256:b96b265a4a1a36c02454148891aa58ca63303cbc2d1b7979c33b4fe99e09117b"
url = "https://download.java.net/java/GA/jdk26.0.2.1/3b8e6c7ec6274148a7aa15e7e7dfb53c/1/GPL/openjdk-26.0.2.1_linux-aarch64_bin.tar.gz"

[tools.java."platforms.linux-x64"]
checksum = "sha256:a1489256029b389ce6ee52da0de1d01496c5df1776d6870241fe4823b998ea61"
url = "https://download.java.net/java/GA/jdk26.0.2.1/3b8e6c7ec6274148a7aa15e7e7dfb53c/1/GPL/openjdk-26.0.2.1_linux-x64_bin.tar.gz"

[tools.java."platforms.macos-arm64"]
checksum = "sha256:3a61f9bbfbf2e09308aa4b1a5c044fcbc82f6ba49e074be49a7b7911e1f00efd"
url = "https://download.java.net/java/GA/jdk26.0.2.1/3b8e6c7ec6274148a7aa15e7e7dfb53c/1/GPL/openjdk-26.0.2.1_macos-aarch64_bin.tar.gz"

[[tools.jq]]
version = "1.8.2"
backend = "aqua:jqlang/jq"

[tools.jq."platforms.linux-arm64"]
checksum = "sha256:8b85c817833814ddca00a144c33705546355afccf0cf39b188f3cdb48b852309"
url = "https://github.com/jqlang/jq/releases/download/jq-1.8.2/jq-linux-arm64"
url_api = "https://api.github.com/repos/jqlang/jq/releases/assets/453012756"
provenance = "github-attestations"

[tools.jq."platforms.linux-x64"]
checksum = "sha256:b1c22172dd303f3be49e935aa56aa48a8b7a46e0bc838b4997d3bb451495870f"
url = "https://github.com/jqlang/jq/releases/download/jq-1.8.2/jq-linux-amd64"
url_api = "https://api.github.com/repos/jqlang/jq/releases/assets/453012752"
provenance = "github-attestations"

[tools.jq."platforms.macos-arm64"]
checksum = "sha256:2d75340ba57a4b4b4c8708a21c2dc8e958a48aaa8bba13b27f77f6e4c0eca07e"
url = "https://github.com/jqlang/jq/releases/download/jq-1.8.2/jq-macos-arm64"
url_api = "https://api.github.com/repos/jqlang/jq/releases/assets/453012783"
provenance = "github-attestations"

[[tools.lazygit]]
version = "0.64.1"
backend = "aqua:jesseduffield/lazygit"

[tools.lazygit."platforms.linux-arm64"]
checksum = "sha256:8b7ca3b344e60340ad1f89f29b9868ee39bcaba5bb92ee818bbe65476bb8b6e7"
url = "https://github.com/jesseduffield/lazygit/releases/download/v0.64.1/lazygit_0.64.1_linux_arm64.tar.gz"
url_api = "https://api.github.com/repos/jesseduffield/lazygit/releases/assets/511894160"

[tools.lazygit."platforms.linux-x64"]
checksum = "sha256:f8ea237c41f194cd799b48505518bfdaae4edf5a2ad6bd3d898e939785ee4532"
url = "https://github.com/jesseduffield/lazygit/releases/download/v0.64.1/lazygit_0.64.1_linux_x86_64.tar.gz"
url_api = "https://api.github.com/repos/jesseduffield/lazygit/releases/assets/511894209"

[tools.lazygit."platforms.macos-arm64"]
checksum = "sha256:a106b4c1bf8ab7539c4afb40a01cbde263a96513cdcb8bf7630278f07e88cd99"
url = "https://github.com/jesseduffield/lazygit/releases/download/v0.64.1/lazygit_0.64.1_darwin_arm64.tar.gz"
url_api = "https://api.github.com/repos/jesseduffield/lazygit/releases/assets/511894212"

[[tools.lua]]
version = "5.5.1"
backend = "vfox:mise-plugins/vfox-lua"

[tools.lua."platforms.linux-arm64"]
url = "https://www.lua.org/ftp/lua-5.5.1.tar.gz"

[tools.lua."platforms.linux-x64"]
url = "https://www.lua.org/ftp/lua-5.5.1.tar.gz"

[tools.lua."platforms.macos-arm64"]
url = "https://www.lua.org/ftp/lua-5.5.1.tar.gz"

[[tools.maestro]]
version = "cli-2.9.0"
backend = "github:mobile-dev-inc/maestro"

[tools.maestro."platforms.linux-arm64"]
checksum = "sha256:855bb2ce1399d82f4f4a73d84a4d945f70b0d43eb86127e027af82809f63f0bd"
url = "https://github.com/mobile-dev-inc/Maestro/releases/download/cli-2.9.0/maestro.zip"
url_api = "https://api.github.com/repos/mobile-dev-inc/Maestro/releases/assets/530882316"

[tools.maestro."platforms.linux-x64"]
checksum = "sha256:855bb2ce1399d82f4f4a73d84a4d945f70b0d43eb86127e027af82809f63f0bd"
url = "https://github.com/mobile-dev-inc/Maestro/releases/download/cli-2.9.0/maestro.zip"
url_api = "https://api.github.com/repos/mobile-dev-inc/Maestro/releases/assets/530882316"

[tools.maestro."platforms.macos-arm64"]
checksum = "sha256:855bb2ce1399d82f4f4a73d84a4d945f70b0d43eb86127e027af82809f63f0bd"
url = "https://github.com/mobile-dev-inc/Maestro/releases/download/cli-2.9.0/maestro.zip"
url_api = "https://api.github.com/repos/mobile-dev-inc/Maestro/releases/assets/530882316"

[[tools.neovim]]
version = "0.12.5"
backend = "vfox:mise-plugins/vfox-neovim"

[tools.neovim."platforms.linux-arm64"]
url = "https://github.com/neovim/neovim/releases/download/v0.12.5/nvim-linux-arm64.tar.gz"

[tools.neovim."platforms.linux-x64"]
url = "https://github.com/neovim/neovim/releases/download/v0.12.5/nvim-linux-x86_64.tar.gz"

[tools.neovim."platforms.macos-arm64"]
url = "https://github.com/neovim/neovim/releases/download/v0.12.5/nvim-macos-arm64.tar.gz"

[[tools.node]]
version = "24.20.0"
backend = "core:node"

[tools.node."platforms.linux-arm64"]
checksum = "sha256:3515603e2487879a39bc75716f1a2affd027500c64ba50e845cf72cb33219013"
url = "https://nodejs.org/dist/v24.20.0/node-v24.20.0-linux-arm64.tar.gz"

[tools.node."platforms.linux-x64"]
checksum = "sha256:855d581f8a4eb1a8117e3426de25fe02770592febcfb31369aee1ffbfee9e8ec"
url = "https://nodejs.org/dist/v24.20.0/node-v24.20.0-linux-x64.tar.gz"

[tools.node."platforms.macos-arm64"]
checksum = "sha256:40e5607e5ecb3db9192723776da2d75d966260fc74a7a9e731c1bd67dda96bc8"
url = "https://nodejs.org/dist/v24.20.0/node-v24.20.0-darwin-arm64.tar.gz"

[[tools.pouch]]
version = "0.4.2"
backend = "github:zawa-kyo/pouch"

[tools.pouch."platforms.linux-arm64"]
checksum = "sha256:ca410c170f68d5b39b11b61aca115a10305cc761925a4cda8fc7a53d481a7121"
url = "https://github.com/zawa-kyo/pouch/releases/download/v0.4.2/pouch_linux_arm64.tar.gz"
url_api = "https://api.github.com/repos/zawa-kyo/pouch/releases/assets/466778983"

[tools.pouch."platforms.linux-x64"]
checksum = "sha256:14bb600d01d220317a6131dce4a991939b360d19be8bcb29082930cf091a05db"
url = "https://github.com/zawa-kyo/pouch/releases/download/v0.4.2/pouch_linux_amd64.tar.gz"
url_api = "https://api.github.com/repos/zawa-kyo/pouch/releases/assets/466778947"

[tools.pouch."platforms.macos-arm64"]
checksum = "sha256:5491f97c80d0a173cd55d57f2fd8b94f3a81a2c62d91780cd23881ba741979ef"
url = "https://github.com/zawa-kyo/pouch/releases/download/v0.4.2/pouch_darwin_arm64.tar.gz"
url_api = "https://api.github.com/repos/zawa-kyo/pouch/releases/assets/466778978"

[[tools.procs]]
version = "0.14.12"
backend = "aqua:dalance/procs"

[tools.procs."platforms.linux-x64"]
checksum = "sha256:81964faf9d5cd0e9f399d5d0954fb6fe4d4d9f7d3cbec4507633df5a45b11713"
url = "https://github.com/dalance/procs/releases/download/v0.14.12/procs-v0.14.12-x86_64-linux.zip"
url_api = "https://api.github.com/repos/dalance/procs/releases/assets/457525859"

[tools.procs."platforms.macos-arm64"]
checksum = "sha256:2c276f40c99051984942a5b135b74ce4bc9184984a1543dddfcf275bde71d8d4"
url = "https://github.com/dalance/procs/releases/download/v0.14.12/procs-v0.14.12-x86_64-mac.zip"
url_api = "https://api.github.com/repos/dalance/procs/releases/assets/457525354"

[[tools.python]]
version = "3.14.7"
backend = "core:python"

[tools.python."platforms.linux-arm64"]
checksum = "sha256:86dfb106b303fa6a1991f7da42ced3e11576f777be299b3162e06617b6d22542"
url = "https://github.com/astral-sh/python-build-standalone/releases/download/20260814/cpython-3.14.7+20260814-aarch64-unknown-linux-gnu-install_only_stripped.tar.gz"
provenance = "github-attestations"

[tools.python."platforms.linux-x64"]
checksum = "sha256:cefba034445d2875408d1fd4d5700ae6731563aeb54dcb39fd8164ab5c457533"
url = "https://github.com/astral-sh/python-build-standalone/releases/download/20260814/cpython-3.14.7+20260814-x86_64-unknown-linux-gnu-install_only_stripped.tar.gz"
provenance = "github-attestations"

[tools.python."platforms.macos-arm64"]
checksum = "sha256:423717c485b9ee7822590b9d973c1b5fb2cda0fe43448ab82a3d44f823bd329c"
url = "https://github.com/astral-sh/python-build-standalone/releases/download/20260814/cpython-3.14.7+20260814-aarch64-apple-darwin-install_only_stripped.tar.gz"
provenance = "github-attestations"

[[tools.ripgrep]]
version = "15.2.0"
backend = "aqua:BurntSushi/ripgrep"

[tools.ripgrep."platforms.linux-arm64"]
checksum = "sha256:a740b91c82eaf9914cfedd353572f2791cbe0162c84101ee0951058f4dcbc90d"
url = "https://github.com/BurntSushi/ripgrep/releases/download/15.2.0/ripgrep-15.2.0-aarch64-unknown-linux-gnu.tar.gz"
url_api = "https://api.github.com/repos/BurntSushi/ripgrep/releases/assets/478119579"

[tools.ripgrep."platforms.linux-x64"]
checksum = "sha256:33e15bcf1624b25cdd2a55813a47a2f95dbe126268203e76aa6a585d1e7b149c"
url = "https://github.com/BurntSushi/ripgrep/releases/download/15.2.0/ripgrep-15.2.0-x86_64-unknown-linux-musl.tar.gz"
url_api = "https://api.github.com/repos/BurntSushi/ripgrep/releases/assets/478120097"

[tools.ripgrep."platforms.macos-arm64"]
checksum = "sha256:3750b2e93f37e0c692657da574d7019a101c0084da05a790c83fd335bad973e4"
url = "https://github.com/BurntSushi/ripgrep/releases/download/15.2.0/ripgrep-15.2.0-aarch64-apple-darwin.tar.gz"
url_api = "https://api.github.com/repos/BurntSushi/ripgrep/releases/assets/478118851"

[[tools.ruby]]
version = "3.4.10"
backend = "core:ruby"

[tools.ruby.options]
compile = "false"
precompiled_url = "jdx/ruby"
ruby_build_repo = "https://github.com/rbenv/ruby-build.git"
ruby_install = "false"

[tools.ruby."platforms.linux-arm64"]
checksum = "sha256:c0a3e9f1d7847e66b044aeeab394ba5d41f63c3da7ad99017c4b2578e31b205a"
url = "https://github.com/jdx/ruby/releases/download/3.4.10-2/ruby-3.4.10.arm64_linux.tar.gz"
provenance = "github-attestations"

[tools.ruby."platforms.linux-x64"]
checksum = "sha256:81ce58b056ee2765e46785b4c6befb9852d9c3e50ff9385e7eb1cf3e0314d0bd"
url = "https://github.com/jdx/ruby/releases/download/3.4.10-2/ruby-3.4.10.x86_64_linux.tar.gz"
provenance = "github-attestations"

[tools.ruby."platforms.macos-arm64"]
checksum = "sha256:5aac8b6e16b0938a14f6d23346b5487020d1fea6b5856a33392e5eb37fa1ef62"
url = "https://github.com/jdx/ruby/releases/download/3.4.10-2/ruby-3.4.10.macos.tar.gz"
provenance = "github-attestations"

[[tools.rust]]
version = "1.98.1"
backend = "asdf:rust"

[[tools.sheldon]]
version = "0.8.5"
backend = "aqua:rossmacarthur/sheldon"

[tools.sheldon."platforms.linux-arm64"]
checksum = "sha256:1f6b792e49e259f7c313e9921c8d4ad638d827abc2c023efe0588a55678f9a3e"
url = "https://github.com/rossmacarthur/sheldon/releases/download/0.8.5/sheldon-0.8.5-aarch64-unknown-linux-musl.tar.gz"
url_api = "https://api.github.com/repos/rossmacarthur/sheldon/releases/assets/275183538"

[tools.sheldon."platforms.linux-x64"]
checksum = "sha256:80aa0be617072c278d67fd6c5fbce4903d3801d78b6abf8f058f0648d2242c78"
url = "https://github.com/rossmacarthur/sheldon/releases/download/0.8.5/sheldon-0.8.5-x86_64-unknown-linux-musl.tar.gz"
url_api = "https://api.github.com/repos/rossmacarthur/sheldon/releases/assets/275183514"

[tools.sheldon."platforms.macos-arm64"]
checksum = "sha256:6e47f10a25f165b095eb2bde1ab617d4d34ad6f3ff2ca984167ca94fadd52730"
url = "https://github.com/rossmacarthur/sheldon/releases/download/0.8.5/sheldon-0.8.5-aarch64-apple-darwin.tar.gz"
url_api = "https://api.github.com/repos/rossmacarthur/sheldon/releases/assets/275183435"

[[tools.shellcheck]]
version = "0.11.0"
backend = "aqua:koalaman/shellcheck"

[tools.shellcheck."platforms.linux-arm64"]
checksum = "sha256:12b331c1d2db6b9eb13cfca64306b1b157a86eb69db83023e261eaa7e7c14588"
url = "https://github.com/koalaman/shellcheck/releases/download/v0.11.0/shellcheck-v0.11.0.linux.aarch64.tar.xz"
url_api = "https://api.github.com/repos/koalaman/shellcheck/releases/assets/279056934"

[tools.shellcheck."platforms.linux-x64"]
checksum = "sha256:8c3be12b05d5c177a04c29e3c78ce89ac86f1595681cab149b65b97c4e227198"
url = "https://github.com/koalaman/shellcheck/releases/download/v0.11.0/shellcheck-v0.11.0.linux.x86_64.tar.xz"
url_api = "https://api.github.com/repos/koalaman/shellcheck/releases/assets/279056942"

[tools.shellcheck."platforms.macos-arm64"]
checksum = "sha256:56affdd8de5527894dca6dc3d7e0a99a873b0f004d7aabc30ae407d3f48b0a79"
url = "https://github.com/koalaman/shellcheck/releases/download/v0.11.0/shellcheck-v0.11.0.darwin.aarch64.tar.xz"
url_api = "https://api.github.com/repos/koalaman/shellcheck/releases/assets/279056932"

[[tools.starship]]
version = "1.26.0"
backend = "aqua:starship/starship"

[tools.starship."platforms.linux-arm64"]
checksum = "sha256:dc30189378d2f2e287384e8a692d3f95ad1df64cf0e8c36aa9201516028aed6b"
url = "https://github.com/starship/starship/releases/download/v1.26.0/starship-aarch64-unknown-linux-musl.tar.gz"
url_api = "https://api.github.com/repos/starship/starship/releases/assets/460374586"

[tools.starship."platforms.linux-x64"]
checksum = "sha256:b7c232b0e8249d8e55a40beb79c5c43a7d370f3f9408bd215deb0170daeaadf3"
url = "https://github.com/starship/starship/releases/download/v1.26.0/starship-x86_64-unknown-linux-musl.tar.gz"
url_api = "https://api.github.com/repos/starship/starship/releases/assets/460374630"

[tools.starship."platforms.macos-arm64"]
checksum = "sha256:c40b27b11f580411e068f2fa6c1be7830a387c0bc47a94d1d37f32b054c5361d"
url = "https://github.com/starship/starship/releases/download/v1.26.0/starship-aarch64-apple-darwin.tar.gz"
url_api = "https://api.github.com/repos/starship/starship/releases/assets/460374577"

[[tools.tmux]]
version = "3.7b"
backend = "aqua:tmux/tmux-builds"

[tools.tmux."platforms.linux-arm64"]
checksum = "sha256:b2955782695283fbc3682a2f77d65616f53b986ee3cf3d80618d3b1cb95b91a6"
url = "https://github.com/tmux/tmux-builds/releases/download/v3.7b/tmux-3.7b-linux-arm64.tar.gz"
url_api = "https://api.github.com/repos/tmux/tmux-builds/releases/assets/465072868"

[tools.tmux."platforms.linux-x64"]
checksum = "sha256:f85e6c1c412750a774eb3f370f33bad05fc726fb8b6a0b174ad6f0b6d954df58"
url = "https://github.com/tmux/tmux-builds/releases/download/v3.7b/tmux-3.7b-linux-x86_64.tar.gz"
url_api = "https://api.github.com/repos/tmux/tmux-builds/releases/assets/465072866"

[tools.tmux."platforms.macos-arm64"]
checksum = "sha256:ee66dbcd49613eb41dc6b2f3abc5cd39d9135d67b7dfef1fdb180a3dbdc01f1e"
url = "https://github.com/tmux/tmux-builds/releases/download/v3.7b/tmux-3.7b-macos-arm64.tar.gz"
url_api = "https://api.github.com/repos/tmux/tmux-builds/releases/assets/465072864"

[[tools.tree-sitter]]
version = "0.26.13"
backend = "aqua:tree-sitter/tree-sitter"

[tools.tree-sitter."platforms.linux-arm64"]
checksum = "sha256:088c5ebf4b4b558c8abfd167c9c4f9669c2f9070da3edd9c0157dc051d77ac5d"
url = "https://github.com/tree-sitter/tree-sitter/releases/download/v0.26.13/tree-sitter-linux-arm64.gz"
url_api = "https://api.github.com/repos/tree-sitter/tree-sitter/releases/assets/526034724"
provenance = "github-attestations"

[tools.tree-sitter."platforms.linux-x64"]
checksum = "sha256:c9c8bef027658d60249ca4fc0663578ceb2e2029346bb8702e091e20d7716475"
url = "https://github.com/tree-sitter/tree-sitter/releases/download/v0.26.13/tree-sitter-linux-x64.gz"
url_api = "https://api.github.com/repos/tree-sitter/tree-sitter/releases/assets/526034722"
provenance = "github-attestations"

[tools.tree-sitter."platforms.macos-arm64"]
checksum = "sha256:0a13c53d178d4cca22d2da220d5841c76cba0c39c220b789b64d752ae5d31864"
url = "https://github.com/tree-sitter/tree-sitter/releases/download/v0.26.13/tree-sitter-macos-arm64.gz"
url_api = "https://api.github.com/repos/tree-sitter/tree-sitter/releases/assets/526034751"
provenance = "github-attestations"

[[tools.uv]]
version = "0.12.9"
backend = "asdf:uv"

[[tools.vhs]]
version = "0.11.0"
backend = "github:charmbracelet/vhs"

[tools.vhs."platforms.linux-arm64"]
checksum = "sha256:af782cddbf844a377df6ea41c0e72339393fa021be3f6cb70a2f47d48675d92b"
url = "https://github.com/charmbracelet/vhs/releases/download/v0.11.0/vhs_0.11.0_Linux_arm64.tar.gz"
url_api = "https://api.github.com/repos/charmbracelet/vhs/releases/assets/370996180"

[tools.vhs."platforms.linux-x64"]
checksum = "sha256:99cb634587eaae0473c1ea377db80c3a048c27f99fe0a7febb1a1e8cb7ee5009"
url = "https://github.com/charmbracelet/vhs/releases/download/v0.11.0/vhs_0.11.0_Linux_x86_64.tar.gz"
url_api = "https://api.github.com/repos/charmbracelet/vhs/releases/assets/370996187"

[tools.vhs."platforms.macos-arm64"]
checksum = "sha256:eec91ee450ba50b6d4fce2800593b2ac5fdd88a73056367d2c3b870ee44de3f7"
url = "https://github.com/charmbracelet/vhs/releases/download/v0.11.0/vhs_0.11.0_Darwin_arm64.tar.gz"
url_api = "https://api.github.com/repos/charmbracelet/vhs/releases/assets/370996182"

[[tools.worktrunk]]
version = "0.75.0"
backend = "aqua:max-sixty/worktrunk"

[tools.worktrunk."platforms.linux-arm64"]
checksum = "sha256:2504fdc07152fadd2c53c6d71268c6684aa08fb9f5a3ea4ec740c8747d3dde88"
url = "https://github.com/max-sixty/worktrunk/releases/download/v0.75.0/worktrunk-aarch64-unknown-linux-musl.tar.xz"
url_api = "https://api.github.com/repos/max-sixty/worktrunk/releases/assets/531753169"

[tools.worktrunk."platforms.linux-x64"]
checksum = "sha256:9ca16c77245c01edb079620a4375a8a49046fded4d4e571dd21930fd0235eca3"
url = "https://github.com/max-sixty/worktrunk/releases/download/v0.75.0/worktrunk-x86_64-unknown-linux-musl.tar.xz"
url_api = "https://api.github.com/repos/max-sixty/worktrunk/releases/assets/531753183"

[tools.worktrunk."platforms.macos-arm64"]
checksum = "sha256:c5868d06bddd28b8e49d7b0c42c06e5825ec27e930ce7f3d254a8d8f6511c3b9"
url = "https://github.com/max-sixty/worktrunk/releases/download/v0.75.0/worktrunk-aarch64-apple-darwin.tar.xz"
url_api = "https://api.github.com/repos/max-sixty/worktrunk/releases/assets/531753160"

[[tools.yazi]]
version = "26.8.15"
backend = "aqua:sxyazi/yazi"

[tools.yazi."platforms.linux-arm64"]
checksum = "sha256:f5a85771f06bb0e8c488136ae0aedaec8d341a7cee995549df391d7d852fe8d1"
url = "https://github.com/sxyazi/yazi/releases/download/v26.8.15/yazi-aarch64-unknown-linux-gnu.zip"
url_api = "https://api.github.com/repos/sxyazi/yazi/releases/assets/515472941"

[tools.yazi."platforms.linux-x64"]
checksum = "sha256:cc67eb7991550c2f9407cda52d3f5af0937627aa6884e7de99a04fcf059807e0"
url = "https://github.com/sxyazi/yazi/releases/download/v26.8.15/yazi-x86_64-unknown-linux-gnu.zip"
url_api = "https://api.github.com/repos/sxyazi/yazi/releases/assets/515472936"

[tools.yazi."platforms.macos-arm64"]
checksum = "sha256:3f54907ea08abe96506f4b22239340ed8923a6aeaeae78f33d59bce57daca4cd"
url = "https://github.com/sxyazi/yazi/releases/download/v26.8.15/yazi-aarch64-apple-darwin.zip"
url_api = "https://api.github.com/repos/sxyazi/yazi/releases/assets/515472942"

[[tools.zellij]]
version = "0.45.1"
backend = "aqua:zellij-org/zellij"

[tools.zellij."platforms.linux-arm64"]
checksum = "sha256:05f0802afadd53f8db9514e7cae53c9ae8432fed1b35b8294aa816ee3044a16b"
url = "https://github.com/zellij-org/zellij/releases/download/v0.45.1/zellij-aarch64-unknown-linux-musl.tar.gz"
url_api = "https://api.github.com/repos/zellij-org/zellij/releases/assets/533540067"

[tools.zellij."platforms.linux-x64"]
checksum = "sha256:40bcc2e03f5d5ae8e054e39f676081fe12ab70871506996ba595834c3718eefc"
url = "https://github.com/zellij-org/zellij/releases/download/v0.45.1/zellij-x86_64-unknown-linux-musl.tar.gz"
url_api = "https://api.github.com/repos/zellij-org/zellij/releases/assets/533538763"

[tools.zellij."platforms.macos-arm64"]
checksum = "sha256:c029ba4fe1927b79ad9f0cdd59155c4dff80777863c85857d4d09b88b56f9891"
url = "https://github.com/zellij-org/zellij/releases/download/v0.45.1/zellij-aarch64-apple-darwin.tar.gz"
url_api = "https://api.github.com/repos/zellij-org/zellij/releases/assets/533540212"

[[tools.zoxide]]
version = "0.10.0"
backend = "aqua:ajeetdsouza/zoxide"

[tools.zoxide."platforms.linux-arm64"]
checksum = "sha256:f1f16c5d6298d63dee467eedea1cdcd8490e43e493bea43acd416dc9033ef641"
url = "https://github.com/ajeetdsouza/zoxide/releases/download/v0.10.0/zoxide-0.10.0-aarch64-unknown-linux-musl.tar.gz"
url_api = "https://api.github.com/repos/ajeetdsouza/zoxide/releases/assets/466316402"

[tools.zoxide."platforms.linux-x64"]
checksum = "sha256:2d93385b99f3e82cf2701609a1bffcad863fbeb75aa3fe7eb6be4d29be68b1ae"
url = "https://github.com/ajeetdsouza/zoxide/releases/download/v0.10.0/zoxide-0.10.0-x86_64-unknown-linux-musl.tar.gz"
url_api = "https://api.github.com/repos/ajeetdsouza/zoxide/releases/assets/466316293"

[tools.zoxide."platforms.macos-arm64"]
checksum = "sha256:b55ae6f2f5f23d0a6ccb3bd4eeb2af9c7e0a6556e5255c82100e40305129bbb0"
url = "https://github.com/ajeetdsouza/zoxide/releases/download/v0.10.0/zoxide-0.10.0-aarch64-apple-darwin.tar.gz"
url_api = "https://api.github.com/repos/ajeetdsouza/zoxide/releases/assets/466316174"
